// !$*UTF8*$!
{
	archiveVersion = 1;
	classes = {
	};
	objectVersion = 46;
	objects = {

/* Begin PBXBuildFile section */
		4C13AE4714F067A200275ECB /* GameUILayer.cpp in Sources */ = {isa = PBXBuildFile; fileRef = 4C13AE4514F067A200275ECB /* GameUILayer.cpp */; };
		4C13AE4A14F114DF00275ECB /* FPSLabel.cpp in Sources */ = {isa = PBXBuildFile; fileRef = 4C13AE4814F114DE00275ECB /* FPSLabel.cpp */; };
		4C13AE4E14F11C1D00275ECB /* ShadowMap.cpp in Sources */ = {isa = PBXBuildFile; fileRef = 4C13AE4C14F11C1C00275ECB /* ShadowMap.cpp */; };
		4C35C45814E81DFF0006A274 /* MouseLayer.cpp in Sources */ = {isa = PBXBuildFile; fileRef = 4C35C45614E81DFF0006A274 /* MouseLayer.cpp */; };
		4C35C45C14E82D670006A274 /* MouseClickDispatcher.cpp in Sources */ = {isa = PBXBuildFile; fileRef = 4C35C45A14E82D670006A274 /* MouseClickDispatcher.cpp */; };
		4C35C46114E830B60006A274 /* Vector2.cpp in Sources */ = {isa = PBXBuildFile; fileRef = 4C35C45F14E830B60006A274 /* Vector2.cpp */; };
		4C35C46414E831DB0006A274 /* Rectangle.cpp in Sources */ = {isa = PBXBuildFile; fileRef = 4C35C46214E831DB0006A274 /* Rectangle.cpp */; };
		4C35C46D14E83CCD0006A274 /* Layer3d.cpp in Sources */ = {isa = PBXBuildFile; fileRef = 4C35C46B14E83CCC0006A274 /* Layer3d.cpp */; };
		4C35C47014E83D720006A274 /* GameWorldLayer.cpp in Sources */ = {isa = PBXBuildFile; fileRef = 4C35C46E14E83D720006A274 /* GameWorldLayer.cpp */; };
		4C372F7514E43A9E00FBAF6B /* Box.cpp in Sources */ = {isa = PBXBuildFile; fileRef = 4C372F7314E43A9D00FBAF6B /* Box.cpp */; };
		4C372F7914E43E1200FBAF6B /* ShaderCache.cpp in Sources */ = {isa = PBXBuildFile; fileRef = 4C372F7714E43E1200FBAF6B /* ShaderCache.cpp */; };
		4C372F7C14E4476A00FBAF6B /* Scheduler.cpp in Sources */ = {isa = PBXBuildFile; fileRef = 4C372F7A14E4476A00FBAF6B /* Scheduler.cpp */; };
		4C372FE814E47D8900FBAF6B /* libz.dylib in Frameworks */ = {isa = PBXBuildFile; fileRef = 4C372FE714E47D8800FBAF6B /* libz.dylib */; };
		4C372FEC14E47EFB00FBAF6B /* libassimp.dylib in Frameworks */ = {isa = PBXBuildFile; fileRef = 4C372FEB14E47EFB00FBAF6B /* libassimp.dylib */; };
		4C3E1C5414E7C7E3009E35E0 /* TitleScene.cpp in Sources */ = {isa = PBXBuildFile; fileRef = 4C3E1C5214E7C7E3009E35E0 /* TitleScene.cpp */; };
		4C3E1C5714E7C965009E35E0 /* TitleSpriteButton.cpp in Sources */ = {isa = PBXBuildFile; fileRef = 4C3E1C5514E7C965009E35E0 /* TitleSpriteButton.cpp */; };
		4C3E1C5A14E7D136009E35E0 /* FontCharacter.cpp in Sources */ = {isa = PBXBuildFile; fileRef = 4C3E1C5814E7D136009E35E0 /* FontCharacter.cpp */; };
		4C3E1C5D14E7D3A1009E35E0 /* Layer2d.cpp in Sources */ = {isa = PBXBuildFile; fileRef = 4C3E1C5B14E7D3A1009E35E0 /* Layer2d.cpp */; };
		4C3E1C6014E7D40E009E35E0 /* TitleSceneUI.cpp in Sources */ = {isa = PBXBuildFile; fileRef = 4C3E1C5E14E7D40E009E35E0 /* TitleSceneUI.cpp */; };
		4C3E1C6314E7FB33009E35E0 /* TextureCache.cpp in Sources */ = {isa = PBXBuildFile; fileRef = 4C3E1C6114E7FB30009E35E0 /* TextureCache.cpp */; };
		4C3E1C6A14E80075009E35E0 /* String.cpp in Sources */ = {isa = PBXBuildFile; fileRef = 4C3E1C6914E80075009E35E0 /* String.cpp */; };
		4C3E1C6D14E80FE3009E35E0 /* Sprite.cpp in Sources */ = {isa = PBXBuildFile; fileRef = 4C3E1C6B14E80FE1009E35E0 /* Sprite.cpp */; };
		4C6783121436F0D200F39B80 /* Button.cpp in Sources */ = {isa = PBXBuildFile; fileRef = 4C6782B41436F0D200F39B80 /* Button.cpp */; };
		4C6783131436F0D200F39B80 /* Button.cpp in Sources */ = {isa = PBXBuildFile; fileRef = 4C6782B41436F0D200F39B80 /* Button.cpp */; };
		4C6783141436F0D200F39B80 /* Label.cpp in Sources */ = {isa = PBXBuildFile; fileRef = 4C6782B61436F0D200F39B80 /* Label.cpp */; };
		4C6783151436F0D200F39B80 /* Label.cpp in Sources */ = {isa = PBXBuildFile; fileRef = 4C6782B61436F0D200F39B80 /* Label.cpp */; };
		4C6783161436F0D200F39B80 /* FontDescriptor.cpp in Sources */ = {isa = PBXBuildFile; fileRef = 4C6782B81436F0D200F39B80 /* FontDescriptor.cpp */; };
		4C6783171436F0D200F39B80 /* FontDescriptor.cpp in Sources */ = {isa = PBXBuildFile; fileRef = 4C6782B81436F0D200F39B80 /* FontDescriptor.cpp */; };
		4C67833A1436F0D200F39B80 /* Model.cpp in Sources */ = {isa = PBXBuildFile; fileRef = 4C6782E01436F0D200F39B80 /* Model.cpp */; };
		4C67833B1436F0D200F39B80 /* Model.cpp in Sources */ = {isa = PBXBuildFile; fileRef = 4C6782E01436F0D200F39B80 /* Model.cpp */; };
		4C67833C1436F0D200F39B80 /* Shader.cpp in Sources */ = {isa = PBXBuildFile; fileRef = 4C6782E21436F0D200F39B80 /* Shader.cpp */; };
		4C67833D1436F0D200F39B80 /* Shader.cpp in Sources */ = {isa = PBXBuildFile; fileRef = 4C6782E21436F0D200F39B80 /* Shader.cpp */; };
		4C67833E1436F0D200F39B80 /* Mesh.cpp in Sources */ = {isa = PBXBuildFile; fileRef = 4C6782E41436F0D200F39B80 /* Mesh.cpp */; };
		4C67833F1436F0D200F39B80 /* Mesh.cpp in Sources */ = {isa = PBXBuildFile; fileRef = 4C6782E41436F0D200F39B80 /* Mesh.cpp */; };
		4C6783421436F0D200F39B80 /* Light.cpp in Sources */ = {isa = PBXBuildFile; fileRef = 4C6782E81436F0D200F39B80 /* Light.cpp */; };
		4C6783431436F0D200F39B80 /* Light.cpp in Sources */ = {isa = PBXBuildFile; fileRef = 4C6782E81436F0D200F39B80 /* Light.cpp */; };
		4C6783461436F0D200F39B80 /* Texture.cpp in Sources */ = {isa = PBXBuildFile; fileRef = 4C6782ED1436F0D200F39B80 /* Texture.cpp */; };
		4C6783471436F0D200F39B80 /* Texture.cpp in Sources */ = {isa = PBXBuildFile; fileRef = 4C6782ED1436F0D200F39B80 /* Texture.cpp */; };
		4C6783481436F0D200F39B80 /* ShaderAttribs.cpp in Sources */ = {isa = PBXBuildFile; fileRef = 4C6782EE1436F0D200F39B80 /* ShaderAttribs.cpp */; };
		4C6783491436F0D200F39B80 /* ShaderAttribs.cpp in Sources */ = {isa = PBXBuildFile; fileRef = 4C6782EE1436F0D200F39B80 /* ShaderAttribs.cpp */; };
		4C67834A1436F0D200F39B80 /* Camera.cpp in Sources */ = {isa = PBXBuildFile; fileRef = 4C6782F01436F0D200F39B80 /* Camera.cpp */; };
		4C67834B1436F0D200F39B80 /* Camera.cpp in Sources */ = {isa = PBXBuildFile; fileRef = 4C6782F01436F0D200F39B80 /* Camera.cpp */; };
		4C67834E1436F0D200F39B80 /* LevelFile.cpp in Sources */ = {isa = PBXBuildFile; fileRef = 4C6782F51436F0D200F39B80 /* LevelFile.cpp */; };
		4C67834F1436F0D200F39B80 /* LevelFile.cpp in Sources */ = {isa = PBXBuildFile; fileRef = 4C6782F51436F0D200F39B80 /* LevelFile.cpp */; };
		4C6783501436F0D200F39B80 /* File.cpp in Sources */ = {isa = PBXBuildFile; fileRef = 4C6782F61436F0D200F39B80 /* File.cpp */; };
		4C6783511436F0D200F39B80 /* File.cpp in Sources */ = {isa = PBXBuildFile; fileRef = 4C6782F61436F0D200F39B80 /* File.cpp */; };
		4C6783521436F0D200F39B80 /* ResourceCache.cpp in Sources */ = {isa = PBXBuildFile; fileRef = 4C6782F91436F0D200F39B80 /* ResourceCache.cpp */; };
		4C6783531436F0D200F39B80 /* ResourceCache.cpp in Sources */ = {isa = PBXBuildFile; fileRef = 4C6782F91436F0D200F39B80 /* ResourceCache.cpp */; };
		4C6783541436F0D200F39B80 /* ModelResource.cpp in Sources */ = {isa = PBXBuildFile; fileRef = 4C6782FB1436F0D200F39B80 /* ModelResource.cpp */; };
		4C6783551436F0D200F39B80 /* ModelResource.cpp in Sources */ = {isa = PBXBuildFile; fileRef = 4C6782FB1436F0D200F39B80 /* ModelResource.cpp */; };
		4C6783561436F0D200F39B80 /* TextureResource.cpp in Sources */ = {isa = PBXBuildFile; fileRef = 4C6783001436F0D200F39B80 /* TextureResource.cpp */; };
		4C6783571436F0D200F39B80 /* TextureResource.cpp in Sources */ = {isa = PBXBuildFile; fileRef = 4C6783001436F0D200F39B80 /* TextureResource.cpp */; };
		4C6783581436F0D200F39B80 /* FontDescriptorResource.cpp in Sources */ = {isa = PBXBuildFile; fileRef = 4C6783021436F0D200F39B80 /* FontDescriptorResource.cpp */; };
		4C6783591436F0D200F39B80 /* FontDescriptorResource.cpp in Sources */ = {isa = PBXBuildFile; fileRef = 4C6783021436F0D200F39B80 /* FontDescriptorResource.cpp */; };
		4C67835E1436F0D200F39B80 /* Log.cpp in Sources */ = {isa = PBXBuildFile; fileRef = 4C6783051436F0D200F39B80 /* Log.cpp */; };
		4C67835F1436F0D200F39B80 /* Log.cpp in Sources */ = {isa = PBXBuildFile; fileRef = 4C6783051436F0D200F39B80 /* Log.cpp */; };
		4C6783601436F0D200F39B80 /* Clock.cpp in Sources */ = {isa = PBXBuildFile; fileRef = 4C6783081436F0D200F39B80 /* Clock.cpp */; };
		4C6783611436F0D200F39B80 /* Clock.cpp in Sources */ = {isa = PBXBuildFile; fileRef = 4C6783081436F0D200F39B80 /* Clock.cpp */; };
		4C6783621436F0D200F39B80 /* Platform.mm in Sources */ = {isa = PBXBuildFile; fileRef = 4C67830E1436F0D200F39B80 /* Platform.mm */; };
		4C6783631436F0D200F39B80 /* Platform.mm in Sources */ = {isa = PBXBuildFile; fileRef = 4C67830E1436F0D200F39B80 /* Platform.mm */; };
		4C6783641436F0D200F39B80 /* Game.cpp in Sources */ = {isa = PBXBuildFile; fileRef = 4C6782AF1436F0D200F39B80 /* Game.cpp */; };
		4C6783651436F0D200F39B80 /* Game.cpp in Sources */ = {isa = PBXBuildFile; fileRef = 4C6782AF1436F0D200F39B80 /* Game.cpp */; };
		4C67836B1437060E00F39B80 /* MacPlatform.mm in Sources */ = {isa = PBXBuildFile; fileRef = 4C67836A1437060E00F39B80 /* MacPlatform.mm */; };
		4C67836C1437060E00F39B80 /* MacPlatform.mm in Sources */ = {isa = PBXBuildFile; fileRef = 4C67836A1437060E00F39B80 /* MacPlatform.mm */; };
		4C67837014370BA200F39B80 /* LevelResource.cpp in Sources */ = {isa = PBXBuildFile; fileRef = 4C67836F14370BA100F39B80 /* LevelResource.cpp */; };
		4C67837114370BA200F39B80 /* LevelResource.cpp in Sources */ = {isa = PBXBuildFile; fileRef = 4C67836F14370BA100F39B80 /* LevelResource.cpp */; };
		4C6CF79E14497CCE00DDF37C /* Vector3.cpp in Sources */ = {isa = PBXBuildFile; fileRef = 4C6CF79D14497CCE00DDF37C /* Vector3.cpp */; };
		4C6CF79F14497CCE00DDF37C /* Vector3.cpp in Sources */ = {isa = PBXBuildFile; fileRef = 4C6CF79D14497CCE00DDF37C /* Vector3.cpp */; };
		4C83B9C7144B2BF900E0286E /* SkyBox.cpp in Sources */ = {isa = PBXBuildFile; fileRef = 4C83B9C6144B2BF900E0286E /* SkyBox.cpp */; };
		4C83B9C8144B2BF900E0286E /* SkyBox.cpp in Sources */ = {isa = PBXBuildFile; fileRef = 4C83B9C6144B2BF900E0286E /* SkyBox.cpp */; };
		4C8E100714F03D450095F390 /* QuartzCore.framework in Frameworks */ = {isa = PBXBuildFile; fileRef = 4C8E100614F03D450095F390 /* QuartzCore.framework */; };
		4C8E103714F03EC30095F390 /* AppDelegate.m in Sources */ = {isa = PBXBuildFile; fileRef = 4C8E103614F03EC30095F390 /* AppDelegate.m */; };
		4C8E104414F041410095F390 /* GLViewController.mm in Sources */ = {isa = PBXBuildFile; fileRef = 4C8E104214F041410095F390 /* GLViewController.mm */; };
		4C9412871437F82B00D9357E /* GLView.mm in Sources */ = {isa = PBXBuildFile; fileRef = 4C9412861437F82B00D9357E /* GLView.mm */; };
		4C9412881437F82B00D9357E /* GLView.mm in Sources */ = {isa = PBXBuildFile; fileRef = 4C9412861437F82B00D9357E /* GLView.mm */; };
		4C94129A1438203800D9357E /* ApplicationServices.framework in Frameworks */ = {isa = PBXBuildFile; fileRef = 4C9412991438203800D9357E /* ApplicationServices.framework */; };
		4CB28511144699D300A26530 /* OpenGL.framework in Frameworks */ = {isa = PBXBuildFile; fileRef = 4CB28510144699D300A26530 /* OpenGL.framework */; };
		4CB8D3131436F03A0079949A /* Cocoa.framework in Frameworks */ = {isa = PBXBuildFile; fileRef = 4CB8D3121436F03A0079949A /* Cocoa.framework */; };
		4CB8D31D1436F03A0079949A /* InfoPlist.strings in Resources */ = {isa = PBXBuildFile; fileRef = 4CB8D31B1436F03A0079949A /* InfoPlist.strings */; };
		4CB8D31F1436F03A0079949A /* main.m in Sources */ = {isa = PBXBuildFile; fileRef = 4CB8D31E1436F03A0079949A /* main.m */; };
		4CB8D3231436F03A0079949A /* Credits.rtf in Resources */ = {isa = PBXBuildFile; fileRef = 4CB8D3211436F03A0079949A /* Credits.rtf */; };
		4CB8D3291436F03A0079949A /* MainMenu.xib in Resources */ = {isa = PBXBuildFile; fileRef = 4CB8D3271436F03A0079949A /* MainMenu.xib */; };
		4CB8D3311436F03A0079949A /* SenTestingKit.framework in Frameworks */ = {isa = PBXBuildFile; fileRef = 4CB8D3301436F03A0079949A /* SenTestingKit.framework */; };
		4CB8D3321436F03A0079949A /* Cocoa.framework in Frameworks */ = {isa = PBXBuildFile; fileRef = 4CB8D3121436F03A0079949A /* Cocoa.framework */; };
		4CB8D33A1436F03A0079949A /* InfoPlist.strings in Resources */ = {isa = PBXBuildFile; fileRef = 4CB8D3381436F03A0079949A /* InfoPlist.strings */; };
		4CB8D33C1436F03A0079949A /* ShadowsTests.h in Resources */ = {isa = PBXBuildFile; fileRef = 4CB8D33B1436F03A0079949A /* ShadowsTests.h */; };
		4CB8D33E1436F03A0079949A /* ShadowsTests.m in Sources */ = {isa = PBXBuildFile; fileRef = 4CB8D33D1436F03A0079949A /* ShadowsTests.m */; };
		4CBB327E144697C900982120 /* EntityComponentTests.mm in Sources */ = {isa = PBXBuildFile; fileRef = 4CBB327C144697C900982120 /* EntityComponentTests.mm */; };
		4CE7F0F814E32BE3007D075C /* Scene.cpp in Sources */ = {isa = PBXBuildFile; fileRef = 4CE7F0F614E32BE3007D075C /* Scene.cpp */; };
		4CE7F0FD14E32C47007D075C /* GameScene.cpp in Sources */ = {isa = PBXBuildFile; fileRef = 4CE7F0FB14E32C47007D075C /* GameScene.cpp */; };
		4CE7F10014E32E37007D075C /* SceneNode.cpp in Sources */ = {isa = PBXBuildFile; fileRef = 4CE7F0FE14E32E37007D075C /* SceneNode.cpp */; };
		4CE7F10314E32E78007D075C /* GameSceneView.cpp in Sources */ = {isa = PBXBuildFile; fileRef = 4CE7F10114E32E78007D075C /* GameSceneView.cpp */; };
		4CF604E314EC645000F1CF67 /* PointLight.cpp in Sources */ = {isa = PBXBuildFile; fileRef = 4CF604E114EC645000F1CF67 /* PointLight.cpp */; };
		4CF604E714EC65BD00F1CF67 /* DirectionalLight.cpp in Sources */ = {isa = PBXBuildFile; fileRef = 4CF604E514EC65BD00F1CF67 /* DirectionalLight.cpp */; };
		4CF604EA14EC78AC00F1CF67 /* Renderer.cpp in Sources */ = {isa = PBXBuildFile; fileRef = 4CF604E814EC78AB00F1CF67 /* Renderer.cpp */; };
/* End PBXBuildFile section */

/* Begin PBXContainerItemProxy section */
		4CB8D3331436F03A0079949A /* PBXContainerItemProxy */ = {
			isa = PBXContainerItemProxy;
			containerPortal = 4CB8D3051436F03A0079949A /* Project object */;
			proxyType = 1;
			remoteGlobalIDString = 4CB8D30D1436F03A0079949A;
			remoteInfo = Shadows;
		};
/* End PBXContainerItemProxy section */

/* Begin PBXFileReference section */
		4C13AE4514F067A200275ECB /* GameUILayer.cpp */ = {isa = PBXFileReference; fileEncoding = 4; lastKnownFileType = sourcecode.cpp.cpp; path = GameUILayer.cpp; sourceTree = "<group>"; };
		4C13AE4614F067A200275ECB /* GameUILayer.h */ = {isa = PBXFileReference; fileEncoding = 4; lastKnownFileType = sourcecode.c.h; path = GameUILayer.h; sourceTree = "<group>"; };
		4C13AE4814F114DE00275ECB /* FPSLabel.cpp */ = {isa = PBXFileReference; fileEncoding = 4; lastKnownFileType = sourcecode.cpp.cpp; path = FPSLabel.cpp; sourceTree = "<group>"; };
		4C13AE4914F114DE00275ECB /* FPSLabel.h */ = {isa = PBXFileReference; fileEncoding = 4; lastKnownFileType = sourcecode.c.h; path = FPSLabel.h; sourceTree = "<group>"; };
		4C13AE4B14F11B8700275ECB /* GLUtilities.h */ = {isa = PBXFileReference; fileEncoding = 4; lastKnownFileType = sourcecode.c.h; path = GLUtilities.h; sourceTree = "<group>"; };
		4C13AE4C14F11C1C00275ECB /* ShadowMap.cpp */ = {isa = PBXFileReference; fileEncoding = 4; lastKnownFileType = sourcecode.cpp.cpp; path = ShadowMap.cpp; sourceTree = "<group>"; };
		4C13AE4D14F11C1C00275ECB /* ShadowMap.h */ = {isa = PBXFileReference; fileEncoding = 4; lastKnownFileType = sourcecode.c.h; path = ShadowMap.h; sourceTree = "<group>"; };
		4C35C45614E81DFF0006A274 /* MouseLayer.cpp */ = {isa = PBXFileReference; fileEncoding = 4; lastKnownFileType = sourcecode.cpp.cpp; path = MouseLayer.cpp; sourceTree = "<group>"; };
		4C35C45714E81DFF0006A274 /* MouseLayer.h */ = {isa = PBXFileReference; fileEncoding = 4; lastKnownFileType = sourcecode.c.h; path = MouseLayer.h; sourceTree = "<group>"; };
		4C35C45A14E82D670006A274 /* MouseClickDispatcher.cpp */ = {isa = PBXFileReference; fileEncoding = 4; lastKnownFileType = sourcecode.cpp.cpp; path = MouseClickDispatcher.cpp; sourceTree = "<group>"; };
		4C35C45B14E82D670006A274 /* MouseClickDispatcher.h */ = {isa = PBXFileReference; fileEncoding = 4; lastKnownFileType = sourcecode.c.h; path = MouseClickDispatcher.h; sourceTree = "<group>"; };
		4C35C45D14E82E390006A274 /* IMouseClickListener.h */ = {isa = PBXFileReference; fileEncoding = 4; lastKnownFileType = sourcecode.c.h; path = IMouseClickListener.h; sourceTree = "<group>"; };
		4C35C45F14E830B60006A274 /* Vector2.cpp */ = {isa = PBXFileReference; fileEncoding = 4; lastKnownFileType = sourcecode.cpp.cpp; path = Vector2.cpp; sourceTree = "<group>"; };
		4C35C46014E830B60006A274 /* Vector2.h */ = {isa = PBXFileReference; fileEncoding = 4; lastKnownFileType = sourcecode.c.h; path = Vector2.h; sourceTree = "<group>"; };
		4C35C46214E831DB0006A274 /* Rectangle.cpp */ = {isa = PBXFileReference; fileEncoding = 4; lastKnownFileType = sourcecode.cpp.cpp; path = Rectangle.cpp; sourceTree = "<group>"; };
		4C35C46314E831DB0006A274 /* Rectangle.h */ = {isa = PBXFileReference; fileEncoding = 4; lastKnownFileType = sourcecode.c.h; path = Rectangle.h; sourceTree = "<group>"; };
		4C35C46A14E837D80006A274 /* Selector.h */ = {isa = PBXFileReference; fileEncoding = 4; lastKnownFileType = sourcecode.c.h; path = Selector.h; sourceTree = "<group>"; };
		4C35C46B14E83CCC0006A274 /* Layer3d.cpp */ = {isa = PBXFileReference; fileEncoding = 4; lastKnownFileType = sourcecode.cpp.cpp; path = Layer3d.cpp; sourceTree = "<group>"; };
		4C35C46C14E83CCC0006A274 /* Layer3d.h */ = {isa = PBXFileReference; fileEncoding = 4; lastKnownFileType = sourcecode.c.h; path = Layer3d.h; sourceTree = "<group>"; };
		4C35C46E14E83D720006A274 /* GameWorldLayer.cpp */ = {isa = PBXFileReference; fileEncoding = 4; lastKnownFileType = sourcecode.cpp.cpp; path = GameWorldLayer.cpp; sourceTree = "<group>"; };
		4C35C46F14E83D720006A274 /* GameWorldLayer.h */ = {isa = PBXFileReference; fileEncoding = 4; lastKnownFileType = sourcecode.c.h; path = GameWorldLayer.h; sourceTree = "<group>"; };
		4C372F7314E43A9D00FBAF6B /* Box.cpp */ = {isa = PBXFileReference; fileEncoding = 4; lastKnownFileType = sourcecode.cpp.cpp; path = Box.cpp; sourceTree = "<group>"; };
		4C372F7414E43A9E00FBAF6B /* Box.h */ = {isa = PBXFileReference; fileEncoding = 4; lastKnownFileType = sourcecode.c.h; path = Box.h; sourceTree = "<group>"; };
		4C372F7714E43E1200FBAF6B /* ShaderCache.cpp */ = {isa = PBXFileReference; fileEncoding = 4; lastKnownFileType = sourcecode.cpp.cpp; path = ShaderCache.cpp; sourceTree = "<group>"; };
		4C372F7814E43E1200FBAF6B /* ShaderCache.h */ = {isa = PBXFileReference; fileEncoding = 4; lastKnownFileType = sourcecode.c.h; path = ShaderCache.h; sourceTree = "<group>"; };
		4C372F7A14E4476A00FBAF6B /* Scheduler.cpp */ = {isa = PBXFileReference; fileEncoding = 4; lastKnownFileType = sourcecode.cpp.cpp; path = Scheduler.cpp; sourceTree = "<group>"; };
		4C372F7B14E4476A00FBAF6B /* Scheduler.h */ = {isa = PBXFileReference; fileEncoding = 4; lastKnownFileType = sourcecode.c.h; path = Scheduler.h; sourceTree = "<group>"; };
		4C372F7D14E4484F00FBAF6B /* IUpdate.h */ = {isa = PBXFileReference; fileEncoding = 4; lastKnownFileType = sourcecode.c.h; path = IUpdate.h; sourceTree = "<group>"; };
		4C372FE714E47D8800FBAF6B /* libz.dylib */ = {isa = PBXFileReference; lastKnownFileType = "compiled.mach-o.dylib"; name = libz.dylib; path = usr/lib/libz.dylib; sourceTree = SDKROOT; };
		4C372FEB14E47EFB00FBAF6B /* libassimp.dylib */ = {isa = PBXFileReference; lastKnownFileType = "compiled.mach-o.dylib"; name = libassimp.dylib; path = libs/assimp/libassimp.dylib; sourceTree = "<group>"; };
		4C3E1C5214E7C7E3009E35E0 /* TitleScene.cpp */ = {isa = PBXFileReference; fileEncoding = 4; lastKnownFileType = sourcecode.cpp.cpp; path = TitleScene.cpp; sourceTree = "<group>"; };
		4C3E1C5314E7C7E3009E35E0 /* TitleScene.h */ = {isa = PBXFileReference; fileEncoding = 4; lastKnownFileType = sourcecode.c.h; path = TitleScene.h; sourceTree = "<group>"; };
		4C3E1C5514E7C965009E35E0 /* TitleSpriteButton.cpp */ = {isa = PBXFileReference; fileEncoding = 4; lastKnownFileType = sourcecode.cpp.cpp; path = TitleSpriteButton.cpp; sourceTree = "<group>"; };
		4C3E1C5614E7C965009E35E0 /* TitleSpriteButton.h */ = {isa = PBXFileReference; fileEncoding = 4; lastKnownFileType = sourcecode.c.h; path = TitleSpriteButton.h; sourceTree = "<group>"; };
		4C3E1C5814E7D136009E35E0 /* FontCharacter.cpp */ = {isa = PBXFileReference; fileEncoding = 4; lastKnownFileType = sourcecode.cpp.cpp; path = FontCharacter.cpp; sourceTree = "<group>"; };
		4C3E1C5914E7D136009E35E0 /* FontCharacter.h */ = {isa = PBXFileReference; fileEncoding = 4; lastKnownFileType = sourcecode.c.h; path = FontCharacter.h; sourceTree = "<group>"; };
		4C3E1C5B14E7D3A1009E35E0 /* Layer2d.cpp */ = {isa = PBXFileReference; fileEncoding = 4; lastKnownFileType = sourcecode.cpp.cpp; path = Layer2d.cpp; sourceTree = "<group>"; };
		4C3E1C5C14E7D3A1009E35E0 /* Layer2d.h */ = {isa = PBXFileReference; fileEncoding = 4; lastKnownFileType = sourcecode.c.h; path = Layer2d.h; sourceTree = "<group>"; };
		4C3E1C5E14E7D40E009E35E0 /* TitleSceneUI.cpp */ = {isa = PBXFileReference; fileEncoding = 4; lastKnownFileType = sourcecode.cpp.cpp; path = TitleSceneUI.cpp; sourceTree = "<group>"; };
		4C3E1C5F14E7D40E009E35E0 /* TitleSceneUI.h */ = {isa = PBXFileReference; fileEncoding = 4; lastKnownFileType = sourcecode.c.h; path = TitleSceneUI.h; sourceTree = "<group>"; };
		4C3E1C6114E7FB30009E35E0 /* TextureCache.cpp */ = {isa = PBXFileReference; fileEncoding = 4; lastKnownFileType = sourcecode.cpp.cpp; path = TextureCache.cpp; sourceTree = "<group>"; };
		4C3E1C6214E7FB31009E35E0 /* TextureCache.h */ = {isa = PBXFileReference; fileEncoding = 4; lastKnownFileType = sourcecode.c.h; path = TextureCache.h; sourceTree = "<group>"; };
		4C3E1C6914E80075009E35E0 /* String.cpp */ = {isa = PBXFileReference; fileEncoding = 4; lastKnownFileType = sourcecode.cpp.cpp; path = String.cpp; sourceTree = "<group>"; };
		4C3E1C6B14E80FE1009E35E0 /* Sprite.cpp */ = {isa = PBXFileReference; fileEncoding = 4; lastKnownFileType = sourcecode.cpp.cpp; path = Sprite.cpp; sourceTree = "<group>"; };
		4C3E1C6C14E80FE2009E35E0 /* Sprite.h */ = {isa = PBXFileReference; fileEncoding = 4; lastKnownFileType = sourcecode.c.h; path = Sprite.h; sourceTree = "<group>"; };
		4C6782AF1436F0D200F39B80 /* Game.cpp */ = {isa = PBXFileReference; fileEncoding = 4; lastKnownFileType = sourcecode.cpp.cpp; path = Game.cpp; sourceTree = "<group>"; };
		4C6782B01436F0D200F39B80 /* Game.h */ = {isa = PBXFileReference; fileEncoding = 4; lastKnownFileType = sourcecode.c.h; path = Game.h; sourceTree = "<group>"; };
		4C6782B31436F0D200F39B80 /* Button.h */ = {isa = PBXFileReference; fileEncoding = 4; lastKnownFileType = sourcecode.c.h; path = Button.h; sourceTree = "<group>"; };
		4C6782B41436F0D200F39B80 /* Button.cpp */ = {isa = PBXFileReference; fileEncoding = 4; lastKnownFileType = sourcecode.cpp.cpp; path = Button.cpp; sourceTree = "<group>"; };
		4C6782B51436F0D200F39B80 /* Label.h */ = {isa = PBXFileReference; fileEncoding = 4; lastKnownFileType = sourcecode.c.h; path = Label.h; sourceTree = "<group>"; };
		4C6782B61436F0D200F39B80 /* Label.cpp */ = {isa = PBXFileReference; fileEncoding = 4; lastKnownFileType = sourcecode.cpp.cpp; path = Label.cpp; sourceTree = "<group>"; };
		4C6782B71436F0D200F39B80 /* FontDescriptor.h */ = {isa = PBXFileReference; fileEncoding = 4; lastKnownFileType = sourcecode.c.h; path = FontDescriptor.h; sourceTree = "<group>"; };
		4C6782B81436F0D200F39B80 /* FontDescriptor.cpp */ = {isa = PBXFileReference; fileEncoding = 4; lastKnownFileType = sourcecode.cpp.cpp; path = FontDescriptor.cpp; sourceTree = "<group>"; };
		4C6782DC1436F0D200F39B80 /* Standard.h */ = {isa = PBXFileReference; fileEncoding = 4; lastKnownFileType = sourcecode.c.h; path = Standard.h; sourceTree = "<group>"; };
		4C6782DD1436F0D200F39B80 /* Any.h */ = {isa = PBXFileReference; fileEncoding = 4; lastKnownFileType = sourcecode.c.h; path = Any.h; sourceTree = "<group>"; };
		4C6782DE1436F0D200F39B80 /* String.h */ = {isa = PBXFileReference; fileEncoding = 4; lastKnownFileType = sourcecode.c.h; path = String.h; sourceTree = "<group>"; };
		4C6782DF1436F0D200F39B80 /* Model.h */ = {isa = PBXFileReference; fileEncoding = 4; lastKnownFileType = sourcecode.c.h; path = Model.h; sourceTree = "<group>"; };
		4C6782E01436F0D200F39B80 /* Model.cpp */ = {isa = PBXFileReference; fileEncoding = 4; lastKnownFileType = sourcecode.cpp.cpp; path = Model.cpp; sourceTree = "<group>"; };
		4C6782E11436F0D200F39B80 /* Shader.h */ = {isa = PBXFileReference; fileEncoding = 4; lastKnownFileType = sourcecode.c.h; path = Shader.h; sourceTree = "<group>"; };
		4C6782E21436F0D200F39B80 /* Shader.cpp */ = {isa = PBXFileReference; fileEncoding = 4; lastKnownFileType = sourcecode.cpp.cpp; path = Shader.cpp; sourceTree = "<group>"; };
		4C6782E31436F0D200F39B80 /* Mesh.h */ = {isa = PBXFileReference; fileEncoding = 4; lastKnownFileType = sourcecode.c.h; path = Mesh.h; sourceTree = "<group>"; };
		4C6782E41436F0D200F39B80 /* Mesh.cpp */ = {isa = PBXFileReference; fileEncoding = 4; lastKnownFileType = sourcecode.cpp.cpp; path = Mesh.cpp; sourceTree = "<group>"; };
		4C6782E71436F0D200F39B80 /* Light.h */ = {isa = PBXFileReference; fileEncoding = 4; lastKnownFileType = sourcecode.c.h; path = Light.h; sourceTree = "<group>"; };
		4C6782E81436F0D200F39B80 /* Light.cpp */ = {isa = PBXFileReference; fileEncoding = 4; lastKnownFileType = sourcecode.cpp.cpp; path = Light.cpp; sourceTree = "<group>"; };
		4C6782E91436F0D200F39B80 /* ShaderAttribs.h */ = {isa = PBXFileReference; fileEncoding = 4; lastKnownFileType = sourcecode.c.h; path = ShaderAttribs.h; sourceTree = "<group>"; };
		4C6782EC1436F0D200F39B80 /* Texture.h */ = {isa = PBXFileReference; fileEncoding = 4; lastKnownFileType = sourcecode.c.h; path = Texture.h; sourceTree = "<group>"; };
		4C6782ED1436F0D200F39B80 /* Texture.cpp */ = {isa = PBXFileReference; fileEncoding = 4; lastKnownFileType = sourcecode.cpp.cpp; path = Texture.cpp; sourceTree = "<group>"; };
		4C6782EE1436F0D200F39B80 /* ShaderAttribs.cpp */ = {isa = PBXFileReference; fileEncoding = 4; lastKnownFileType = sourcecode.cpp.cpp; path = ShaderAttribs.cpp; sourceTree = "<group>"; };
		4C6782EF1436F0D200F39B80 /* Camera.h */ = {isa = PBXFileReference; fileEncoding = 4; lastKnownFileType = sourcecode.c.h; path = Camera.h; sourceTree = "<group>"; };
		4C6782F01436F0D200F39B80 /* Camera.cpp */ = {isa = PBXFileReference; fileEncoding = 4; lastKnownFileType = sourcecode.cpp.cpp; path = Camera.cpp; sourceTree = "<group>"; };
		4C6782F31436F0D200F39B80 /* LevelFile.h */ = {isa = PBXFileReference; fileEncoding = 4; lastKnownFileType = sourcecode.c.h; path = LevelFile.h; sourceTree = "<group>"; };
		4C6782F41436F0D200F39B80 /* LevelFileEntity.h */ = {isa = PBXFileReference; fileEncoding = 4; lastKnownFileType = sourcecode.c.h; path = LevelFileEntity.h; sourceTree = "<group>"; };
		4C6782F51436F0D200F39B80 /* LevelFile.cpp */ = {isa = PBXFileReference; fileEncoding = 4; lastKnownFileType = sourcecode.cpp.cpp; path = LevelFile.cpp; sourceTree = "<group>"; };
		4C6782F61436F0D200F39B80 /* File.cpp */ = {isa = PBXFileReference; fileEncoding = 4; lastKnownFileType = sourcecode.cpp.cpp; path = File.cpp; sourceTree = "<group>"; };
		4C6782F71436F0D200F39B80 /* File.h */ = {isa = PBXFileReference; fileEncoding = 4; lastKnownFileType = sourcecode.c.h; path = File.h; sourceTree = "<group>"; };
		4C6782F81436F0D200F39B80 /* ResourceCache.h */ = {isa = PBXFileReference; fileEncoding = 4; lastKnownFileType = sourcecode.c.h; path = ResourceCache.h; sourceTree = "<group>"; };
		4C6782F91436F0D200F39B80 /* ResourceCache.cpp */ = {isa = PBXFileReference; fileEncoding = 4; lastKnownFileType = sourcecode.cpp.cpp; path = ResourceCache.cpp; sourceTree = "<group>"; };
		4C6782FA1436F0D200F39B80 /* ModelResource.h */ = {isa = PBXFileReference; fileEncoding = 4; lastKnownFileType = sourcecode.c.h; path = ModelResource.h; sourceTree = "<group>"; };
		4C6782FB1436F0D200F39B80 /* ModelResource.cpp */ = {isa = PBXFileReference; fileEncoding = 4; lastKnownFileType = sourcecode.cpp.cpp; path = ModelResource.cpp; sourceTree = "<group>"; };
		4C6782FC1436F0D200F39B80 /* ShaderResource.h */ = {isa = PBXFileReference; fileEncoding = 4; lastKnownFileType = sourcecode.c.h; path = ShaderResource.h; sourceTree = "<group>"; };
		4C6782FD1436F0D200F39B80 /* MeshResource.h */ = {isa = PBXFileReference; fileEncoding = 4; lastKnownFileType = sourcecode.c.h; path = MeshResource.h; sourceTree = "<group>"; };
		4C6782FE1436F0D200F39B80 /* MaterialResource.h */ = {isa = PBXFileReference; fileEncoding = 4; lastKnownFileType = sourcecode.c.h; path = MaterialResource.h; sourceTree = "<group>"; };
		4C6782FF1436F0D200F39B80 /* TextureResource.h */ = {isa = PBXFileReference; fileEncoding = 4; lastKnownFileType = sourcecode.c.h; path = TextureResource.h; sourceTree = "<group>"; };
		4C6783001436F0D200F39B80 /* TextureResource.cpp */ = {isa = PBXFileReference; fileEncoding = 4; lastKnownFileType = sourcecode.cpp.cpp; path = TextureResource.cpp; sourceTree = "<group>"; };
		4C6783011436F0D200F39B80 /* FontDescriptorResource.h */ = {isa = PBXFileReference; fileEncoding = 4; lastKnownFileType = sourcecode.c.h; path = FontDescriptorResource.h; sourceTree = "<group>"; };
		4C6783021436F0D200F39B80 /* FontDescriptorResource.cpp */ = {isa = PBXFileReference; fileEncoding = 4; lastKnownFileType = sourcecode.cpp.cpp; path = FontDescriptorResource.cpp; sourceTree = "<group>"; };
		4C6783041436F0D200F39B80 /* Log.h */ = {isa = PBXFileReference; fileEncoding = 4; lastKnownFileType = sourcecode.c.h; path = Log.h; sourceTree = "<group>"; };
		4C6783051436F0D200F39B80 /* Log.cpp */ = {isa = PBXFileReference; fileEncoding = 4; lastKnownFileType = sourcecode.cpp.cpp; path = Log.cpp; sourceTree = "<group>"; };
		4C6783061436F0D200F39B80 /* Types.h */ = {isa = PBXFileReference; fileEncoding = 4; lastKnownFileType = sourcecode.c.h; path = Types.h; sourceTree = "<group>"; };
		4C6783071436F0D200F39B80 /* Clock.h */ = {isa = PBXFileReference; fileEncoding = 4; lastKnownFileType = sourcecode.c.h; path = Clock.h; sourceTree = "<group>"; };
		4C6783081436F0D200F39B80 /* Clock.cpp */ = {isa = PBXFileReference; fileEncoding = 4; lastKnownFileType = sourcecode.cpp.cpp; path = Clock.cpp; sourceTree = "<group>"; };
		4C67830E1436F0D200F39B80 /* Platform.mm */ = {isa = PBXFileReference; fileEncoding = 4; lastKnownFileType = sourcecode.cpp.objcpp; path = Platform.mm; sourceTree = "<group>"; };
		4C67830F1436F0D200F39B80 /* Platform.h */ = {isa = PBXFileReference; fileEncoding = 4; lastKnownFileType = sourcecode.c.h; path = Platform.h; sourceTree = "<group>"; };
		4C6783671436F0F500F39B80 /* OpenGL.framework */ = {isa = PBXFileReference; lastKnownFileType = wrapper.framework; name = OpenGL.framework; path = System/Library/Frameworks/OpenGL.framework; sourceTree = SDKROOT; };
		4C6783691436F95700F39B80 /* MacPlatform.h */ = {isa = PBXFileReference; fileEncoding = 4; lastKnownFileType = sourcecode.c.h; path = MacPlatform.h; sourceTree = "<group>"; };
		4C67836A1437060E00F39B80 /* MacPlatform.mm */ = {isa = PBXFileReference; fileEncoding = 4; lastKnownFileType = sourcecode.cpp.objcpp; path = MacPlatform.mm; sourceTree = "<group>"; };
		4C67836E14370AFD00F39B80 /* LevelResource.h */ = {isa = PBXFileReference; fileEncoding = 4; lastKnownFileType = sourcecode.c.h; path = LevelResource.h; sourceTree = "<group>"; };
		4C67836F14370BA100F39B80 /* LevelResource.cpp */ = {isa = PBXFileReference; fileEncoding = 4; lastKnownFileType = sourcecode.cpp.cpp; path = LevelResource.cpp; sourceTree = "<group>"; };
		4C6CF79B144979D800DDF37C /* Vector3.h */ = {isa = PBXFileReference; fileEncoding = 4; lastKnownFileType = sourcecode.c.h; path = Vector3.h; sourceTree = "<group>"; };
		4C6CF79D14497CCE00DDF37C /* Vector3.cpp */ = {isa = PBXFileReference; fileEncoding = 4; lastKnownFileType = sourcecode.cpp.cpp; path = Vector3.cpp; sourceTree = "<group>"; };
		4C83B9C4144B2BB500E0286E /* SkyBox.h */ = {isa = PBXFileReference; fileEncoding = 4; lastKnownFileType = sourcecode.c.h; path = SkyBox.h; sourceTree = "<group>"; };
		4C83B9C6144B2BF900E0286E /* SkyBox.cpp */ = {isa = PBXFileReference; fileEncoding = 4; lastKnownFileType = sourcecode.cpp.cpp; path = SkyBox.cpp; sourceTree = "<group>"; };
		4C8E100614F03D450095F390 /* QuartzCore.framework */ = {isa = PBXFileReference; lastKnownFileType = wrapper.framework; name = QuartzCore.framework; path = System/Library/Frameworks/QuartzCore.framework; sourceTree = SDKROOT; };
		4C8E103514F03EC30095F390 /* AppDelegate.h */ = {isa = PBXFileReference; fileEncoding = 4; lastKnownFileType = sourcecode.c.h; path = AppDelegate.h; sourceTree = "<group>"; };
		4C8E103614F03EC30095F390 /* AppDelegate.m */ = {isa = PBXFileReference; fileEncoding = 4; lastKnownFileType = sourcecode.c.objc; path = AppDelegate.m; sourceTree = "<group>"; };
		4C8E104114F041410095F390 /* GLViewController.h */ = {isa = PBXFileReference; fileEncoding = 4; lastKnownFileType = sourcecode.c.h; path = GLViewController.h; sourceTree = "<group>"; };
		4C8E104214F041410095F390 /* GLViewController.mm */ = {isa = PBXFileReference; fileEncoding = 4; lastKnownFileType = sourcecode.cpp.objcpp; path = GLViewController.mm; sourceTree = "<group>"; };
		4C9412851437F82B00D9357E /* GLView.h */ = {isa = PBXFileReference; fileEncoding = 4; lastKnownFileType = sourcecode.c.h; path = GLView.h; sourceTree = "<group>"; };
		4C9412861437F82B00D9357E /* GLView.mm */ = {isa = PBXFileReference; fileEncoding = 4; lastKnownFileType = sourcecode.cpp.objcpp; path = GLView.mm; sourceTree = "<group>"; };
		4C9412991438203800D9357E /* ApplicationServices.framework */ = {isa = PBXFileReference; lastKnownFileType = wrapper.framework; name = ApplicationServices.framework; path = System/Library/Frameworks/ApplicationServices.framework; sourceTree = SDKROOT; };
		4CB28510144699D300A26530 /* OpenGL.framework */ = {isa = PBXFileReference; lastKnownFileType = wrapper.framework; name = OpenGL.framework; path = System/Library/Frameworks/OpenGL.framework; sourceTree = SDKROOT; };
		4CB8D30E1436F03A0079949A /* Shadows.app */ = {isa = PBXFileReference; explicitFileType = wrapper.application; includeInIndex = 0; path = Shadows.app; sourceTree = BUILT_PRODUCTS_DIR; };
		4CB8D3121436F03A0079949A /* Cocoa.framework */ = {isa = PBXFileReference; lastKnownFileType = wrapper.framework; name = Cocoa.framework; path = System/Library/Frameworks/Cocoa.framework; sourceTree = SDKROOT; };
		4CB8D3151436F03A0079949A /* AppKit.framework */ = {isa = PBXFileReference; lastKnownFileType = wrapper.framework; name = AppKit.framework; path = System/Library/Frameworks/AppKit.framework; sourceTree = SDKROOT; };
		4CB8D3161436F03A0079949A /* CoreData.framework */ = {isa = PBXFileReference; lastKnownFileType = wrapper.framework; name = CoreData.framework; path = System/Library/Frameworks/CoreData.framework; sourceTree = SDKROOT; };
		4CB8D3171436F03A0079949A /* Foundation.framework */ = {isa = PBXFileReference; lastKnownFileType = wrapper.framework; name = Foundation.framework; path = System/Library/Frameworks/Foundation.framework; sourceTree = SDKROOT; };
		4CB8D31A1436F03A0079949A /* Shadows-Info.plist */ = {isa = PBXFileReference; lastKnownFileType = text.plist.xml; path = "Shadows-Info.plist"; sourceTree = "<group>"; };
		4CB8D31C1436F03A0079949A /* en */ = {isa = PBXFileReference; lastKnownFileType = text.plist.strings; name = en; path = en.lproj/InfoPlist.strings; sourceTree = "<group>"; };
		4CB8D31E1436F03A0079949A /* main.m */ = {isa = PBXFileReference; lastKnownFileType = sourcecode.c.objc; path = main.m; sourceTree = "<group>"; };
		4CB8D3201436F03A0079949A /* Shadows-Prefix.pch */ = {isa = PBXFileReference; lastKnownFileType = sourcecode.c.h; path = "Shadows-Prefix.pch"; sourceTree = "<group>"; };
		4CB8D3221436F03A0079949A /* en */ = {isa = PBXFileReference; lastKnownFileType = text.rtf; name = en; path = en.lproj/Credits.rtf; sourceTree = "<group>"; };
		4CB8D3281436F03A0079949A /* en */ = {isa = PBXFileReference; lastKnownFileType = file.xib; name = en; path = en.lproj/MainMenu.xib; sourceTree = "<group>"; };
		4CB8D32F1436F03A0079949A /* ShadowsTests.octest */ = {isa = PBXFileReference; explicitFileType = wrapper.cfbundle; includeInIndex = 0; path = ShadowsTests.octest; sourceTree = BUILT_PRODUCTS_DIR; };
		4CB8D3301436F03A0079949A /* SenTestingKit.framework */ = {isa = PBXFileReference; lastKnownFileType = wrapper.framework; name = SenTestingKit.framework; path = Library/Frameworks/SenTestingKit.framework; sourceTree = DEVELOPER_DIR; };
		4CB8D3371436F03A0079949A /* ShadowsTests-Info.plist */ = {isa = PBXFileReference; lastKnownFileType = text.plist.xml; path = "ShadowsTests-Info.plist"; sourceTree = "<group>"; };
		4CB8D3391436F03A0079949A /* en */ = {isa = PBXFileReference; lastKnownFileType = text.plist.strings; name = en; path = en.lproj/InfoPlist.strings; sourceTree = "<group>"; };
		4CB8D33B1436F03A0079949A /* ShadowsTests.h */ = {isa = PBXFileReference; lastKnownFileType = sourcecode.c.h; path = ShadowsTests.h; sourceTree = "<group>"; };
		4CB8D33D1436F03A0079949A /* ShadowsTests.m */ = {isa = PBXFileReference; lastKnownFileType = sourcecode.c.objc; path = ShadowsTests.m; sourceTree = "<group>"; };
		4CBB327B144697C900982120 /* EntityComponentTests.h */ = {isa = PBXFileReference; fileEncoding = 4; lastKnownFileType = sourcecode.c.h; path = EntityComponentTests.h; sourceTree = "<group>"; };
		4CBB327C144697C900982120 /* EntityComponentTests.mm */ = {isa = PBXFileReference; fileEncoding = 4; lastKnownFileType = sourcecode.cpp.objcpp; path = EntityComponentTests.mm; sourceTree = "<group>"; };
		4CDD72701447CFFA0079C08E /* Accessors.h */ = {isa = PBXFileReference; fileEncoding = 4; lastKnownFileType = sourcecode.c.h; path = Accessors.h; sourceTree = "<group>"; };
		4CE7F0F614E32BE3007D075C /* Scene.cpp */ = {isa = PBXFileReference; fileEncoding = 4; lastKnownFileType = sourcecode.cpp.cpp; path = Scene.cpp; sourceTree = "<group>"; };
		4CE7F0F714E32BE3007D075C /* Scene.h */ = {isa = PBXFileReference; fileEncoding = 4; lastKnownFileType = sourcecode.c.h; path = Scene.h; sourceTree = "<group>"; };
		4CE7F0FB14E32C47007D075C /* GameScene.cpp */ = {isa = PBXFileReference; fileEncoding = 4; lastKnownFileType = sourcecode.cpp.cpp; path = GameScene.cpp; sourceTree = "<group>"; };
		4CE7F0FC14E32C47007D075C /* GameScene.h */ = {isa = PBXFileReference; fileEncoding = 4; lastKnownFileType = sourcecode.c.h; path = GameScene.h; sourceTree = "<group>"; };
		4CE7F0FE14E32E37007D075C /* SceneNode.cpp */ = {isa = PBXFileReference; fileEncoding = 4; lastKnownFileType = sourcecode.cpp.cpp; path = SceneNode.cpp; sourceTree = "<group>"; };
		4CE7F0FF14E32E37007D075C /* SceneNode.h */ = {isa = PBXFileReference; fileEncoding = 4; lastKnownFileType = sourcecode.c.h; path = SceneNode.h; sourceTree = "<group>"; };
		4CE7F10114E32E78007D075C /* GameSceneView.cpp */ = {isa = PBXFileReference; fileEncoding = 4; lastKnownFileType = sourcecode.cpp.cpp; path = GameSceneView.cpp; sourceTree = "<group>"; };
		4CE7F10214E32E78007D075C /* GameSceneView.h */ = {isa = PBXFileReference; fileEncoding = 4; lastKnownFileType = sourcecode.c.h; path = GameSceneView.h; sourceTree = "<group>"; };
		4CECD07414E6BEA4000A72AF /* SceneNode.inl */ = {isa = PBXFileReference; fileEncoding = 4; lastKnownFileType = text; path = SceneNode.inl; sourceTree = "<group>"; };
		4CF604E114EC645000F1CF67 /* PointLight.cpp */ = {isa = PBXFileReference; fileEncoding = 4; lastKnownFileType = sourcecode.cpp.cpp; path = PointLight.cpp; sourceTree = "<group>"; };
		4CF604E214EC645000F1CF67 /* PointLight.h */ = {isa = PBXFileReference; fileEncoding = 4; lastKnownFileType = sourcecode.c.h; path = PointLight.h; sourceTree = "<group>"; };
		4CF604E514EC65BD00F1CF67 /* DirectionalLight.cpp */ = {isa = PBXFileReference; fileEncoding = 4; lastKnownFileType = sourcecode.cpp.cpp; path = DirectionalLight.cpp; sourceTree = "<group>"; };
		4CF604E614EC65BD00F1CF67 /* DirectionalLight.h */ = {isa = PBXFileReference; fileEncoding = 4; lastKnownFileType = sourcecode.c.h; path = DirectionalLight.h; sourceTree = "<group>"; };
		4CF604E814EC78AB00F1CF67 /* Renderer.cpp */ = {isa = PBXFileReference; fileEncoding = 4; lastKnownFileType = sourcecode.cpp.cpp; path = Renderer.cpp; sourceTree = "<group>"; };
		4CF604E914EC78AC00F1CF67 /* Renderer.h */ = {isa = PBXFileReference; fileEncoding = 4; lastKnownFileType = sourcecode.c.h; path = Renderer.h; sourceTree = "<group>"; };
/* End PBXFileReference section */

/* Begin PBXFrameworksBuildPhase section */
		4CB8D30B1436F03A0079949A /* Frameworks */ = {
			isa = PBXFrameworksBuildPhase;
			buildActionMask = 2147483647;
			files = (
				4C8E100714F03D450095F390 /* QuartzCore.framework in Frameworks */,
				4C372FE814E47D8900FBAF6B /* libz.dylib in Frameworks */,
				4CB28511144699D300A26530 /* OpenGL.framework in Frameworks */,
				4C94129A1438203800D9357E /* ApplicationServices.framework in Frameworks */,
				4CB8D3131436F03A0079949A /* Cocoa.framework in Frameworks */,
				4C372FEC14E47EFB00FBAF6B /* libassimp.dylib in Frameworks */,
			);
			runOnlyForDeploymentPostprocessing = 0;
		};
		4CB8D32B1436F03A0079949A /* Frameworks */ = {
			isa = PBXFrameworksBuildPhase;
			buildActionMask = 2147483647;
			files = (
				4CB8D3311436F03A0079949A /* SenTestingKit.framework in Frameworks */,
				4CB8D3321436F03A0079949A /* Cocoa.framework in Frameworks */,
			);
			runOnlyForDeploymentPostprocessing = 0;
		};
/* End PBXFrameworksBuildPhase section */

/* Begin PBXGroup section */
		4C35C45E14E830AB0006A274 /* Maths */ = {
			isa = PBXGroup;
			children = (
				4C35C45F14E830B60006A274 /* Vector2.cpp */,
				4C35C46014E830B60006A274 /* Vector2.h */,
				4C35C46214E831DB0006A274 /* Rectangle.cpp */,
				4C35C46314E831DB0006A274 /* Rectangle.h */,
			);
			name = Maths;
			sourceTree = "<group>";
		};
		4C3E1C5014E7C7D3009E35E0 /* Title */ = {
			isa = PBXGroup;
			children = (
				4C3E1C5214E7C7E3009E35E0 /* TitleScene.cpp */,
				4C3E1C5314E7C7E3009E35E0 /* TitleScene.h */,
				4C3E1C5E14E7D40E009E35E0 /* TitleSceneUI.cpp */,
				4C3E1C5F14E7D40E009E35E0 /* TitleSceneUI.h */,
			);
			name = Title;
			sourceTree = "<group>";
		};
		4C3E1C6E14E8197F009E35E0 /* Game */ = {
			isa = PBXGroup;
			children = (
				4CE7F0FB14E32C47007D075C /* GameScene.cpp */,
				4CE7F0FC14E32C47007D075C /* GameScene.h */,
				4CE7F10114E32E78007D075C /* GameSceneView.cpp */,
				4CE7F10214E32E78007D075C /* GameSceneView.h */,
				4C35C46E14E83D720006A274 /* GameWorldLayer.cpp */,
				4C35C46F14E83D720006A274 /* GameWorldLayer.h */,
				4C13AE4514F067A200275ECB /* GameUILayer.cpp */,
				4C13AE4614F067A200275ECB /* GameUILayer.h */,
			);
			name = Game;
			sourceTree = "<group>";
		};
		4C3E1C6F14E81991009E35E0 /* libs */ = {
			isa = PBXGroup;
			children = (
			);
			name = libs;
			sourceTree = "<group>";
		};
		4C3E1C7014E819A6009E35E0 /* os */ = {
			isa = PBXGroup;
			children = (
				4C8E103514F03EC30095F390 /* AppDelegate.h */,
				4C8E103614F03EC30095F390 /* AppDelegate.m */,
				4C9412851437F82B00D9357E /* GLView.h */,
				4C9412861437F82B00D9357E /* GLView.mm */,
				4C8E104114F041410095F390 /* GLViewController.h */,
				4C8E104214F041410095F390 /* GLViewController.mm */,
			);
			name = os;
			sourceTree = "<group>";
		};
		4C6782A71436F0D200F39B80 /* engine */ = {
			isa = PBXGroup;
			children = (
				4C35C45E14E830AB0006A274 /* Maths */,
				4CE7F0F414E32BCC007D075C /* Scene */,
				4C6F10151441F25B00123773 /* IO */,
				4C6782A81436F0D200F39B80 /* UI */,
				4C6782A91436F0D200F39B80 /* Gameplay Foundation */,
				4C6782AA1436F0D200F39B80 /* Common */,
				4C6782AB1436F0D200F39B80 /* Low Level Renderer */,
				4C6782AC1436F0D200F39B80 /* Resource */,
				4C6782AD1436F0D200F39B80 /* Core */,
				4C6782AE1436F0D200F39B80 /* Platform Independance */,
				4C6782AF1436F0D200F39B80 /* Game.cpp */,
				4C6782B01436F0D200F39B80 /* Game.h */,
			);
			name = engine;
			sourceTree = "<group>";
		};
		4C6782A81436F0D200F39B80 /* UI */ = {
			isa = PBXGroup;
			children = (
				4C6782B31436F0D200F39B80 /* Button.h */,
				4C6782B41436F0D200F39B80 /* Button.cpp */,
				4C6782B51436F0D200F39B80 /* Label.h */,
				4C6782B61436F0D200F39B80 /* Label.cpp */,
				4C6782B71436F0D200F39B80 /* FontDescriptor.h */,
				4C6782B81436F0D200F39B80 /* FontDescriptor.cpp */,
				4C3E1C5514E7C965009E35E0 /* TitleSpriteButton.cpp */,
				4C3E1C5614E7C965009E35E0 /* TitleSpriteButton.h */,
				4C3E1C5814E7D136009E35E0 /* FontCharacter.cpp */,
				4C3E1C5914E7D136009E35E0 /* FontCharacter.h */,
				4C3E1C6B14E80FE1009E35E0 /* Sprite.cpp */,
				4C3E1C6C14E80FE2009E35E0 /* Sprite.h */,
				4C35C45614E81DFF0006A274 /* MouseLayer.cpp */,
				4C35C45714E81DFF0006A274 /* MouseLayer.h */,
				4C35C45A14E82D670006A274 /* MouseClickDispatcher.cpp */,
				4C35C45B14E82D670006A274 /* MouseClickDispatcher.h */,
				4C35C45D14E82E390006A274 /* IMouseClickListener.h */,
				4C35C46A14E837D80006A274 /* Selector.h */,
				4C13AE4814F114DE00275ECB /* FPSLabel.cpp */,
				4C13AE4914F114DE00275ECB /* FPSLabel.h */,
			);
			name = UI;
			sourceTree = "<group>";
		};
		4C6782A91436F0D200F39B80 /* Gameplay Foundation */ = {
			isa = PBXGroup;
			children = (
			);
			name = "Gameplay Foundation";
			sourceTree = "<group>";
		};
		4C6782AA1436F0D200F39B80 /* Common */ = {
			isa = PBXGroup;
			children = (
				4C6782DC1436F0D200F39B80 /* Standard.h */,
				4C6782DD1436F0D200F39B80 /* Any.h */,
				4C6782DE1436F0D200F39B80 /* String.h */,
				4C3E1C6914E80075009E35E0 /* String.cpp */,
			);
			name = Common;
			sourceTree = "<group>";
		};
		4C6782AB1436F0D200F39B80 /* Low Level Renderer */ = {
			isa = PBXGroup;
			children = (
				4C6782DF1436F0D200F39B80 /* Model.h */,
				4C6782E01436F0D200F39B80 /* Model.cpp */,
				4C6782E11436F0D200F39B80 /* Shader.h */,
				4C6782E21436F0D200F39B80 /* Shader.cpp */,
				4C6782E31436F0D200F39B80 /* Mesh.h */,
				4C6782E41436F0D200F39B80 /* Mesh.cpp */,
				4C6782E71436F0D200F39B80 /* Light.h */,
				4C6782E81436F0D200F39B80 /* Light.cpp */,
				4C6782E91436F0D200F39B80 /* ShaderAttribs.h */,
				4C6782EC1436F0D200F39B80 /* Texture.h */,
				4C6782ED1436F0D200F39B80 /* Texture.cpp */,
				4C6782EE1436F0D200F39B80 /* ShaderAttribs.cpp */,
				4C6782EF1436F0D200F39B80 /* Camera.h */,
				4C6782F01436F0D200F39B80 /* Camera.cpp */,
				4C83B9C4144B2BB500E0286E /* SkyBox.h */,
				4C83B9C6144B2BF900E0286E /* SkyBox.cpp */,
				4C372F7314E43A9D00FBAF6B /* Box.cpp */,
				4C372F7414E43A9E00FBAF6B /* Box.h */,
				4C372F7714E43E1200FBAF6B /* ShaderCache.cpp */,
				4C372F7814E43E1200FBAF6B /* ShaderCache.h */,
				4C3E1C6114E7FB30009E35E0 /* TextureCache.cpp */,
				4C3E1C6214E7FB31009E35E0 /* TextureCache.h */,
				4CF604E114EC645000F1CF67 /* PointLight.cpp */,
				4CF604E214EC645000F1CF67 /* PointLight.h */,
				4CF604E514EC65BD00F1CF67 /* DirectionalLight.cpp */,
				4CF604E614EC65BD00F1CF67 /* DirectionalLight.h */,
				4CF604E814EC78AB00F1CF67 /* Renderer.cpp */,
				4CF604E914EC78AC00F1CF67 /* Renderer.h */,
				4C13AE4B14F11B8700275ECB /* GLUtilities.h */,
				4C13AE4C14F11C1C00275ECB /* ShadowMap.cpp */,
				4C13AE4D14F11C1C00275ECB /* ShadowMap.h */,
			);
			name = "Low Level Renderer";
			sourceTree = "<group>";
		};
		4C6782AC1436F0D200F39B80 /* Resource */ = {
			isa = PBXGroup;
			children = (
				4C6782F31436F0D200F39B80 /* LevelFile.h */,
				4C6782F41436F0D200F39B80 /* LevelFileEntity.h */,
				4C6782F51436F0D200F39B80 /* LevelFile.cpp */,
				4C6782F61436F0D200F39B80 /* File.cpp */,
				4C6782F71436F0D200F39B80 /* File.h */,
				4C6782F81436F0D200F39B80 /* ResourceCache.h */,
				4C6782F91436F0D200F39B80 /* ResourceCache.cpp */,
				4C6782FA1436F0D200F39B80 /* ModelResource.h */,
				4C6782FB1436F0D200F39B80 /* ModelResource.cpp */,
				4C6782FC1436F0D200F39B80 /* ShaderResource.h */,
				4C6782FD1436F0D200F39B80 /* MeshResource.h */,
				4C6782FE1436F0D200F39B80 /* MaterialResource.h */,
				4C6782FF1436F0D200F39B80 /* TextureResource.h */,
				4C6783001436F0D200F39B80 /* TextureResource.cpp */,
				4C6783011436F0D200F39B80 /* FontDescriptorResource.h */,
				4C6783021436F0D200F39B80 /* FontDescriptorResource.cpp */,
				4C67836E14370AFD00F39B80 /* LevelResource.h */,
				4C67836F14370BA100F39B80 /* LevelResource.cpp */,
			);
			name = Resource;
			sourceTree = "<group>";
		};
		4C6782AD1436F0D200F39B80 /* Core */ = {
			isa = PBXGroup;
			children = (
				4C6783041436F0D200F39B80 /* Log.h */,
				4C6783051436F0D200F39B80 /* Log.cpp */,
				4C6783061436F0D200F39B80 /* Types.h */,
				4C6783071436F0D200F39B80 /* Clock.h */,
				4C6783081436F0D200F39B80 /* Clock.cpp */,
				4CDD72701447CFFA0079C08E /* Accessors.h */,
				4C6CF79B144979D800DDF37C /* Vector3.h */,
				4C6CF79D14497CCE00DDF37C /* Vector3.cpp */,
				4C372F7A14E4476A00FBAF6B /* Scheduler.cpp */,
				4C372F7B14E4476A00FBAF6B /* Scheduler.h */,
				4C372F7D14E4484F00FBAF6B /* IUpdate.h */,
			);
			name = Core;
			sourceTree = "<group>";
		};
		4C6782AE1436F0D200F39B80 /* Platform Independance */ = {
			isa = PBXGroup;
			children = (
				4C67830E1436F0D200F39B80 /* Platform.mm */,
				4C67830F1436F0D200F39B80 /* Platform.h */,
				4C6783691436F95700F39B80 /* MacPlatform.h */,
				4C67836A1437060E00F39B80 /* MacPlatform.mm */,
			);
			name = "Platform Independance";
			sourceTree = "<group>";
		};
		4C6F10151441F25B00123773 /* IO */ = {
			isa = PBXGroup;
			children = (
			);
			name = IO;
			sourceTree = "<group>";
		};
		4CB8D3031436F03A0079949A = {
			isa = PBXGroup;
			children = (
				4CB8D3181436F03A0079949A /* Shadows */,
				4CB8D3351436F03A0079949A /* ShadowsTests */,
				4CB8D3111436F03A0079949A /* Frameworks */,
				4CB8D30F1436F03A0079949A /* Products */,
			);
			sourceTree = "<group>";
		};
		4CB8D30F1436F03A0079949A /* Products */ = {
			isa = PBXGroup;
			children = (
				4CB8D30E1436F03A0079949A /* Shadows.app */,
				4CB8D32F1436F03A0079949A /* ShadowsTests.octest */,
			);
			name = Products;
			sourceTree = "<group>";
		};
		4CB8D3111436F03A0079949A /* Frameworks */ = {
			isa = PBXGroup;
			children = (
				4C8E100614F03D450095F390 /* QuartzCore.framework */,
				4C372FEB14E47EFB00FBAF6B /* libassimp.dylib */,
				4C372FE714E47D8800FBAF6B /* libz.dylib */,
				4CB28510144699D300A26530 /* OpenGL.framework */,
				4C9412991438203800D9357E /* ApplicationServices.framework */,
				4C6783671436F0F500F39B80 /* OpenGL.framework */,
				4CB8D3121436F03A0079949A /* Cocoa.framework */,
				4CB8D3301436F03A0079949A /* SenTestingKit.framework */,
				4CB8D3141436F03A0079949A /* Other Frameworks */,
			);
			name = Frameworks;
			sourceTree = "<group>";
		};
		4CB8D3141436F03A0079949A /* Other Frameworks */ = {
			isa = PBXGroup;
			children = (
				4CB8D3151436F03A0079949A /* AppKit.framework */,
				4CB8D3161436F03A0079949A /* CoreData.framework */,
				4CB8D3171436F03A0079949A /* Foundation.framework */,
			);
			name = "Other Frameworks";
			sourceTree = "<group>";
		};
		4CB8D3181436F03A0079949A /* Shadows */ = {
			isa = PBXGroup;
			children = (
				4C6782A71436F0D200F39B80 /* engine */,
				4CE7F0F914E32C2A007D075C /* game */,
				4C3E1C7014E819A6009E35E0 /* os */,
				4C3E1C6F14E81991009E35E0 /* libs */,
				4CB8D3191436F03A0079949A /* Supporting Files */,
			);
			path = Shadows;
			sourceTree = "<group>";
		};
		4CB8D3191436F03A0079949A /* Supporting Files */ = {
			isa = PBXGroup;
			children = (
				4CB8D3271436F03A0079949A /* MainMenu.xib */,
				4CB8D31A1436F03A0079949A /* Shadows-Info.plist */,
				4CB8D31B1436F03A0079949A /* InfoPlist.strings */,
				4CB8D31E1436F03A0079949A /* main.m */,
				4CB8D3201436F03A0079949A /* Shadows-Prefix.pch */,
				4CB8D3211436F03A0079949A /* Credits.rtf */,
			);
			name = "Supporting Files";
			sourceTree = "<group>";
		};
		4CB8D3351436F03A0079949A /* ShadowsTests */ = {
			isa = PBXGroup;
			children = (
				4CB8D33B1436F03A0079949A /* ShadowsTests.h */,
				4CB8D33D1436F03A0079949A /* ShadowsTests.m */,
				4CB8D3361436F03A0079949A /* Supporting Files */,
				4CBB327B144697C900982120 /* EntityComponentTests.h */,
				4CBB327C144697C900982120 /* EntityComponentTests.mm */,
			);
			path = ShadowsTests;
			sourceTree = "<group>";
		};
		4CB8D3361436F03A0079949A /* Supporting Files */ = {
			isa = PBXGroup;
			children = (
				4CB8D3371436F03A0079949A /* ShadowsTests-Info.plist */,
				4CB8D3381436F03A0079949A /* InfoPlist.strings */,
			);
			name = "Supporting Files";
			sourceTree = "<group>";
		};
		4CE7F0F414E32BCC007D075C /* Scene */ = {
			isa = PBXGroup;
			children = (
				4CE7F0F614E32BE3007D075C /* Scene.cpp */,
				4CE7F0F714E32BE3007D075C /* Scene.h */,
				4CE7F0FE14E32E37007D075C /* SceneNode.cpp */,
				4CE7F0FF14E32E37007D075C /* SceneNode.h */,
				4CECD07414E6BEA4000A72AF /* SceneNode.inl */,
				4C3E1C5B14E7D3A1009E35E0 /* Layer2d.cpp */,
				4C3E1C5C14E7D3A1009E35E0 /* Layer2d.h */,
				4C35C46B14E83CCC0006A274 /* Layer3d.cpp */,
				4C35C46C14E83CCC0006A274 /* Layer3d.h */,
			);
			name = Scene;
			sourceTree = "<group>";
		};
		4CE7F0F914E32C2A007D075C /* game */ = {
			isa = PBXGroup;
			children = (
				4CE7F0FA14E32C33007D075C /* scenes */,
			);
			name = game;
			sourceTree = "<group>";
		};
		4CE7F0FA14E32C33007D075C /* scenes */ = {
			isa = PBXGroup;
			children = (
				4C3E1C6E14E8197F009E35E0 /* Game */,
				4C3E1C5014E7C7D3009E35E0 /* Title */,
			);
			name = scenes;
			sourceTree = "<group>";
		};
/* End PBXGroup section */

/* Begin PBXNativeTarget section */
		4CB8D30D1436F03A0079949A /* Shadows */ = {
			isa = PBXNativeTarget;
			buildConfigurationList = 4CB8D3411436F03A0079949A /* Build configuration list for PBXNativeTarget "Shadows" */;
			buildPhases = (
				4CB8D30A1436F03A0079949A /* Sources */,
				4CB8D30B1436F03A0079949A /* Frameworks */,
				4CB8D30C1436F03A0079949A /* Resources */,
				4C67836D1437075800F39B80 /* ShellScript */,
			);
			buildRules = (
			);
			dependencies = (
			);
			name = Shadows;
			productName = Shadows;
			productReference = 4CB8D30E1436F03A0079949A /* Shadows.app */;
			productType = "com.apple.product-type.application";
		};
		4CB8D32E1436F03A0079949A /* ShadowsTests */ = {
			isa = PBXNativeTarget;
			buildConfigurationList = 4CB8D3441436F03A0079949A /* Build configuration list for PBXNativeTarget "ShadowsTests" */;
			buildPhases = (
				4CB8D32A1436F03A0079949A /* Sources */,
				4CB8D32B1436F03A0079949A /* Frameworks */,
				4CB8D32C1436F03A0079949A /* Resources */,
				4CB8D32D1436F03A0079949A /* ShellScript */,
			);
			buildRules = (
			);
			dependencies = (
				4CB8D3341436F03A0079949A /* PBXTargetDependency */,
			);
			name = ShadowsTests;
			productName = ShadowsTests;
			productReference = 4CB8D32F1436F03A0079949A /* ShadowsTests.octest */;
			productType = "com.apple.product-type.bundle";
		};
/* End PBXNativeTarget section */

/* Begin PBXProject section */
		4CB8D3051436F03A0079949A /* Project object */ = {
			isa = PBXProject;
			attributes = {
				LastUpgradeCheck = 0420;
			};
			buildConfigurationList = 4CB8D3081436F03A0079949A /* Build configuration list for PBXProject "Shadows" */;
			compatibilityVersion = "Xcode 3.2";
			developmentRegion = English;
			hasScannedForEncodings = 0;
			knownRegions = (
				en,
			);
			mainGroup = 4CB8D3031436F03A0079949A;
			productRefGroup = 4CB8D30F1436F03A0079949A /* Products */;
			projectDirPath = "";
			projectRoot = "";
			targets = (
				4CB8D30D1436F03A0079949A /* Shadows */,
				4CB8D32E1436F03A0079949A /* ShadowsTests */,
			);
		};
/* End PBXProject section */

/* Begin PBXResourcesBuildPhase section */
		4CB8D30C1436F03A0079949A /* Resources */ = {
			isa = PBXResourcesBuildPhase;
			buildActionMask = 2147483647;
			files = (
				4CB8D31D1436F03A0079949A /* InfoPlist.strings in Resources */,
				4CB8D3231436F03A0079949A /* Credits.rtf in Resources */,
				4CB8D3291436F03A0079949A /* MainMenu.xib in Resources */,
			);
			runOnlyForDeploymentPostprocessing = 0;
		};
		4CB8D32C1436F03A0079949A /* Resources */ = {
			isa = PBXResourcesBuildPhase;
			buildActionMask = 2147483647;
			files = (
				4CB8D33A1436F03A0079949A /* InfoPlist.strings in Resources */,
				4CB8D33C1436F03A0079949A /* ShadowsTests.h in Resources */,
			);
			runOnlyForDeploymentPostprocessing = 0;
		};
/* End PBXResourcesBuildPhase section */

/* Begin PBXShellScriptBuildPhase section */
		4C67836D1437075800F39B80 /* ShellScript */ = {
			isa = PBXShellScriptBuildPhase;
			buildActionMask = 2147483647;
			files = (
			);
			inputPaths = (
			);
			outputPaths = (
			);
			runOnlyForDeploymentPostprocessing = 0;
			shellPath = /bin/sh;
			shellScript = "cp -rf ${SOURCE_ROOT}/assets/* ${CODESIGNING_FOLDER_PATH}/Contents/Resources\n";
		};
		4CB8D32D1436F03A0079949A /* ShellScript */ = {
			isa = PBXShellScriptBuildPhase;
			buildActionMask = 2147483647;
			files = (
			);
			inputPaths = (
			);
			outputPaths = (
			);
			runOnlyForDeploymentPostprocessing = 0;
			shellPath = /bin/sh;
			shellScript = "# Run the unit tests in this test bundle.\n\"${SYSTEM_DEVELOPER_DIR}/Tools/RunUnitTests\"\n";
		};
/* End PBXShellScriptBuildPhase section */

/* Begin PBXSourcesBuildPhase section */
		4CB8D30A1436F03A0079949A /* Sources */ = {
			isa = PBXSourcesBuildPhase;
			buildActionMask = 2147483647;
			files = (
				4CB8D31F1436F03A0079949A /* main.m in Sources */,
				4C6783121436F0D200F39B80 /* Button.cpp in Sources */,
				4C6783141436F0D200F39B80 /* Label.cpp in Sources */,
				4C6783161436F0D200F39B80 /* FontDescriptor.cpp in Sources */,
				4C67833A1436F0D200F39B80 /* Model.cpp in Sources */,
				4C67833C1436F0D200F39B80 /* Shader.cpp in Sources */,
				4C67833E1436F0D200F39B80 /* Mesh.cpp in Sources */,
				4C6783421436F0D200F39B80 /* Light.cpp in Sources */,
				4C6783461436F0D200F39B80 /* Texture.cpp in Sources */,
				4C6783481436F0D200F39B80 /* ShaderAttribs.cpp in Sources */,
				4C67834A1436F0D200F39B80 /* Camera.cpp in Sources */,
				4C67834E1436F0D200F39B80 /* LevelFile.cpp in Sources */,
				4C6783501436F0D200F39B80 /* File.cpp in Sources */,
				4C6783521436F0D200F39B80 /* ResourceCache.cpp in Sources */,
				4C6783541436F0D200F39B80 /* ModelResource.cpp in Sources */,
				4C6783561436F0D200F39B80 /* TextureResource.cpp in Sources */,
				4C6783581436F0D200F39B80 /* FontDescriptorResource.cpp in Sources */,
				4C67835E1436F0D200F39B80 /* Log.cpp in Sources */,
				4C6783601436F0D200F39B80 /* Clock.cpp in Sources */,
				4C6783621436F0D200F39B80 /* Platform.mm in Sources */,
				4C6783641436F0D200F39B80 /* Game.cpp in Sources */,
				4C67836B1437060E00F39B80 /* MacPlatform.mm in Sources */,
				4C67837014370BA200F39B80 /* LevelResource.cpp in Sources */,
				4C9412871437F82B00D9357E /* GLView.mm in Sources */,
				4C6CF79E14497CCE00DDF37C /* Vector3.cpp in Sources */,
				4C83B9C7144B2BF900E0286E /* SkyBox.cpp in Sources */,
				4CE7F0F814E32BE3007D075C /* Scene.cpp in Sources */,
				4CE7F0FD14E32C47007D075C /* GameScene.cpp in Sources */,
				4CE7F10014E32E37007D075C /* SceneNode.cpp in Sources */,
				4CE7F10314E32E78007D075C /* GameSceneView.cpp in Sources */,
				4C372F7514E43A9E00FBAF6B /* Box.cpp in Sources */,
				4C372F7914E43E1200FBAF6B /* ShaderCache.cpp in Sources */,
				4C372F7C14E4476A00FBAF6B /* Scheduler.cpp in Sources */,
				4C3E1C5414E7C7E3009E35E0 /* TitleScene.cpp in Sources */,
				4C3E1C5714E7C965009E35E0 /* TitleSpriteButton.cpp in Sources */,
				4C3E1C5A14E7D136009E35E0 /* FontCharacter.cpp in Sources */,
				4C3E1C5D14E7D3A1009E35E0 /* Layer2d.cpp in Sources */,
				4C3E1C6014E7D40E009E35E0 /* TitleSceneUI.cpp in Sources */,
				4C3E1C6314E7FB33009E35E0 /* TextureCache.cpp in Sources */,
				4C3E1C6A14E80075009E35E0 /* String.cpp in Sources */,
				4C3E1C6D14E80FE3009E35E0 /* Sprite.cpp in Sources */,
				4C35C45814E81DFF0006A274 /* MouseLayer.cpp in Sources */,
				4C35C45C14E82D670006A274 /* MouseClickDispatcher.cpp in Sources */,
				4C35C46114E830B60006A274 /* Vector2.cpp in Sources */,
				4C35C46414E831DB0006A274 /* Rectangle.cpp in Sources */,
				4C35C46D14E83CCD0006A274 /* Layer3d.cpp in Sources */,
				4C35C47014E83D720006A274 /* GameWorldLayer.cpp in Sources */,
				4CF604E314EC645000F1CF67 /* PointLight.cpp in Sources */,
				4CF604E714EC65BD00F1CF67 /* DirectionalLight.cpp in Sources */,
				4CF604EA14EC78AC00F1CF67 /* Renderer.cpp in Sources */,
				4C8E103714F03EC30095F390 /* AppDelegate.m in Sources */,
				4C8E104414F041410095F390 /* GLViewController.mm in Sources */,
				4C13AE4714F067A200275ECB /* GameUILayer.cpp in Sources */,
				4C13AE4A14F114DF00275ECB /* FPSLabel.cpp in Sources */,
				4C13AE4E14F11C1D00275ECB /* ShadowMap.cpp in Sources */,
			);
			runOnlyForDeploymentPostprocessing = 0;
		};
		4CB8D32A1436F03A0079949A /* Sources */ = {
			isa = PBXSourcesBuildPhase;
			buildActionMask = 2147483647;
			files = (
				4CB8D33E1436F03A0079949A /* ShadowsTests.m in Sources */,
				4C6783131436F0D200F39B80 /* Button.cpp in Sources */,
				4C6783151436F0D200F39B80 /* Label.cpp in Sources */,
				4C6783171436F0D200F39B80 /* FontDescriptor.cpp in Sources */,
				4C67833B1436F0D200F39B80 /* Model.cpp in Sources */,
				4C67833D1436F0D200F39B80 /* Shader.cpp in Sources */,
				4C67833F1436F0D200F39B80 /* Mesh.cpp in Sources */,
				4C6783431436F0D200F39B80 /* Light.cpp in Sources */,
				4C6783471436F0D200F39B80 /* Texture.cpp in Sources */,
				4C6783491436F0D200F39B80 /* ShaderAttribs.cpp in Sources */,
				4C67834B1436F0D200F39B80 /* Camera.cpp in Sources */,
				4C67834F1436F0D200F39B80 /* LevelFile.cpp in Sources */,
				4C6783511436F0D200F39B80 /* File.cpp in Sources */,
				4C6783531436F0D200F39B80 /* ResourceCache.cpp in Sources */,
				4C6783551436F0D200F39B80 /* ModelResource.cpp in Sources */,
				4C6783571436F0D200F39B80 /* TextureResource.cpp in Sources */,
				4C6783591436F0D200F39B80 /* FontDescriptorResource.cpp in Sources */,
				4C67835F1436F0D200F39B80 /* Log.cpp in Sources */,
				4C6783611436F0D200F39B80 /* Clock.cpp in Sources */,
				4C6783631436F0D200F39B80 /* Platform.mm in Sources */,
				4C6783651436F0D200F39B80 /* Game.cpp in Sources */,
				4C67836C1437060E00F39B80 /* MacPlatform.mm in Sources */,
				4C67837114370BA200F39B80 /* LevelResource.cpp in Sources */,
				4C9412881437F82B00D9357E /* GLView.mm in Sources */,
				4CBB327E144697C900982120 /* EntityComponentTests.mm in Sources */,
				4C6CF79F14497CCE00DDF37C /* Vector3.cpp in Sources */,
				4C83B9C8144B2BF900E0286E /* SkyBox.cpp in Sources */,
			);
			runOnlyForDeploymentPostprocessing = 0;
		};
/* End PBXSourcesBuildPhase section */

/* Begin PBXTargetDependency section */
		4CB8D3341436F03A0079949A /* PBXTargetDependency */ = {
			isa = PBXTargetDependency;
			target = 4CB8D30D1436F03A0079949A /* Shadows */;
			targetProxy = 4CB8D3331436F03A0079949A /* PBXContainerItemProxy */;
		};
/* End PBXTargetDependency section */

/* Begin PBXVariantGroup section */
		4CB8D31B1436F03A0079949A /* InfoPlist.strings */ = {
			isa = PBXVariantGroup;
			children = (
				4CB8D31C1436F03A0079949A /* en */,
			);
			name = InfoPlist.strings;
			sourceTree = "<group>";
		};
		4CB8D3211436F03A0079949A /* Credits.rtf */ = {
			isa = PBXVariantGroup;
			children = (
				4CB8D3221436F03A0079949A /* en */,
			);
			name = Credits.rtf;
			sourceTree = "<group>";
		};
		4CB8D3271436F03A0079949A /* MainMenu.xib */ = {
			isa = PBXVariantGroup;
			children = (
				4CB8D3281436F03A0079949A /* en */,
			);
			name = MainMenu.xib;
			sourceTree = "<group>";
		};
		4CB8D3381436F03A0079949A /* InfoPlist.strings */ = {
			isa = PBXVariantGroup;
			children = (
				4CB8D3391436F03A0079949A /* en */,
			);
			name = InfoPlist.strings;
			sourceTree = "<group>";
		};
/* End PBXVariantGroup section */

/* Begin XCBuildConfiguration section */
		4CB8D33F1436F03A0079949A /* Debug */ = {
			isa = XCBuildConfiguration;
			buildSettings = {
				ALWAYS_SEARCH_USER_PATHS = NO;
				ARCHS = "$(ARCHS_STANDARD_64_BIT)";
				COPY_PHASE_STRIP = NO;
				GCC_C_LANGUAGE_STANDARD = gnu99;
				GCC_DYNAMIC_NO_PIC = NO;
				GCC_ENABLE_OBJC_EXCEPTIONS = YES;
				GCC_OPTIMIZATION_LEVEL = 0;
				GCC_PREPROCESSOR_DEFINITIONS = (
					"DEBUG=1",
					"$(inherited)",
				);
				GCC_SYMBOLS_PRIVATE_EXTERN = NO;
				GCC_VERSION = com.apple.compilers.llvm.clang.1_0;
				GCC_WARN_64_TO_32_BIT_CONVERSION = YES;
				GCC_WARN_ABOUT_MISSING_PROTOTYPES = YES;
				GCC_WARN_ABOUT_RETURN_TYPE = YES;
				GCC_WARN_UNUSED_VARIABLE = YES;
				MACOSX_DEPLOYMENT_TARGET = 10.7;
				ONLY_ACTIVE_ARCH = YES;
				SDKROOT = macosx;
			};
			name = Debug;
		};
		4CB8D3401436F03A0079949A /* Release */ = {
			isa = XCBuildConfiguration;
			buildSettings = {
				ALWAYS_SEARCH_USER_PATHS = NO;
				ARCHS = "$(ARCHS_STANDARD_64_BIT)";
				COPY_PHASE_STRIP = YES;
				DEBUG_INFORMATION_FORMAT = "dwarf-with-dsym";
				GCC_C_LANGUAGE_STANDARD = gnu99;
				GCC_ENABLE_OBJC_EXCEPTIONS = YES;
				GCC_VERSION = com.apple.compilers.llvm.clang.1_0;
				GCC_WARN_64_TO_32_BIT_CONVERSION = YES;
				GCC_WARN_ABOUT_MISSING_PROTOTYPES = YES;
				GCC_WARN_ABOUT_RETURN_TYPE = YES;
				GCC_WARN_UNUSED_VARIABLE = YES;
				MACOSX_DEPLOYMENT_TARGET = 10.7;
				SDKROOT = macosx;
			};
			name = Release;
		};
		4CB8D3421436F03A0079949A /* Debug */ = {
			isa = XCBuildConfiguration;
			buildSettings = {
				CLANG_CXX_LANGUAGE_STANDARD = "gnu++0x";
				CLANG_CXX_LIBRARY = "libc++";
				FRAMEWORK_SEARCH_PATHS = (
					"$(inherited)",
					"\"$(DEVELOPER_FRAMEWORKS_DIR)\"",
				);
				GCC_C_LANGUAGE_STANDARD = gnu99;
				GCC_PRECOMPILE_PREFIX_HEADER = YES;
				GCC_PREFIX_HEADER = "Shadows/Shadows-Prefix.pch";
				GCC_TREAT_WARNINGS_AS_ERRORS = YES;
				GCC_WARN_PEDANTIC = YES;
				HEADER_SEARCH_PATHS = (
					libs/assimp/include,
					libs,
				);
				INFOPLIST_FILE = "Shadows/Shadows-Info.plist";
				LIBRARY_SEARCH_PATHS = (
					"$(inherited)",
					"\"$(SRCROOT)/libs/assimp\"",
				);
				PRODUCT_NAME = "$(TARGET_NAME)";
				WRAPPER_EXTENSION = app;
			};
			name = Debug;
		};
		4CB8D3431436F03A0079949A /* Release */ = {
			isa = XCBuildConfiguration;
			buildSettings = {
				CLANG_CXX_LANGUAGE_STANDARD = "gnu++0x";
				CLANG_CXX_LIBRARY = "libc++";
				FRAMEWORK_SEARCH_PATHS = (
					"$(inherited)",
					"\"$(DEVELOPER_FRAMEWORKS_DIR)\"",
				);
				GCC_C_LANGUAGE_STANDARD = gnu99;
				GCC_PRECOMPILE_PREFIX_HEADER = YES;
				GCC_PREFIX_HEADER = "Shadows/Shadows-Prefix.pch";
				GCC_TREAT_WARNINGS_AS_ERRORS = YES;
				GCC_WARN_PEDANTIC = YES;
				HEADER_SEARCH_PATHS = (
					libs/assimp/include,
					libs,
				);
				INFOPLIST_FILE = "Shadows/Shadows-Info.plist";
				LIBRARY_SEARCH_PATHS = (
					"$(inherited)",
					"\"$(SRCROOT)/libs/assimp\"",
				);
				PRODUCT_NAME = "$(TARGET_NAME)";
				WRAPPER_EXTENSION = app;
			};
			name = Release;
		};
		4CB8D3451436F03A0079949A /* Debug */ = {
			isa = XCBuildConfiguration;
			buildSettings = {
				BUNDLE_LOADER = "$(BUILT_PRODUCTS_DIR)/Shadows.app/Contents/MacOS/Shadows";
				FRAMEWORK_SEARCH_PATHS = "$(DEVELOPER_LIBRARY_DIR)/Frameworks";
				GCC_PRECOMPILE_PREFIX_HEADER = YES;
				GCC_PREFIX_HEADER = "Shadows/Shadows-Prefix.pch";
				INFOPLIST_FILE = "ShadowsTests/ShadowsTests-Info.plist";
				PRODUCT_NAME = "$(TARGET_NAME)";
				TEST_HOST = "$(BUNDLE_LOADER)";
				WRAPPER_EXTENSION = octest;
			};
			name = Debug;
		};
		4CB8D3461436F03A0079949A /* Release */ = {
			isa = XCBuildConfiguration;
			buildSettings = {
				BUNDLE_LOADER = "$(BUILT_PRODUCTS_DIR)/Shadows.app/Contents/MacOS/Shadows";
				FRAMEWORK_SEARCH_PATHS = "$(DEVELOPER_LIBRARY_DIR)/Frameworks";
				GCC_PRECOMPILE_PREFIX_HEADER = YES;
				GCC_PREFIX_HEADER = "Shadows/Shadows-Prefix.pch";
				INFOPLIST_FILE = "ShadowsTests/ShadowsTests-Info.plist";
				PRODUCT_NAME = "$(TARGET_NAME)";
				TEST_HOST = "$(BUNDLE_LOADER)";
				WRAPPER_EXTENSION = octest;
			};
			name = Release;
		};
/* End XCBuildConfiguration section */

/* Begin XCConfigurationList section */
		4CB8D3081436F03A0079949A /* Build configuration list for PBXProject "Shadows" */ = {
			isa = XCConfigurationList;
			buildConfigurations = (
				4CB8D33F1436F03A0079949A /* Debug */,
				4CB8D3401436F03A0079949A /* Release */,
			);
			defaultConfigurationIsVisible = 0;
			defaultConfigurationName = Release;
		};
		4CB8D3411436F03A0079949A /* Build configuration list for PBXNativeTarget "Shadows" */ = {
			isa = XCConfigurationList;
			buildConfigurations = (
				4CB8D3421436F03A0079949A /* Debug */,
				4CB8D3431436F03A0079949A /* Release */,
			);
			defaultConfigurationIsVisible = 0;
			defaultConfigurationName = Release;
		};
		4CB8D3441436F03A0079949A /* Build configuration list for PBXNativeTarget "ShadowsTests" */ = {
			isa = XCConfigurationList;
			buildConfigurations = (
				4CB8D3451436F03A0079949A /* Debug */,
				4CB8D3461436F03A0079949A /* Release */,
			);
			defaultConfigurationIsVisible = 0;
			defaultConfigurationName = Release;
		};
/* End XCConfigurationList section */
	};
	rootObject = 4CB8D3051436F03A0079949A /* Project object */;
}
