// !$*UTF8*$!
{
	archiveVersion = 1;
	classes = {
	};
	objectVersion = 46;
	objects = {

/* Begin PBXBuildFile section */
		4C1A6ABC1612562300E4F6A1 /* Cg.framework in Frameworks */ = {isa = PBXBuildFile; fileRef = 4C1A6ABB1612562300E4F6A1 /* Cg.framework */; };
		4C372FE814E47D8900FBAF6B /* libz.dylib in Frameworks */ = {isa = PBXBuildFile; fileRef = 4C372FE714E47D8800FBAF6B /* libz.dylib */; };
		4C392004160FD722005F5775 /* Clock.cpp in Sources */ = {isa = PBXBuildFile; fileRef = 4C391FFB160FD722005F5775 /* Clock.cpp */; };
		4C392005160FD722005F5775 /* String.cpp in Sources */ = {isa = PBXBuildFile; fileRef = 4C392001160FD722005F5775 /* String.cpp */; };
		4C4D2B7E155E46E2005EE885 /* App.cpp in Sources */ = {isa = PBXBuildFile; fileRef = 4C4D2B79155E46E2005EE885 /* App.cpp */; };
		4C4D2B7F155E46E2005EE885 /* Game.cpp in Sources */ = {isa = PBXBuildFile; fileRef = 4C4D2B7B155E46E2005EE885 /* Game.cpp */; };
		4C4D2B80155E46E2005EE885 /* main.cpp in Sources */ = {isa = PBXBuildFile; fileRef = 4C4D2B7D155E46E2005EE885 /* main.cpp */; };
		4C4D2C03155E50CB005EE885 /* Credits.rtf in Resources */ = {isa = PBXBuildFile; fileRef = 4C4D2BFD155E50CB005EE885 /* Credits.rtf */; };
		4C4D2C04155E50CB005EE885 /* InfoPlist.strings in Resources */ = {isa = PBXBuildFile; fileRef = 4C4D2BFF155E50CB005EE885 /* InfoPlist.strings */; };
		4C4D2C05155E50CB005EE885 /* MainMenu.xib in Resources */ = {isa = PBXBuildFile; fileRef = 4C4D2C01155E50CB005EE885 /* MainMenu.xib */; };
		4C5539B116810A0500C6EB83 /* FPSStats.cpp in Sources */ = {isa = PBXBuildFile; fileRef = 4C5539AD16810A0500C6EB83 /* FPSStats.cpp */; };
		4C5539B216810A0500C6EB83 /* RenderChannelInfo.cpp in Sources */ = {isa = PBXBuildFile; fileRef = 4C5539AF16810A0500C6EB83 /* RenderChannelInfo.cpp */; };
		4C553A3C16810A3D00C6EB83 /* AverageBlur.cpp in Sources */ = {isa = PBXBuildFile; fileRef = 4C5539B616810A3D00C6EB83 /* AverageBlur.cpp */; };
		4C553A3D16810A3D00C6EB83 /* Camera.cpp in Sources */ = {isa = PBXBuildFile; fileRef = 4C5539B916810A3D00C6EB83 /* Camera.cpp */; };
		4C553A4016810A3D00C6EB83 /* Color3.cpp in Sources */ = {isa = PBXBuildFile; fileRef = 4C5539C016810A3D00C6EB83 /* Color3.cpp */; };
		4C553A4116810A3D00C6EB83 /* Color4.cpp in Sources */ = {isa = PBXBuildFile; fileRef = 4C5539C216810A3D00C6EB83 /* Color4.cpp */; };
		4C553A4416810A3D00C6EB83 /* DeferredClearBuffersPass.cpp in Sources */ = {isa = PBXBuildFile; fileRef = 4C5539C916810A3D00C6EB83 /* DeferredClearBuffersPass.cpp */; };
		4C553A4516810A3D00C6EB83 /* DeferredCompositionPass.cpp in Sources */ = {isa = PBXBuildFile; fileRef = 4C5539CB16810A3D00C6EB83 /* DeferredCompositionPass.cpp */; };
		4C553A4616810A3D00C6EB83 /* DeferredDirectionalLightsPass.cpp in Sources */ = {isa = PBXBuildFile; fileRef = 4C5539CD16810A3D00C6EB83 /* DeferredDirectionalLightsPass.cpp */; };
		4C553A4716810A3D00C6EB83 /* DeferredFullScreenBlurPass.cpp in Sources */ = {isa = PBXBuildFile; fileRef = 4C5539CF16810A3D00C6EB83 /* DeferredFullScreenBlurPass.cpp */; };
		4C553A4816810A3D00C6EB83 /* DeferredFXAAPass.cpp in Sources */ = {isa = PBXBuildFile; fileRef = 4C5539D116810A3D00C6EB83 /* DeferredFXAAPass.cpp */; };
		4C553A4916810A3D00C6EB83 /* DeferredGeometryPass.cpp in Sources */ = {isa = PBXBuildFile; fileRef = 4C5539D316810A3D00C6EB83 /* DeferredGeometryPass.cpp */; };
		4C553A4A16810A3D00C6EB83 /* DeferredGodRaysPass.cpp in Sources */ = {isa = PBXBuildFile; fileRef = 4C5539D516810A3D00C6EB83 /* DeferredGodRaysPass.cpp */; };
		4C553A4B16810A3D00C6EB83 /* DeferredInitRenderStage.cpp in Sources */ = {isa = PBXBuildFile; fileRef = 4C5539D716810A3D00C6EB83 /* DeferredInitRenderStage.cpp */; };
		4C553A4C16810A3D00C6EB83 /* DeferredLightingRenderStage.cpp in Sources */ = {isa = PBXBuildFile; fileRef = 4C5539D916810A3D00C6EB83 /* DeferredLightingRenderStage.cpp */; };
		4C553A4D16810A3D00C6EB83 /* DeferredPointLightsPass.cpp in Sources */ = {isa = PBXBuildFile; fileRef = 4C5539DB16810A3D00C6EB83 /* DeferredPointLightsPass.cpp */; };
		4C553A4E16810A3D00C6EB83 /* DeferredPostProcessingStage.cpp in Sources */ = {isa = PBXBuildFile; fileRef = 4C5539DD16810A3D00C6EB83 /* DeferredPostProcessingStage.cpp */; };
		4C553A4F16810A3D00C6EB83 /* DeferredPresentStage.cpp in Sources */ = {isa = PBXBuildFile; fileRef = 4C5539DF16810A3D00C6EB83 /* DeferredPresentStage.cpp */; };
		4C553A5016810A3D00C6EB83 /* DeferredShadowPass.cpp in Sources */ = {isa = PBXBuildFile; fileRef = 4C5539E216810A3D00C6EB83 /* DeferredShadowPass.cpp */; };
		4C553A5116810A3D00C6EB83 /* DeferredSkyBoxPass.cpp in Sources */ = {isa = PBXBuildFile; fileRef = 4C5539E416810A3D00C6EB83 /* DeferredSkyBoxPass.cpp */; };
		4C553A5216810A3D00C6EB83 /* DeferredSkyRenderStage.cpp in Sources */ = {isa = PBXBuildFile; fileRef = 4C5539E616810A3D00C6EB83 /* DeferredSkyRenderStage.cpp */; };
		4C553A5316810A3D00C6EB83 /* DeferredSpotLightsPass.cpp in Sources */ = {isa = PBXBuildFile; fileRef = 4C5539E816810A3D00C6EB83 /* DeferredSpotLightsPass.cpp */; };
		4C553A5416810A3D00C6EB83 /* DeferredSSAOPass.cpp in Sources */ = {isa = PBXBuildFile; fileRef = 4C5539EA16810A3D00C6EB83 /* DeferredSSAOPass.cpp */; };
		4C553A5616810A3D00C6EB83 /* DirectionalLight.cpp in Sources */ = {isa = PBXBuildFile; fileRef = 4C5539EE16810A3D00C6EB83 /* DirectionalLight.cpp */; };
		4C553A5716810A3D00C6EB83 /* DirectXVertexDataFormatter.cpp in Sources */ = {isa = PBXBuildFile; fileRef = 4C5539F116810A3D00C6EB83 /* DirectXVertexDataFormatter.cpp */; };
		4C553A5816810A3D00C6EB83 /* EffectCache.cpp in Sources */ = {isa = PBXBuildFile; fileRef = 4C5539F316810A3D00C6EB83 /* EffectCache.cpp */; };
		4C553A5916810A3D00C6EB83 /* Font.cpp in Sources */ = {isa = PBXBuildFile; fileRef = 4C5539F716810A3D00C6EB83 /* Font.cpp */; };
		4C553A5A16810A3D00C6EB83 /* GaussianBlur.cpp in Sources */ = {isa = PBXBuildFile; fileRef = 4C5539FA16810A3D00C6EB83 /* GaussianBlur.cpp */; };
		4C553A5B16810A3D00C6EB83 /* Geometry.cpp in Sources */ = {isa = PBXBuildFile; fileRef = 4C5539FC16810A3D00C6EB83 /* Geometry.cpp */; };
		4C553A5C16810A3D00C6EB83 /* GraphicsInterface.cpp in Sources */ = {isa = PBXBuildFile; fileRef = 4C553A0016810A3D00C6EB83 /* GraphicsInterface.cpp */; };
		4C553A5E16810A3D00C6EB83 /* HeightMap.cpp in Sources */ = {isa = PBXBuildFile; fileRef = 4C553A0316810A3D00C6EB83 /* HeightMap.cpp */; };
		4C553A5F16810A3D00C6EB83 /* IEffect.cpp in Sources */ = {isa = PBXBuildFile; fileRef = 4C553A0A16810A3D00C6EB83 /* IEffect.cpp */; };
		4C553A6016810A3D00C6EB83 /* IGraphicsInterface.cpp in Sources */ = {isa = PBXBuildFile; fileRef = 4C553A0C16810A3D00C6EB83 /* IGraphicsInterface.cpp */; };
		4C553A6116810A3D00C6EB83 /* Label.cpp in Sources */ = {isa = PBXBuildFile; fileRef = 4C553A1016810A3D00C6EB83 /* Label.cpp */; };
		4C553A6216810A3D00C6EB83 /* Light.cpp in Sources */ = {isa = PBXBuildFile; fileRef = 4C553A1216810A3D00C6EB83 /* Light.cpp */; };
		4C553A6316810A3D00C6EB83 /* Light.inl in Resources */ = {isa = PBXBuildFile; fileRef = 4C553A1416810A3D00C6EB83 /* Light.inl */; };
		4C553A6416810A3D00C6EB83 /* Material.cpp in Sources */ = {isa = PBXBuildFile; fileRef = 4C553A1516810A3D00C6EB83 /* Material.cpp */; };
		4C553A6516810A3D00C6EB83 /* Mesh.cpp in Sources */ = {isa = PBXBuildFile; fileRef = 4C553A1916810A3D00C6EB83 /* Mesh.cpp */; };
		4C553A6616810A3D00C6EB83 /* Model.cpp in Sources */ = {isa = PBXBuildFile; fileRef = 4C553A1C16810A3D00C6EB83 /* Model.cpp */; };
		4C553A6716810A3D00C6EB83 /* OpenGL21GraphicsInterface.cpp in Sources */ = {isa = PBXBuildFile; fileRef = 4C553A1F16810A3D00C6EB83 /* OpenGL21GraphicsInterface.cpp */; };
		4C553A6816810A3D00C6EB83 /* PointLight.cpp in Sources */ = {isa = PBXBuildFile; fileRef = 4C553A2416810A3D00C6EB83 /* PointLight.cpp */; };
		4C553A6B16810A3D00C6EB83 /* Renderer3dDeferred.cpp in Sources */ = {isa = PBXBuildFile; fileRef = 4C553A2A16810A3D00C6EB83 /* Renderer3dDeferred.cpp */; };
		4C553A6C16810A3D00C6EB83 /* SkyDome.cpp in Sources */ = {isa = PBXBuildFile; fileRef = 4C553A2E16810A3D00C6EB83 /* SkyDome.cpp */; };
		4C553A6D16810A3D00C6EB83 /* SpotLight.cpp in Sources */ = {isa = PBXBuildFile; fileRef = 4C553A3016810A3D00C6EB83 /* SpotLight.cpp */; };
		4C553A6E16810A3D00C6EB83 /* Texture.cpp in Sources */ = {isa = PBXBuildFile; fileRef = 4C553A3216810A3D00C6EB83 /* Texture.cpp */; };
		4C553A6F16810A3D00C6EB83 /* UI.cpp in Sources */ = {isa = PBXBuildFile; fileRef = 4C553A3416810A3D00C6EB83 /* UI.cpp */; };
		4C553A7016810A3D00C6EB83 /* WorldLoader.cpp in Sources */ = {isa = PBXBuildFile; fileRef = 4C553A3A16810A3D00C6EB83 /* WorldLoader.cpp */; };
		4C553A8616810AA000C6EB83 /* CharFntLineParser.cpp in Sources */ = {isa = PBXBuildFile; fileRef = 4C553A7116810AA000C6EB83 /* CharFntLineParser.cpp */; };
		4C553A8716810AA000C6EB83 /* DDSImage.cpp in Sources */ = {isa = PBXBuildFile; fileRef = 4C553A7416810AA000C6EB83 /* DDSImage.cpp */; };
		4C553A8816810AA000C6EB83 /* Endian.cpp in Sources */ = {isa = PBXBuildFile; fileRef = 4C553A7716810AA000C6EB83 /* Endian.cpp */; };
		4C553A8916810AA000C6EB83 /* File.cpp in Sources */ = {isa = PBXBuildFile; fileRef = 4C553A7916810AA000C6EB83 /* File.cpp */; };
		4C553A8A16810AA000C6EB83 /* FntFileParser.cpp in Sources */ = {isa = PBXBuildFile; fileRef = 4C553A7B16810AA000C6EB83 /* FntFileParser.cpp */; };
		4C553A8B16810AA000C6EB83 /* Image.cpp in Sources */ = {isa = PBXBuildFile; fileRef = 4C553A7F16810AA000C6EB83 /* Image.cpp */; };
		4C553A8C16810AA000C6EB83 /* Log.cpp in Sources */ = {isa = PBXBuildFile; fileRef = 4C553A8116810AA000C6EB83 /* Log.cpp */; };
		4C553A8E16810AA000C6EB83 /* Path.mm in Sources */ = {isa = PBXBuildFile; fileRef = 4C553A8516810AA000C6EB83 /* Path.mm */; };
		4C553AA616810AE700C6EB83 /* Angles.cpp in Sources */ = {isa = PBXBuildFile; fileRef = 4C553A8F16810AE700C6EB83 /* Angles.cpp */; };
		4C553AA716810AE700C6EB83 /* Frustum.cpp in Sources */ = {isa = PBXBuildFile; fileRef = 4C553A9116810AE700C6EB83 /* Frustum.cpp */; };
		4C553AA816810AE700C6EB83 /* Interpolation.cpp in Sources */ = {isa = PBXBuildFile; fileRef = 4C553A9316810AE700C6EB83 /* Interpolation.cpp */; };
		4C553AA916810AE700C6EB83 /* Matrix3x3.cpp in Sources */ = {isa = PBXBuildFile; fileRef = 4C553A9516810AE700C6EB83 /* Matrix3x3.cpp */; };
		4C553AAA16810AE700C6EB83 /* Matrix4x4.cpp in Sources */ = {isa = PBXBuildFile; fileRef = 4C553A9716810AE700C6EB83 /* Matrix4x4.cpp */; };
		4C553AAB16810AE700C6EB83 /* Matrix4x4.cpp.old in Resources */ = {isa = PBXBuildFile; fileRef = 4C553A9816810AE700C6EB83 /* Matrix4x4.cpp.old */; };
		4C553AAC16810AE700C6EB83 /* Plane.cpp in Sources */ = {isa = PBXBuildFile; fileRef = 4C553A9A16810AE700C6EB83 /* Plane.cpp */; };
		4C553AAD16810AE700C6EB83 /* Random.cpp in Sources */ = {isa = PBXBuildFile; fileRef = 4C553A9D16810AE700C6EB83 /* Random.cpp */; };
		4C553AAE16810AE700C6EB83 /* Vector2.cpp in Sources */ = {isa = PBXBuildFile; fileRef = 4C553AA016810AE700C6EB83 /* Vector2.cpp */; };
		4C553AAF16810AE700C6EB83 /* Vector3.cpp in Sources */ = {isa = PBXBuildFile; fileRef = 4C553AA216810AE700C6EB83 /* Vector3.cpp */; };
		4C553AB016810AE700C6EB83 /* Vector4.cpp in Sources */ = {isa = PBXBuildFile; fileRef = 4C553AA416810AE700C6EB83 /* Vector4.cpp */; };
		4C553AB216810B4000C6EB83 /* OpenGLEffect.cpp in Sources */ = {isa = PBXBuildFile; fileRef = 4C553AB116810B4000C6EB83 /* OpenGLEffect.cpp */; };
		4C6CBA69161113E600D4A7C7 /* Mouse.cpp in Sources */ = {isa = PBXBuildFile; fileRef = 4C6CBA68161113E600D4A7C7 /* Mouse.cpp */; };
		4C8E100714F03D450095F390 /* QuartzCore.framework in Frameworks */ = {isa = PBXBuildFile; fileRef = 4C8E100614F03D450095F390 /* QuartzCore.framework */; };
		4C94129A1438203800D9357E /* ApplicationServices.framework in Frameworks */ = {isa = PBXBuildFile; fileRef = 4C9412991438203800D9357E /* ApplicationServices.framework */; };
		4C96E81616184532000D227F /* elements.inl in Resources */ = {isa = PBXBuildFile; fileRef = 4C96E81316184532000D227F /* elements.inl */; };
		4C96E81716184532000D227F /* reader.inl in Resources */ = {isa = PBXBuildFile; fileRef = 4C96E81416184532000D227F /* reader.inl */; };
		4C96E81816184532000D227F /* writer.inl in Resources */ = {isa = PBXBuildFile; fileRef = 4C96E81516184532000D227F /* writer.inl */; };
		4CB28511144699D300A26530 /* OpenGL.framework in Frameworks */ = {isa = PBXBuildFile; fileRef = 4CB28510144699D300A26530 /* OpenGL.framework */; };
		4CB8D3131436F03A0079949A /* Cocoa.framework in Frameworks */ = {isa = PBXBuildFile; fileRef = 4CB8D3121436F03A0079949A /* Cocoa.framework */; };
		4CB8D3311436F03A0079949A /* SenTestingKit.framework in Frameworks */ = {isa = PBXBuildFile; fileRef = 4CB8D3301436F03A0079949A /* SenTestingKit.framework */; };
		4CB8D3321436F03A0079949A /* Cocoa.framework in Frameworks */ = {isa = PBXBuildFile; fileRef = 4CB8D3121436F03A0079949A /* Cocoa.framework */; };
		4CD90F921611037100D5F1B3 /* BinaryModelDeserializer.cpp in Sources */ = {isa = PBXBuildFile; fileRef = 4CD90F901611037100D5F1B3 /* BinaryModelDeserializer.cpp */; };
		4CD90F9E161105BC00D5F1B3 /* Pad.cpp in Sources */ = {isa = PBXBuildFile; fileRef = 4CD90F9C161105BC00D5F1B3 /* Pad.cpp */; };
		4CD90FA516110E7600D5F1B3 /* Keyboard.cpp in Sources */ = {isa = PBXBuildFile; fileRef = 4CD90FA416110E7600D5F1B3 /* Keyboard.cpp */; };
/* End PBXBuildFile section */

/* Begin PBXContainerItemProxy section */
		4CB8D3331436F03A0079949A /* PBXContainerItemProxy */ = {
			isa = PBXContainerItemProxy;
			containerPortal = 4CB8D3051436F03A0079949A /* Project object */;
			proxyType = 1;
			remoteGlobalIDString = 4CB8D30D1436F03A0079949A;
			remoteInfo = Shadows;
		};
/* End PBXContainerItemProxy section */

/* Begin PBXFileReference section */
		4C1A6AB8161255C500E4F6A1 /* IKeyboardListener.h */ = {isa = PBXFileReference; fileEncoding = 4; lastKnownFileType = sourcecode.c.h; name = IKeyboardListener.h; path = input/IKeyboardListener.h; sourceTree = "<group>"; };
		4C1A6AB9161255C500E4F6A1 /* NullKeyboard.h */ = {isa = PBXFileReference; fileEncoding = 4; lastKnownFileType = sourcecode.c.h; name = NullKeyboard.h; path = input/NullKeyboard.h; sourceTree = "<group>"; };
		4C1A6ABB1612562300E4F6A1 /* Cg.framework */ = {isa = PBXFileReference; lastKnownFileType = wrapper.framework; name = Cg.framework; path = ../../../../../../Library/Frameworks/Cg.framework; sourceTree = "<group>"; };
		4C372FE714E47D8800FBAF6B /* libz.dylib */ = {isa = PBXFileReference; lastKnownFileType = "compiled.mach-o.dylib"; name = libz.dylib; path = usr/lib/libz.dylib; sourceTree = SDKROOT; };
		4C391FFA160FD722005F5775 /* Any.h */ = {isa = PBXFileReference; fileEncoding = 4; lastKnownFileType = sourcecode.c.h; path = Any.h; sourceTree = "<group>"; };
		4C391FFB160FD722005F5775 /* Clock.cpp */ = {isa = PBXFileReference; fileEncoding = 4; lastKnownFileType = sourcecode.cpp.cpp; path = Clock.cpp; sourceTree = "<group>"; };
		4C391FFC160FD722005F5775 /* Clock.h */ = {isa = PBXFileReference; fileEncoding = 4; lastKnownFileType = sourcecode.c.h; path = Clock.h; sourceTree = "<group>"; };
		4C391FFD160FD722005F5775 /* HashMap.h */ = {isa = PBXFileReference; fileEncoding = 4; lastKnownFileType = sourcecode.c.h; path = HashMap.h; sourceTree = "<group>"; };
		4C391FFE160FD722005F5775 /* Size.h */ = {isa = PBXFileReference; fileEncoding = 4; lastKnownFileType = sourcecode.c.h; path = Size.h; sourceTree = "<group>"; };
		4C391FFF160FD722005F5775 /* Standard.h */ = {isa = PBXFileReference; fileEncoding = 4; lastKnownFileType = sourcecode.c.h; path = Standard.h; sourceTree = "<group>"; };
		4C392000160FD722005F5775 /* StandardNamespace.h */ = {isa = PBXFileReference; fileEncoding = 4; lastKnownFileType = sourcecode.c.h; path = StandardNamespace.h; sourceTree = "<group>"; };
		4C392001160FD722005F5775 /* String.cpp */ = {isa = PBXFileReference; fileEncoding = 4; lastKnownFileType = sourcecode.cpp.cpp; path = String.cpp; sourceTree = "<group>"; };
		4C392002160FD722005F5775 /* String.h */ = {isa = PBXFileReference; fileEncoding = 4; lastKnownFileType = sourcecode.c.h; path = String.h; sourceTree = "<group>"; };
		4C392003160FD722005F5775 /* Types.h */ = {isa = PBXFileReference; fileEncoding = 4; lastKnownFileType = sourcecode.c.h; path = Types.h; sourceTree = "<group>"; };
		4C4D2B79155E46E2005EE885 /* App.cpp */ = {isa = PBXFileReference; fileEncoding = 4; lastKnownFileType = sourcecode.cpp.cpp; path = App.cpp; sourceTree = "<group>"; };
		4C4D2B7A155E46E2005EE885 /* App.h */ = {isa = PBXFileReference; fileEncoding = 4; lastKnownFileType = sourcecode.c.h; path = App.h; sourceTree = "<group>"; };
		4C4D2B7B155E46E2005EE885 /* Game.cpp */ = {isa = PBXFileReference; fileEncoding = 4; lastKnownFileType = sourcecode.cpp.cpp; lineEnding = 0; path = Game.cpp; sourceTree = "<group>"; xcLanguageSpecificationIdentifier = xcode.lang.cpp; };
		4C4D2B7C155E46E2005EE885 /* Game.h */ = {isa = PBXFileReference; fileEncoding = 4; lastKnownFileType = sourcecode.c.h; path = Game.h; sourceTree = "<group>"; };
		4C4D2B7D155E46E2005EE885 /* main.cpp */ = {isa = PBXFileReference; fileEncoding = 4; lastKnownFileType = sourcecode.cpp.cpp; path = main.cpp; sourceTree = "<group>"; };
		4C4D2BFE155E50CB005EE885 /* en */ = {isa = PBXFileReference; lastKnownFileType = text.rtf; name = en; path = en.lproj/Credits.rtf; sourceTree = "<group>"; };
		4C4D2C00155E50CB005EE885 /* en */ = {isa = PBXFileReference; lastKnownFileType = text.plist.strings; name = en; path = en.lproj/InfoPlist.strings; sourceTree = "<group>"; };
		4C4D2C02155E50CB005EE885 /* en */ = {isa = PBXFileReference; lastKnownFileType = file.xib; name = en; path = en.lproj/MainMenu.xib; sourceTree = "<group>"; };
		4C5539A81681099600C6EB83 /* IRenderChannelInfoService.h */ = {isa = PBXFileReference; fileEncoding = 4; lastKnownFileType = sourcecode.c.h; name = IRenderChannelInfoService.h; path = services/IRenderChannelInfoService.h; sourceTree = "<group>"; };
		4C5539AD16810A0500C6EB83 /* FPSStats.cpp */ = {isa = PBXFileReference; fileEncoding = 4; lastKnownFileType = sourcecode.cpp.cpp; name = FPSStats.cpp; path = ui/FPSStats.cpp; sourceTree = "<group>"; };
		4C5539AE16810A0500C6EB83 /* FPSStats.h */ = {isa = PBXFileReference; fileEncoding = 4; lastKnownFileType = sourcecode.c.h; name = FPSStats.h; path = ui/FPSStats.h; sourceTree = "<group>"; };
		4C5539AF16810A0500C6EB83 /* RenderChannelInfo.cpp */ = {isa = PBXFileReference; fileEncoding = 4; lastKnownFileType = sourcecode.cpp.cpp; name = RenderChannelInfo.cpp; path = ui/RenderChannelInfo.cpp; sourceTree = "<group>"; };
		4C5539B016810A0500C6EB83 /* RenderChannelInfo.h */ = {isa = PBXFileReference; fileEncoding = 4; lastKnownFileType = sourcecode.c.h; name = RenderChannelInfo.h; path = ui/RenderChannelInfo.h; sourceTree = "<group>"; };
		4C5539B616810A3D00C6EB83 /* AverageBlur.cpp */ = {isa = PBXFileReference; fileEncoding = 4; lastKnownFileType = sourcecode.cpp.cpp; path = AverageBlur.cpp; sourceTree = "<group>"; };
		4C5539B716810A3D00C6EB83 /* AverageBlur.h */ = {isa = PBXFileReference; fileEncoding = 4; lastKnownFileType = sourcecode.c.h; path = AverageBlur.h; sourceTree = "<group>"; };
		4C5539B816810A3D00C6EB83 /* Blah.h */ = {isa = PBXFileReference; fileEncoding = 4; lastKnownFileType = sourcecode.c.h; path = Blah.h; sourceTree = "<group>"; };
		4C5539B916810A3D00C6EB83 /* Camera.cpp */ = {isa = PBXFileReference; fileEncoding = 4; lastKnownFileType = sourcecode.cpp.cpp; path = Camera.cpp; sourceTree = "<group>"; };
		4C5539BA16810A3D00C6EB83 /* Camera.h */ = {isa = PBXFileReference; fileEncoding = 4; lastKnownFileType = sourcecode.c.h; path = Camera.h; sourceTree = "<group>"; };
		4C5539C016810A3D00C6EB83 /* Color3.cpp */ = {isa = PBXFileReference; fileEncoding = 4; lastKnownFileType = sourcecode.cpp.cpp; path = Color3.cpp; sourceTree = "<group>"; };
		4C5539C116810A3D00C6EB83 /* Color3.h */ = {isa = PBXFileReference; fileEncoding = 4; lastKnownFileType = sourcecode.c.h; path = Color3.h; sourceTree = "<group>"; };
		4C5539C216810A3D00C6EB83 /* Color4.cpp */ = {isa = PBXFileReference; fileEncoding = 4; lastKnownFileType = sourcecode.cpp.cpp; path = Color4.cpp; sourceTree = "<group>"; };
		4C5539C316810A3D00C6EB83 /* Color4.h */ = {isa = PBXFileReference; fileEncoding = 4; lastKnownFileType = sourcecode.c.h; path = Color4.h; sourceTree = "<group>"; };
		4C5539C416810A3D00C6EB83 /* Control.h */ = {isa = PBXFileReference; fileEncoding = 4; lastKnownFileType = sourcecode.c.h; path = Control.h; sourceTree = "<group>"; };
		4C5539C916810A3D00C6EB83 /* DeferredClearBuffersPass.cpp */ = {isa = PBXFileReference; fileEncoding = 4; lastKnownFileType = sourcecode.cpp.cpp; path = DeferredClearBuffersPass.cpp; sourceTree = "<group>"; };
		4C5539CA16810A3D00C6EB83 /* DeferredClearBuffersPass.h */ = {isa = PBXFileReference; fileEncoding = 4; lastKnownFileType = sourcecode.c.h; path = DeferredClearBuffersPass.h; sourceTree = "<group>"; };
		4C5539CB16810A3D00C6EB83 /* DeferredCompositionPass.cpp */ = {isa = PBXFileReference; fileEncoding = 4; lastKnownFileType = sourcecode.cpp.cpp; path = DeferredCompositionPass.cpp; sourceTree = "<group>"; };
		4C5539CC16810A3D00C6EB83 /* DeferredCompositionPass.h */ = {isa = PBXFileReference; fileEncoding = 4; lastKnownFileType = sourcecode.c.h; path = DeferredCompositionPass.h; sourceTree = "<group>"; };
		4C5539CD16810A3D00C6EB83 /* DeferredDirectionalLightsPass.cpp */ = {isa = PBXFileReference; fileEncoding = 4; lastKnownFileType = sourcecode.cpp.cpp; path = DeferredDirectionalLightsPass.cpp; sourceTree = "<group>"; };
		4C5539CE16810A3D00C6EB83 /* DeferredDirectionalLightsPass.h */ = {isa = PBXFileReference; fileEncoding = 4; lastKnownFileType = sourcecode.c.h; path = DeferredDirectionalLightsPass.h; sourceTree = "<group>"; };
		4C5539CF16810A3D00C6EB83 /* DeferredFullScreenBlurPass.cpp */ = {isa = PBXFileReference; fileEncoding = 4; lastKnownFileType = sourcecode.cpp.cpp; path = DeferredFullScreenBlurPass.cpp; sourceTree = "<group>"; };
		4C5539D016810A3D00C6EB83 /* DeferredFullScreenBlurPass.h */ = {isa = PBXFileReference; fileEncoding = 4; lastKnownFileType = sourcecode.c.h; path = DeferredFullScreenBlurPass.h; sourceTree = "<group>"; };
		4C5539D116810A3D00C6EB83 /* DeferredFXAAPass.cpp */ = {isa = PBXFileReference; fileEncoding = 4; lastKnownFileType = sourcecode.cpp.cpp; path = DeferredFXAAPass.cpp; sourceTree = "<group>"; };
		4C5539D216810A3D00C6EB83 /* DeferredFXAAPass.h */ = {isa = PBXFileReference; fileEncoding = 4; lastKnownFileType = sourcecode.c.h; path = DeferredFXAAPass.h; sourceTree = "<group>"; };
		4C5539D316810A3D00C6EB83 /* DeferredGeometryPass.cpp */ = {isa = PBXFileReference; fileEncoding = 4; lastKnownFileType = sourcecode.cpp.cpp; path = DeferredGeometryPass.cpp; sourceTree = "<group>"; };
		4C5539D416810A3D00C6EB83 /* DeferredGeometryPass.h */ = {isa = PBXFileReference; fileEncoding = 4; lastKnownFileType = sourcecode.c.h; path = DeferredGeometryPass.h; sourceTree = "<group>"; };
		4C5539D516810A3D00C6EB83 /* DeferredGodRaysPass.cpp */ = {isa = PBXFileReference; fileEncoding = 4; lastKnownFileType = sourcecode.cpp.cpp; path = DeferredGodRaysPass.cpp; sourceTree = "<group>"; };
		4C5539D616810A3D00C6EB83 /* DeferredGodRaysPass.h */ = {isa = PBXFileReference; fileEncoding = 4; lastKnownFileType = sourcecode.c.h; path = DeferredGodRaysPass.h; sourceTree = "<group>"; };
		4C5539D716810A3D00C6EB83 /* DeferredInitRenderStage.cpp */ = {isa = PBXFileReference; fileEncoding = 4; lastKnownFileType = sourcecode.cpp.cpp; path = DeferredInitRenderStage.cpp; sourceTree = "<group>"; };
		4C5539D816810A3D00C6EB83 /* DeferredInitRenderStage.h */ = {isa = PBXFileReference; fileEncoding = 4; lastKnownFileType = sourcecode.c.h; path = DeferredInitRenderStage.h; sourceTree = "<group>"; };
		4C5539D916810A3D00C6EB83 /* DeferredLightingRenderStage.cpp */ = {isa = PBXFileReference; fileEncoding = 4; lastKnownFileType = sourcecode.cpp.cpp; path = DeferredLightingRenderStage.cpp; sourceTree = "<group>"; };
		4C5539DA16810A3D00C6EB83 /* DeferredLightingRenderStage.h */ = {isa = PBXFileReference; fileEncoding = 4; lastKnownFileType = sourcecode.c.h; path = DeferredLightingRenderStage.h; sourceTree = "<group>"; };
		4C5539DB16810A3D00C6EB83 /* DeferredPointLightsPass.cpp */ = {isa = PBXFileReference; fileEncoding = 4; lastKnownFileType = sourcecode.cpp.cpp; path = DeferredPointLightsPass.cpp; sourceTree = "<group>"; };
		4C5539DC16810A3D00C6EB83 /* DeferredPointLightsPass.h */ = {isa = PBXFileReference; fileEncoding = 4; lastKnownFileType = sourcecode.c.h; path = DeferredPointLightsPass.h; sourceTree = "<group>"; };
		4C5539DD16810A3D00C6EB83 /* DeferredPostProcessingStage.cpp */ = {isa = PBXFileReference; fileEncoding = 4; lastKnownFileType = sourcecode.cpp.cpp; path = DeferredPostProcessingStage.cpp; sourceTree = "<group>"; };
		4C5539DE16810A3D00C6EB83 /* DeferredPostProcessingStage.h */ = {isa = PBXFileReference; fileEncoding = 4; lastKnownFileType = sourcecode.c.h; path = DeferredPostProcessingStage.h; sourceTree = "<group>"; };
		4C5539DF16810A3D00C6EB83 /* DeferredPresentStage.cpp */ = {isa = PBXFileReference; fileEncoding = 4; lastKnownFileType = sourcecode.cpp.cpp; path = DeferredPresentStage.cpp; sourceTree = "<group>"; };
		4C5539E016810A3D00C6EB83 /* DeferredPresentStage.h */ = {isa = PBXFileReference; fileEncoding = 4; lastKnownFileType = sourcecode.c.h; path = DeferredPresentStage.h; sourceTree = "<group>"; };
		4C5539E116810A3D00C6EB83 /* DeferredRenderTarget.h */ = {isa = PBXFileReference; fileEncoding = 4; lastKnownFileType = sourcecode.c.h; path = DeferredRenderTarget.h; sourceTree = "<group>"; };
		4C5539E216810A3D00C6EB83 /* DeferredShadowPass.cpp */ = {isa = PBXFileReference; fileEncoding = 4; lastKnownFileType = sourcecode.cpp.cpp; path = DeferredShadowPass.cpp; sourceTree = "<group>"; };
		4C5539E316810A3D00C6EB83 /* DeferredShadowPass.h */ = {isa = PBXFileReference; fileEncoding = 4; lastKnownFileType = sourcecode.c.h; path = DeferredShadowPass.h; sourceTree = "<group>"; };
		4C5539E416810A3D00C6EB83 /* DeferredSkyBoxPass.cpp */ = {isa = PBXFileReference; fileEncoding = 4; lastKnownFileType = sourcecode.cpp.cpp; path = DeferredSkyBoxPass.cpp; sourceTree = "<group>"; };
		4C5539E516810A3D00C6EB83 /* DeferredSkyBoxPass.h */ = {isa = PBXFileReference; fileEncoding = 4; lastKnownFileType = sourcecode.c.h; path = DeferredSkyBoxPass.h; sourceTree = "<group>"; };
		4C5539E616810A3D00C6EB83 /* DeferredSkyRenderStage.cpp */ = {isa = PBXFileReference; fileEncoding = 4; lastKnownFileType = sourcecode.cpp.cpp; path = DeferredSkyRenderStage.cpp; sourceTree = "<group>"; };
		4C5539E716810A3D00C6EB83 /* DeferredSkyRenderStage.h */ = {isa = PBXFileReference; fileEncoding = 4; lastKnownFileType = sourcecode.c.h; path = DeferredSkyRenderStage.h; sourceTree = "<group>"; };
		4C5539E816810A3D00C6EB83 /* DeferredSpotLightsPass.cpp */ = {isa = PBXFileReference; fileEncoding = 4; lastKnownFileType = sourcecode.cpp.cpp; path = DeferredSpotLightsPass.cpp; sourceTree = "<group>"; };
		4C5539E916810A3D00C6EB83 /* DeferredSpotLightsPass.h */ = {isa = PBXFileReference; fileEncoding = 4; lastKnownFileType = sourcecode.c.h; path = DeferredSpotLightsPass.h; sourceTree = "<group>"; };
		4C5539EA16810A3D00C6EB83 /* DeferredSSAOPass.cpp */ = {isa = PBXFileReference; fileEncoding = 4; lastKnownFileType = sourcecode.cpp.cpp; path = DeferredSSAOPass.cpp; sourceTree = "<group>"; };
		4C5539EB16810A3D00C6EB83 /* DeferredSSAOPass.h */ = {isa = PBXFileReference; fileEncoding = 4; lastKnownFileType = sourcecode.c.h; path = DeferredSSAOPass.h; sourceTree = "<group>"; };
		4C5539EE16810A3D00C6EB83 /* DirectionalLight.cpp */ = {isa = PBXFileReference; fileEncoding = 4; lastKnownFileType = sourcecode.cpp.cpp; path = DirectionalLight.cpp; sourceTree = "<group>"; };
		4C5539EF16810A3D00C6EB83 /* DirectionalLight.h */ = {isa = PBXFileReference; fileEncoding = 4; lastKnownFileType = sourcecode.c.h; path = DirectionalLight.h; sourceTree = "<group>"; };
		4C5539F016810A3D00C6EB83 /* DirectXTexture.h */ = {isa = PBXFileReference; fileEncoding = 4; lastKnownFileType = sourcecode.c.h; path = DirectXTexture.h; sourceTree = "<group>"; };
		4C5539F116810A3D00C6EB83 /* DirectXVertexDataFormatter.cpp */ = {isa = PBXFileReference; fileEncoding = 4; lastKnownFileType = sourcecode.cpp.cpp; path = DirectXVertexDataFormatter.cpp; sourceTree = "<group>"; };
		4C5539F216810A3D00C6EB83 /* DirectxVertexDataFormatter.h */ = {isa = PBXFileReference; fileEncoding = 4; lastKnownFileType = sourcecode.c.h; path = DirectxVertexDataFormatter.h; sourceTree = "<group>"; };
		4C5539F316810A3D00C6EB83 /* EffectCache.cpp */ = {isa = PBXFileReference; fileEncoding = 4; lastKnownFileType = sourcecode.cpp.cpp; path = EffectCache.cpp; sourceTree = "<group>"; };
		4C5539F416810A3D00C6EB83 /* EffectCache.h */ = {isa = PBXFileReference; fileEncoding = 4; lastKnownFileType = sourcecode.c.h; path = EffectCache.h; sourceTree = "<group>"; };
		4C5539F516810A3D00C6EB83 /* FloatMaterialParameter.h */ = {isa = PBXFileReference; fileEncoding = 4; lastKnownFileType = sourcecode.c.h; path = FloatMaterialParameter.h; sourceTree = "<group>"; };
		4C5539F616810A3D00C6EB83 /* FogTypes.h */ = {isa = PBXFileReference; fileEncoding = 4; lastKnownFileType = sourcecode.c.h; path = FogTypes.h; sourceTree = "<group>"; };
		4C5539F716810A3D00C6EB83 /* Font.cpp */ = {isa = PBXFileReference; fileEncoding = 4; lastKnownFileType = sourcecode.cpp.cpp; path = Font.cpp; sourceTree = "<group>"; };
		4C5539F816810A3D00C6EB83 /* Font.h */ = {isa = PBXFileReference; fileEncoding = 4; lastKnownFileType = sourcecode.c.h; path = Font.h; sourceTree = "<group>"; };
		4C5539F916810A3D00C6EB83 /* FontCharacter.h */ = {isa = PBXFileReference; fileEncoding = 4; lastKnownFileType = sourcecode.c.h; path = FontCharacter.h; sourceTree = "<group>"; };
		4C5539FA16810A3D00C6EB83 /* GaussianBlur.cpp */ = {isa = PBXFileReference; fileEncoding = 4; lastKnownFileType = sourcecode.cpp.cpp; path = GaussianBlur.cpp; sourceTree = "<group>"; };
		4C5539FB16810A3D00C6EB83 /* GaussianBlur.h */ = {isa = PBXFileReference; fileEncoding = 4; lastKnownFileType = sourcecode.c.h; path = GaussianBlur.h; sourceTree = "<group>"; };
		4C5539FC16810A3D00C6EB83 /* Geometry.cpp */ = {isa = PBXFileReference; fileEncoding = 4; lastKnownFileType = sourcecode.cpp.cpp; path = Geometry.cpp; sourceTree = "<group>"; };
		4C5539FD16810A3D00C6EB83 /* Geometry.h */ = {isa = PBXFileReference; fileEncoding = 4; lastKnownFileType = sourcecode.c.h; path = Geometry.h; sourceTree = "<group>"; };
		4C5539FE16810A3D00C6EB83 /* GLUtilities.h */ = {isa = PBXFileReference; fileEncoding = 4; lastKnownFileType = sourcecode.c.h; path = GLUtilities.h; sourceTree = "<group>"; };
		4C5539FF16810A3D00C6EB83 /* GraphicsAPIType.h */ = {isa = PBXFileReference; fileEncoding = 4; lastKnownFileType = sourcecode.c.h; path = GraphicsAPIType.h; sourceTree = "<group>"; };
		4C553A0016810A3D00C6EB83 /* GraphicsInterface.cpp */ = {isa = PBXFileReference; fileEncoding = 4; lastKnownFileType = sourcecode.cpp.cpp; path = GraphicsInterface.cpp; sourceTree = "<group>"; };
		4C553A0116810A3D00C6EB83 /* GraphicsInterface.h */ = {isa = PBXFileReference; fileEncoding = 4; lastKnownFileType = sourcecode.c.h; path = GraphicsInterface.h; sourceTree = "<group>"; };
		4C553A0316810A3D00C6EB83 /* HeightMap.cpp */ = {isa = PBXFileReference; fileEncoding = 4; lastKnownFileType = sourcecode.cpp.cpp; path = HeightMap.cpp; sourceTree = "<group>"; };
		4C553A0416810A3D00C6EB83 /* HeightMap.h */ = {isa = PBXFileReference; fileEncoding = 4; lastKnownFileType = sourcecode.c.h; path = HeightMap.h; sourceTree = "<group>"; };
		4C553A0516810A3D00C6EB83 /* IDeferredLightingPass.h */ = {isa = PBXFileReference; fileEncoding = 4; lastKnownFileType = sourcecode.c.h; path = IDeferredLightingPass.h; sourceTree = "<group>"; };
		4C553A0616810A3D00C6EB83 /* IDeferredPass.h */ = {isa = PBXFileReference; fileEncoding = 4; lastKnownFileType = sourcecode.c.h; path = IDeferredPass.h; sourceTree = "<group>"; };
		4C553A0716810A3D00C6EB83 /* IDeferredPostProcessingPass.h */ = {isa = PBXFileReference; fileEncoding = 4; lastKnownFileType = sourcecode.c.h; path = IDeferredPostProcessingPass.h; sourceTree = "<group>"; };
		4C553A0816810A3D00C6EB83 /* IDeferredRenderStage.h */ = {isa = PBXFileReference; fileEncoding = 4; lastKnownFileType = sourcecode.c.h; path = IDeferredRenderStage.h; sourceTree = "<group>"; };
		4C553A0916810A3D00C6EB83 /* IDeferredRenderTargetContainer.h */ = {isa = PBXFileReference; fileEncoding = 4; lastKnownFileType = sourcecode.c.h; path = IDeferredRenderTargetContainer.h; sourceTree = "<group>"; };
		4C553A0A16810A3D00C6EB83 /* IEffect.cpp */ = {isa = PBXFileReference; fileEncoding = 4; lastKnownFileType = sourcecode.cpp.cpp; path = IEffect.cpp; sourceTree = "<group>"; };
		4C553A0B16810A3D00C6EB83 /* IEffect.h */ = {isa = PBXFileReference; fileEncoding = 4; lastKnownFileType = sourcecode.c.h; path = IEffect.h; sourceTree = "<group>"; };
		4C553A0C16810A3D00C6EB83 /* IGraphicsInterface.cpp */ = {isa = PBXFileReference; fileEncoding = 4; lastKnownFileType = sourcecode.cpp.cpp; path = IGraphicsInterface.cpp; sourceTree = "<group>"; };
		4C553A0D16810A3D00C6EB83 /* IGraphicsInterface.h */ = {isa = PBXFileReference; fileEncoding = 4; lastKnownFileType = sourcecode.c.h; path = IGraphicsInterface.h; sourceTree = "<group>"; };
		4C553A0E16810A3D00C6EB83 /* IntegerMaterialParameter.h */ = {isa = PBXFileReference; fileEncoding = 4; lastKnownFileType = sourcecode.c.h; path = IntegerMaterialParameter.h; sourceTree = "<group>"; };
		4C553A0F16810A3D00C6EB83 /* IViewer.h */ = {isa = PBXFileReference; fileEncoding = 4; lastKnownFileType = sourcecode.c.h; path = IViewer.h; sourceTree = "<group>"; };
		4C553A1016810A3D00C6EB83 /* Label.cpp */ = {isa = PBXFileReference; fileEncoding = 4; lastKnownFileType = sourcecode.cpp.cpp; path = Label.cpp; sourceTree = "<group>"; };
		4C553A1116810A3D00C6EB83 /* Label.h */ = {isa = PBXFileReference; fileEncoding = 4; lastKnownFileType = sourcecode.c.h; path = Label.h; sourceTree = "<group>"; };
		4C553A1216810A3D00C6EB83 /* Light.cpp */ = {isa = PBXFileReference; fileEncoding = 4; lastKnownFileType = sourcecode.cpp.cpp; path = Light.cpp; sourceTree = "<group>"; };
		4C553A1316810A3D00C6EB83 /* Light.h */ = {isa = PBXFileReference; fileEncoding = 4; lastKnownFileType = sourcecode.c.h; path = Light.h; sourceTree = "<group>"; };
		4C553A1416810A3D00C6EB83 /* Light.inl */ = {isa = PBXFileReference; fileEncoding = 4; lastKnownFileType = text; path = Light.inl; sourceTree = "<group>"; };
		4C553A1516810A3D00C6EB83 /* Material.cpp */ = {isa = PBXFileReference; fileEncoding = 4; lastKnownFileType = sourcecode.cpp.cpp; path = Material.cpp; sourceTree = "<group>"; };
		4C553A1616810A3D00C6EB83 /* Material.h */ = {isa = PBXFileReference; fileEncoding = 4; lastKnownFileType = sourcecode.c.h; path = Material.h; sourceTree = "<group>"; };
		4C553A1716810A3D00C6EB83 /* MaterialParameter.h */ = {isa = PBXFileReference; fileEncoding = 4; lastKnownFileType = sourcecode.c.h; path = MaterialParameter.h; sourceTree = "<group>"; };
		4C553A1816810A3D00C6EB83 /* MaterialResource.h */ = {isa = PBXFileReference; fileEncoding = 4; lastKnownFileType = sourcecode.c.h; path = MaterialResource.h; sourceTree = "<group>"; };
		4C553A1916810A3D00C6EB83 /* Mesh.cpp */ = {isa = PBXFileReference; fileEncoding = 4; lastKnownFileType = sourcecode.cpp.cpp; path = Mesh.cpp; sourceTree = "<group>"; };
		4C553A1A16810A3D00C6EB83 /* Mesh.h */ = {isa = PBXFileReference; fileEncoding = 4; lastKnownFileType = sourcecode.c.h; path = Mesh.h; sourceTree = "<group>"; };
		4C553A1B16810A3D00C6EB83 /* MeshResource.h */ = {isa = PBXFileReference; fileEncoding = 4; lastKnownFileType = sourcecode.c.h; path = MeshResource.h; sourceTree = "<group>"; };
		4C553A1C16810A3D00C6EB83 /* Model.cpp */ = {isa = PBXFileReference; fileEncoding = 4; lastKnownFileType = sourcecode.cpp.cpp; path = Model.cpp; sourceTree = "<group>"; };
		4C553A1D16810A3D00C6EB83 /* Model.h */ = {isa = PBXFileReference; fileEncoding = 4; lastKnownFileType = sourcecode.c.h; path = Model.h; sourceTree = "<group>"; };
		4C553A1E16810A3D00C6EB83 /* OpenGL.h */ = {isa = PBXFileReference; fileEncoding = 4; lastKnownFileType = sourcecode.c.h; path = OpenGL.h; sourceTree = "<group>"; };
		4C553A1F16810A3D00C6EB83 /* OpenGL21GraphicsInterface.cpp */ = {isa = PBXFileReference; fileEncoding = 4; lastKnownFileType = sourcecode.cpp.cpp; path = OpenGL21GraphicsInterface.cpp; sourceTree = "<group>"; };
		4C553A2016810A3D00C6EB83 /* OpenGL21GraphicsInterface.h */ = {isa = PBXFileReference; fileEncoding = 4; lastKnownFileType = sourcecode.c.h; path = OpenGL21GraphicsInterface.h; sourceTree = "<group>"; };
		4C553A2116810A3D00C6EB83 /* OpenGLEffect.h */ = {isa = PBXFileReference; fileEncoding = 4; lastKnownFileType = sourcecode.c.h; path = OpenGLEffect.h; sourceTree = "<group>"; };
		4C553A2216810A3D00C6EB83 /* OpenGLRenderTarget.h */ = {isa = PBXFileReference; fileEncoding = 4; lastKnownFileType = sourcecode.c.h; path = OpenGLRenderTarget.h; sourceTree = "<group>"; };
		4C553A2316810A3D00C6EB83 /* OpenGLShadowMap.h */ = {isa = PBXFileReference; fileEncoding = 4; lastKnownFileType = sourcecode.c.h; path = OpenGLShadowMap.h; sourceTree = "<group>"; };
		4C553A2416810A3D00C6EB83 /* PointLight.cpp */ = {isa = PBXFileReference; fileEncoding = 4; lastKnownFileType = sourcecode.cpp.cpp; path = PointLight.cpp; sourceTree = "<group>"; };
		4C553A2516810A3D00C6EB83 /* PointLight.h */ = {isa = PBXFileReference; fileEncoding = 4; lastKnownFileType = sourcecode.c.h; path = PointLight.h; sourceTree = "<group>"; };
		4C553A2A16810A3D00C6EB83 /* Renderer3dDeferred.cpp */ = {isa = PBXFileReference; fileEncoding = 4; lastKnownFileType = sourcecode.cpp.cpp; path = Renderer3dDeferred.cpp; sourceTree = "<group>"; };
		4C553A2B16810A3D00C6EB83 /* Renderer3dDeferred.h */ = {isa = PBXFileReference; fileEncoding = 4; lastKnownFileType = sourcecode.c.h; path = Renderer3dDeferred.h; sourceTree = "<group>"; };
		4C553A2C16810A3D00C6EB83 /* SceneContext.h */ = {isa = PBXFileReference; fileEncoding = 4; lastKnownFileType = sourcecode.c.h; path = SceneContext.h; sourceTree = "<group>"; };
		4C553A2D16810A3D00C6EB83 /* ShaderSemantics.h */ = {isa = PBXFileReference; fileEncoding = 4; lastKnownFileType = sourcecode.c.h; path = ShaderSemantics.h; sourceTree = "<group>"; };
		4C553A2E16810A3D00C6EB83 /* SkyDome.cpp */ = {isa = PBXFileReference; fileEncoding = 4; lastKnownFileType = sourcecode.cpp.cpp; path = SkyDome.cpp; sourceTree = "<group>"; };
		4C553A2F16810A3D00C6EB83 /* SkyDome.h */ = {isa = PBXFileReference; fileEncoding = 4; lastKnownFileType = sourcecode.c.h; path = SkyDome.h; sourceTree = "<group>"; };
		4C553A3016810A3D00C6EB83 /* SpotLight.cpp */ = {isa = PBXFileReference; fileEncoding = 4; lastKnownFileType = sourcecode.cpp.cpp; path = SpotLight.cpp; sourceTree = "<group>"; };
		4C553A3116810A3D00C6EB83 /* SpotLight.h */ = {isa = PBXFileReference; fileEncoding = 4; lastKnownFileType = sourcecode.c.h; path = SpotLight.h; sourceTree = "<group>"; };
		4C553A3216810A3D00C6EB83 /* Texture.cpp */ = {isa = PBXFileReference; fileEncoding = 4; lastKnownFileType = sourcecode.cpp.cpp; path = Texture.cpp; sourceTree = "<group>"; };
		4C553A3316810A3D00C6EB83 /* Texture.h */ = {isa = PBXFileReference; fileEncoding = 4; lastKnownFileType = sourcecode.c.h; path = Texture.h; sourceTree = "<group>"; };
		4C553A3416810A3D00C6EB83 /* UI.cpp */ = {isa = PBXFileReference; fileEncoding = 4; lastKnownFileType = sourcecode.cpp.cpp; path = UI.cpp; sourceTree = "<group>"; };
		4C553A3516810A3D00C6EB83 /* UI.h */ = {isa = PBXFileReference; fileEncoding = 4; lastKnownFileType = sourcecode.c.h; path = UI.h; sourceTree = "<group>"; };
		4C553A3616810A3D00C6EB83 /* Vector3MaterialParameter.h */ = {isa = PBXFileReference; fileEncoding = 4; lastKnownFileType = sourcecode.c.h; path = Vector3MaterialParameter.h; sourceTree = "<group>"; };
		4C553A3716810A3D00C6EB83 /* VertexDefinition.h */ = {isa = PBXFileReference; fileEncoding = 4; lastKnownFileType = sourcecode.c.h; path = VertexDefinition.h; sourceTree = "<group>"; };
		4C553A3816810A3D00C6EB83 /* VertexFormat.h */ = {isa = PBXFileReference; fileEncoding = 4; lastKnownFileType = sourcecode.c.h; path = VertexFormat.h; sourceTree = "<group>"; };
		4C553A3916810A3D00C6EB83 /* World.h */ = {isa = PBXFileReference; fileEncoding = 4; lastKnownFileType = sourcecode.c.h; path = World.h; sourceTree = "<group>"; };
		4C553A3A16810A3D00C6EB83 /* WorldLoader.cpp */ = {isa = PBXFileReference; fileEncoding = 4; lastKnownFileType = sourcecode.cpp.cpp; path = WorldLoader.cpp; sourceTree = "<group>"; };
		4C553A3B16810A3D00C6EB83 /* WorldLoader.h */ = {isa = PBXFileReference; fileEncoding = 4; lastKnownFileType = sourcecode.c.h; path = WorldLoader.h; sourceTree = "<group>"; };
		4C553A7116810AA000C6EB83 /* CharFntLineParser.cpp */ = {isa = PBXFileReference; fileEncoding = 4; lastKnownFileType = sourcecode.cpp.cpp; path = CharFntLineParser.cpp; sourceTree = "<group>"; };
		4C553A7216810AA000C6EB83 /* CharFntLineParser.h */ = {isa = PBXFileReference; fileEncoding = 4; lastKnownFileType = sourcecode.c.h; path = CharFntLineParser.h; sourceTree = "<group>"; };
		4C553A7316810AA000C6EB83 /* dds.h */ = {isa = PBXFileReference; fileEncoding = 4; lastKnownFileType = sourcecode.c.h; path = dds.h; sourceTree = "<group>"; };
		4C553A7416810AA000C6EB83 /* DDSImage.cpp */ = {isa = PBXFileReference; fileEncoding = 4; lastKnownFileType = sourcecode.cpp.cpp; path = DDSImage.cpp; sourceTree = "<group>"; };
		4C553A7516810AA000C6EB83 /* DDSImage.h */ = {isa = PBXFileReference; fileEncoding = 4; lastKnownFileType = sourcecode.c.h; path = DDSImage.h; sourceTree = "<group>"; };
		4C553A7616810AA000C6EB83 /* DDSMipLevel.h */ = {isa = PBXFileReference; fileEncoding = 4; lastKnownFileType = sourcecode.c.h; path = DDSMipLevel.h; sourceTree = "<group>"; };
		4C553A7716810AA000C6EB83 /* Endian.cpp */ = {isa = PBXFileReference; fileEncoding = 4; lastKnownFileType = sourcecode.cpp.cpp; path = Endian.cpp; sourceTree = "<group>"; };
		4C553A7816810AA000C6EB83 /* Endian.h */ = {isa = PBXFileReference; fileEncoding = 4; lastKnownFileType = sourcecode.c.h; path = Endian.h; sourceTree = "<group>"; };
		4C553A7916810AA000C6EB83 /* File.cpp */ = {isa = PBXFileReference; fileEncoding = 4; lastKnownFileType = sourcecode.cpp.cpp; path = File.cpp; sourceTree = "<group>"; };
		4C553A7A16810AA000C6EB83 /* File.h */ = {isa = PBXFileReference; fileEncoding = 4; lastKnownFileType = sourcecode.c.h; path = File.h; sourceTree = "<group>"; };
		4C553A7B16810AA000C6EB83 /* FntFileParser.cpp */ = {isa = PBXFileReference; fileEncoding = 4; lastKnownFileType = sourcecode.cpp.cpp; path = FntFileParser.cpp; sourceTree = "<group>"; };
		4C553A7C16810AA000C6EB83 /* FntFileParser.h */ = {isa = PBXFileReference; fileEncoding = 4; lastKnownFileType = sourcecode.c.h; path = FntFileParser.h; sourceTree = "<group>"; };
		4C553A7D16810AA000C6EB83 /* ICharFntTokenParser.h */ = {isa = PBXFileReference; fileEncoding = 4; lastKnownFileType = sourcecode.c.h; path = ICharFntTokenParser.h; sourceTree = "<group>"; };
		4C553A7E16810AA000C6EB83 /* IFntLineParser.h */ = {isa = PBXFileReference; fileEncoding = 4; lastKnownFileType = sourcecode.c.h; path = IFntLineParser.h; sourceTree = "<group>"; };
		4C553A7F16810AA000C6EB83 /* Image.cpp */ = {isa = PBXFileReference; fileEncoding = 4; lastKnownFileType = sourcecode.cpp.cpp; path = Image.cpp; sourceTree = "<group>"; };
		4C553A8016810AA000C6EB83 /* Image.h */ = {isa = PBXFileReference; fileEncoding = 4; lastKnownFileType = sourcecode.c.h; path = Image.h; sourceTree = "<group>"; };
		4C553A8116810AA000C6EB83 /* Log.cpp */ = {isa = PBXFileReference; fileEncoding = 4; lastKnownFileType = sourcecode.cpp.cpp; path = Log.cpp; sourceTree = "<group>"; };
		4C553A8216810AA000C6EB83 /* Log.h */ = {isa = PBXFileReference; fileEncoding = 4; lastKnownFileType = sourcecode.c.h; path = Log.h; sourceTree = "<group>"; };
		4C553A8416810AA000C6EB83 /* Path.h */ = {isa = PBXFileReference; fileEncoding = 4; lastKnownFileType = sourcecode.c.h; path = Path.h; sourceTree = "<group>"; };
		4C553A8516810AA000C6EB83 /* Path.mm */ = {isa = PBXFileReference; fileEncoding = 4; lastKnownFileType = sourcecode.cpp.objcpp; path = Path.mm; sourceTree = "<group>"; };
		4C553A8F16810AE700C6EB83 /* Angles.cpp */ = {isa = PBXFileReference; fileEncoding = 4; lastKnownFileType = sourcecode.cpp.cpp; path = Angles.cpp; sourceTree = "<group>"; };
		4C553A9016810AE700C6EB83 /* Angles.h */ = {isa = PBXFileReference; fileEncoding = 4; lastKnownFileType = sourcecode.c.h; path = Angles.h; sourceTree = "<group>"; };
		4C553A9116810AE700C6EB83 /* Frustum.cpp */ = {isa = PBXFileReference; fileEncoding = 4; lastKnownFileType = sourcecode.cpp.cpp; path = Frustum.cpp; sourceTree = "<group>"; };
		4C553A9216810AE700C6EB83 /* Frustum.h */ = {isa = PBXFileReference; fileEncoding = 4; lastKnownFileType = sourcecode.c.h; path = Frustum.h; sourceTree = "<group>"; };
		4C553A9316810AE700C6EB83 /* Interpolation.cpp */ = {isa = PBXFileReference; fileEncoding = 4; lastKnownFileType = sourcecode.cpp.cpp; path = Interpolation.cpp; sourceTree = "<group>"; };
		4C553A9416810AE700C6EB83 /* Interpolation.h */ = {isa = PBXFileReference; fileEncoding = 4; lastKnownFileType = sourcecode.c.h; path = Interpolation.h; sourceTree = "<group>"; };
		4C553A9516810AE700C6EB83 /* Matrix3x3.cpp */ = {isa = PBXFileReference; fileEncoding = 4; lastKnownFileType = sourcecode.cpp.cpp; path = Matrix3x3.cpp; sourceTree = "<group>"; };
		4C553A9616810AE700C6EB83 /* Matrix3x3.h */ = {isa = PBXFileReference; fileEncoding = 4; lastKnownFileType = sourcecode.c.h; path = Matrix3x3.h; sourceTree = "<group>"; };
		4C553A9716810AE700C6EB83 /* Matrix4x4.cpp */ = {isa = PBXFileReference; fileEncoding = 4; lastKnownFileType = sourcecode.cpp.cpp; path = Matrix4x4.cpp; sourceTree = "<group>"; };
		4C553A9816810AE700C6EB83 /* Matrix4x4.cpp.old */ = {isa = PBXFileReference; fileEncoding = 4; lastKnownFileType = text; path = Matrix4x4.cpp.old; sourceTree = "<group>"; };
		4C553A9916810AE700C6EB83 /* Matrix4x4.h */ = {isa = PBXFileReference; fileEncoding = 4; lastKnownFileType = sourcecode.c.h; path = Matrix4x4.h; sourceTree = "<group>"; };
		4C553A9A16810AE700C6EB83 /* Plane.cpp */ = {isa = PBXFileReference; fileEncoding = 4; lastKnownFileType = sourcecode.cpp.cpp; path = Plane.cpp; sourceTree = "<group>"; };
		4C553A9B16810AE700C6EB83 /* Plane.h */ = {isa = PBXFileReference; fileEncoding = 4; lastKnownFileType = sourcecode.c.h; path = Plane.h; sourceTree = "<group>"; };
		4C553A9C16810AE700C6EB83 /* Point.h */ = {isa = PBXFileReference; fileEncoding = 4; lastKnownFileType = sourcecode.c.h; path = Point.h; sourceTree = "<group>"; };
		4C553A9D16810AE700C6EB83 /* Random.cpp */ = {isa = PBXFileReference; fileEncoding = 4; lastKnownFileType = sourcecode.cpp.cpp; path = Random.cpp; sourceTree = "<group>"; };
		4C553A9E16810AE700C6EB83 /* Random.h */ = {isa = PBXFileReference; fileEncoding = 4; lastKnownFileType = sourcecode.c.h; path = Random.h; sourceTree = "<group>"; };
		4C553A9F16810AE700C6EB83 /* Trigonometry.h */ = {isa = PBXFileReference; fileEncoding = 4; lastKnownFileType = sourcecode.c.h; path = Trigonometry.h; sourceTree = "<group>"; };
		4C553AA016810AE700C6EB83 /* Vector2.cpp */ = {isa = PBXFileReference; fileEncoding = 4; lastKnownFileType = sourcecode.cpp.cpp; path = Vector2.cpp; sourceTree = "<group>"; };
		4C553AA116810AE700C6EB83 /* Vector2.h */ = {isa = PBXFileReference; fileEncoding = 4; lastKnownFileType = sourcecode.c.h; path = Vector2.h; sourceTree = "<group>"; };
		4C553AA216810AE700C6EB83 /* Vector3.cpp */ = {isa = PBXFileReference; fileEncoding = 4; lastKnownFileType = sourcecode.cpp.cpp; path = Vector3.cpp; sourceTree = "<group>"; };
		4C553AA316810AE700C6EB83 /* Vector3.h */ = {isa = PBXFileReference; fileEncoding = 4; lastKnownFileType = sourcecode.c.h; path = Vector3.h; sourceTree = "<group>"; };
		4C553AA416810AE700C6EB83 /* Vector4.cpp */ = {isa = PBXFileReference; fileEncoding = 4; lastKnownFileType = sourcecode.cpp.cpp; path = Vector4.cpp; sourceTree = "<group>"; };
		4C553AA516810AE700C6EB83 /* Vector4.h */ = {isa = PBXFileReference; fileEncoding = 4; lastKnownFileType = sourcecode.c.h; path = Vector4.h; sourceTree = "<group>"; };
		4C553AB116810B4000C6EB83 /* OpenGLEffect.cpp */ = {isa = PBXFileReference; fileEncoding = 4; lastKnownFileType = sourcecode.cpp.cpp; path = OpenGLEffect.cpp; sourceTree = "<group>"; };
		4C6783671436F0F500F39B80 /* OpenGL.framework */ = {isa = PBXFileReference; lastKnownFileType = wrapper.framework; name = OpenGL.framework; path = System/Library/Frameworks/OpenGL.framework; sourceTree = SDKROOT; };
		4C6CBA671611138600D4A7C7 /* Mouse.h */ = {isa = PBXFileReference; lastKnownFileType = sourcecode.c.h; name = Mouse.h; path = input/Mouse.h; sourceTree = "<group>"; };
		4C6CBA68161113E600D4A7C7 /* Mouse.cpp */ = {isa = PBXFileReference; fileEncoding = 4; lastKnownFileType = sourcecode.cpp.cpp; name = Mouse.cpp; path = input/Mouse.cpp; sourceTree = "<group>"; };
		4C8E100614F03D450095F390 /* QuartzCore.framework */ = {isa = PBXFileReference; lastKnownFileType = wrapper.framework; name = QuartzCore.framework; path = System/Library/Frameworks/QuartzCore.framework; sourceTree = SDKROOT; };
		4C9412991438203800D9357E /* ApplicationServices.framework */ = {isa = PBXFileReference; lastKnownFileType = wrapper.framework; name = ApplicationServices.framework; path = System/Library/Frameworks/ApplicationServices.framework; sourceTree = SDKROOT; };
		4C96E81316184532000D227F /* elements.inl */ = {isa = PBXFileReference; fileEncoding = 4; lastKnownFileType = text; path = elements.inl; sourceTree = "<group>"; };
		4C96E81416184532000D227F /* reader.inl */ = {isa = PBXFileReference; explicitFileType = sourcecode.cpp.h; fileEncoding = 4; path = reader.inl; sourceTree = "<group>"; };
		4C96E81516184532000D227F /* writer.inl */ = {isa = PBXFileReference; fileEncoding = 4; lastKnownFileType = text; path = writer.inl; sourceTree = "<group>"; };
		4CB28510144699D300A26530 /* OpenGL.framework */ = {isa = PBXFileReference; lastKnownFileType = wrapper.framework; name = OpenGL.framework; path = System/Library/Frameworks/OpenGL.framework; sourceTree = SDKROOT; };
		4CB8D30E1436F03A0079949A /* Shadows.app */ = {isa = PBXFileReference; explicitFileType = wrapper.application; includeInIndex = 0; path = Shadows.app; sourceTree = BUILT_PRODUCTS_DIR; };
		4CB8D3121436F03A0079949A /* Cocoa.framework */ = {isa = PBXFileReference; lastKnownFileType = wrapper.framework; name = Cocoa.framework; path = System/Library/Frameworks/Cocoa.framework; sourceTree = SDKROOT; };
		4CB8D3151436F03A0079949A /* AppKit.framework */ = {isa = PBXFileReference; lastKnownFileType = wrapper.framework; name = AppKit.framework; path = System/Library/Frameworks/AppKit.framework; sourceTree = SDKROOT; };
		4CB8D3161436F03A0079949A /* CoreData.framework */ = {isa = PBXFileReference; lastKnownFileType = wrapper.framework; name = CoreData.framework; path = System/Library/Frameworks/CoreData.framework; sourceTree = SDKROOT; };
		4CB8D3171436F03A0079949A /* Foundation.framework */ = {isa = PBXFileReference; lastKnownFileType = wrapper.framework; name = Foundation.framework; path = System/Library/Frameworks/Foundation.framework; sourceTree = SDKROOT; };
		4CB8D32F1436F03A0079949A /* ShadowsTests.octest */ = {isa = PBXFileReference; explicitFileType = wrapper.cfbundle; includeInIndex = 0; path = ShadowsTests.octest; sourceTree = BUILT_PRODUCTS_DIR; };
		4CB8D3301436F03A0079949A /* SenTestingKit.framework */ = {isa = PBXFileReference; lastKnownFileType = wrapper.framework; name = SenTestingKit.framework; path = Library/Frameworks/SenTestingKit.framework; sourceTree = DEVELOPER_DIR; };
		4CC9D0AD154C379E00E0EEBB /* elements.h */ = {isa = PBXFileReference; fileEncoding = 4; lastKnownFileType = sourcecode.c.h; path = elements.h; sourceTree = "<group>"; };
		4CC9D0AF154C379E00E0EEBB /* reader.h */ = {isa = PBXFileReference; fileEncoding = 4; lastKnownFileType = sourcecode.c.h; path = reader.h; sourceTree = "<group>"; };
		4CC9D0B1154C379E00E0EEBB /* visitor.h */ = {isa = PBXFileReference; fileEncoding = 4; lastKnownFileType = sourcecode.c.h; path = visitor.h; sourceTree = "<group>"; };
		4CC9D0B2154C379E00E0EEBB /* writer.h */ = {isa = PBXFileReference; fileEncoding = 4; lastKnownFileType = sourcecode.c.h; path = writer.h; sourceTree = "<group>"; };
		4CD90F901611037100D5F1B3 /* BinaryModelDeserializer.cpp */ = {isa = PBXFileReference; fileEncoding = 4; lastKnownFileType = sourcecode.cpp.cpp; name = BinaryModelDeserializer.cpp; path = serialization/BinaryModelDeserializer.cpp; sourceTree = "<group>"; };
		4CD90F911611037100D5F1B3 /* BinaryModelDeserializer.h */ = {isa = PBXFileReference; fileEncoding = 4; lastKnownFileType = sourcecode.c.h; name = BinaryModelDeserializer.h; path = serialization/BinaryModelDeserializer.h; sourceTree = "<group>"; };
		4CD90F971611052000D5F1B3 /* IPad.h */ = {isa = PBXFileReference; lastKnownFileType = sourcecode.c.h; name = IPad.h; path = input/IPad.h; sourceTree = "<group>"; };
		4CD90F981611058900D5F1B3 /* Pad.h */ = {isa = PBXFileReference; lastKnownFileType = sourcecode.c.h; name = Pad.h; path = input/Pad.h; sourceTree = "<group>"; };
		4CD90F9C161105BC00D5F1B3 /* Pad.cpp */ = {isa = PBXFileReference; fileEncoding = 4; lastKnownFileType = sourcecode.cpp.cpp; name = Pad.cpp; path = input/Pad.cpp; sourceTree = "<group>"; };
		4CD90F9D161105BC00D5F1B3 /* Pad.h */ = {isa = PBXFileReference; fileEncoding = 4; lastKnownFileType = sourcecode.c.h; name = Pad.h; path = input/Pad.h; sourceTree = "<group>"; };
		4CD90F9F1611082200D5F1B3 /* NullPad.h */ = {isa = PBXFileReference; lastKnownFileType = sourcecode.c.h; name = NullPad.h; path = input/NullPad.h; sourceTree = "<group>"; };
		4CD90FA316110E3000D5F1B3 /* Keyboard.h */ = {isa = PBXFileReference; lastKnownFileType = sourcecode.c.h; name = Keyboard.h; path = input/Keyboard.h; sourceTree = "<group>"; };
		4CD90FA416110E7600D5F1B3 /* Keyboard.cpp */ = {isa = PBXFileReference; fileEncoding = 4; lastKnownFileType = sourcecode.cpp.cpp; name = Keyboard.cpp; path = input/Keyboard.cpp; sourceTree = "<group>"; };
		4CD90FA616110F5400D5F1B3 /* IKeyboard.h */ = {isa = PBXFileReference; lastKnownFileType = sourcecode.c.h; name = IKeyboard.h; path = input/IKeyboard.h; sourceTree = "<group>"; };
		4CD9C607155E962C003AA28A /* maindef.h */ = {isa = PBXFileReference; fileEncoding = 4; lastKnownFileType = sourcecode.c.h; path = maindef.h; sourceTree = "<group>"; };
		4CD9C608155E962C003AA28A /* PlatformDefs.h */ = {isa = PBXFileReference; fileEncoding = 4; lastKnownFileType = sourcecode.c.h; path = PlatformDefs.h; sourceTree = "<group>"; };
/* End PBXFileReference section */

/* Begin PBXFrameworksBuildPhase section */
		4CB8D30B1436F03A0079949A /* Frameworks */ = {
			isa = PBXFrameworksBuildPhase;
			buildActionMask = 2147483647;
			files = (
				4C8E100714F03D450095F390 /* QuartzCore.framework in Frameworks */,
				4C372FE814E47D8900FBAF6B /* libz.dylib in Frameworks */,
				4CB28511144699D300A26530 /* OpenGL.framework in Frameworks */,
				4C94129A1438203800D9357E /* ApplicationServices.framework in Frameworks */,
				4CB8D3131436F03A0079949A /* Cocoa.framework in Frameworks */,
				4C1A6ABC1612562300E4F6A1 /* Cg.framework in Frameworks */,
			);
			runOnlyForDeploymentPostprocessing = 0;
		};
		4CB8D32B1436F03A0079949A /* Frameworks */ = {
			isa = PBXFrameworksBuildPhase;
			buildActionMask = 2147483647;
			files = (
				4CB8D3311436F03A0079949A /* SenTestingKit.framework in Frameworks */,
				4CB8D3321436F03A0079949A /* Cocoa.framework in Frameworks */,
			);
			runOnlyForDeploymentPostprocessing = 0;
		};
/* End PBXFrameworksBuildPhase section */

/* Begin PBXGroup section */
		4C4D2BFC155E50CB005EE885 /* Supporting Files */ = {
			isa = PBXGroup;
			children = (
				4C4D2BFD155E50CB005EE885 /* Credits.rtf */,
				4C4D2BFF155E50CB005EE885 /* InfoPlist.strings */,
				4C4D2C01155E50CB005EE885 /* MainMenu.xib */,
			);
			path = "Supporting Files";
			sourceTree = "<group>";
		};
		4C5539A71681098C00C6EB83 /* services */ = {
			isa = PBXGroup;
			children = (
				4C5539A81681099600C6EB83 /* IRenderChannelInfoService.h */,
			);
			name = services;
			sourceTree = "<group>";
		};
		4C5539AC168109FE00C6EB83 /* ui */ = {
			isa = PBXGroup;
			children = (
				4C5539AD16810A0500C6EB83 /* FPSStats.cpp */,
				4C5539AE16810A0500C6EB83 /* FPSStats.h */,
				4C5539AF16810A0500C6EB83 /* RenderChannelInfo.cpp */,
				4C5539B016810A0500C6EB83 /* RenderChannelInfo.h */,
			);
			name = ui;
			sourceTree = "<group>";
		};
		4C6CBA631611132C00D4A7C7 /* pad */ = {
			isa = PBXGroup;
			children = (
				4CD90F9C161105BC00D5F1B3 /* Pad.cpp */,
				4CD90F9D161105BC00D5F1B3 /* Pad.h */,
				4CD90F971611052000D5F1B3 /* IPad.h */,
				4CD90F981611058900D5F1B3 /* Pad.h */,
				4CD90F9F1611082200D5F1B3 /* NullPad.h */,
			);
			name = pad;
			sourceTree = "<group>";
		};
		4C6CBA651611133300D4A7C7 /* keyboard */ = {
			isa = PBXGroup;
			children = (
				4C1A6AB8161255C500E4F6A1 /* IKeyboardListener.h */,
				4C1A6AB9161255C500E4F6A1 /* NullKeyboard.h */,
				4CD90FA316110E3000D5F1B3 /* Keyboard.h */,
				4CD90FA416110E7600D5F1B3 /* Keyboard.cpp */,
				4CD90FA616110F5400D5F1B3 /* IKeyboard.h */,
			);
			name = keyboard;
			sourceTree = "<group>";
		};
		4C6CBA661611135C00D4A7C7 /* mouse */ = {
			isa = PBXGroup;
			children = (
				4C6CBA671611138600D4A7C7 /* Mouse.h */,
				4C6CBA68161113E600D4A7C7 /* Mouse.cpp */,
			);
			name = mouse;
			sourceTree = "<group>";
		};
		4C74AB1D154892F40008271B /* src */ = {
			isa = PBXGroup;
			children = (
				4C74AB1E154892F40008271B /* engine */,
				4C74ABB4154892F40008271B /* game */,
			);
			name = src;
			path = ../../src;
			sourceTree = "<group>";
		};
		4C74AB1E154892F40008271B /* engine */ = {
			isa = PBXGroup;
			children = (
				4C5539AC168109FE00C6EB83 /* ui */,
				4C5539A71681098C00C6EB83 /* services */,
				4CD90F93161104CD00D5F1B3 /* input */,
				4CD90F8F1611036200D5F1B3 /* serialization */,
				4C74AB23154892F40008271B /* core */,
				4C74AB3F154892F40008271B /* io */,
				4C74AB47154892F40008271B /* maths */,
				4C74AB57154892F40008271B /* platform */,
				4C74AB5C154892F40008271B /* renderer */,
			);
			path = engine;
			sourceTree = "<group>";
		};
		4C74AB23154892F40008271B /* core */ = {
			isa = PBXGroup;
			children = (
				4C391FFA160FD722005F5775 /* Any.h */,
				4C391FFB160FD722005F5775 /* Clock.cpp */,
				4C391FFC160FD722005F5775 /* Clock.h */,
				4C391FFD160FD722005F5775 /* HashMap.h */,
				4C391FFE160FD722005F5775 /* Size.h */,
				4C391FFF160FD722005F5775 /* Standard.h */,
				4C392000160FD722005F5775 /* StandardNamespace.h */,
				4C392001160FD722005F5775 /* String.cpp */,
				4C392002160FD722005F5775 /* String.h */,
				4C392003160FD722005F5775 /* Types.h */,
			);
			path = core;
			sourceTree = "<group>";
		};
		4C74AB3F154892F40008271B /* io */ = {
			isa = PBXGroup;
			children = (
				4C553A7116810AA000C6EB83 /* CharFntLineParser.cpp */,
				4C553A7216810AA000C6EB83 /* CharFntLineParser.h */,
				4C553A7316810AA000C6EB83 /* dds.h */,
				4C553A7416810AA000C6EB83 /* DDSImage.cpp */,
				4C553A7516810AA000C6EB83 /* DDSImage.h */,
				4C553A7616810AA000C6EB83 /* DDSMipLevel.h */,
				4C553A7716810AA000C6EB83 /* Endian.cpp */,
				4C553A7816810AA000C6EB83 /* Endian.h */,
				4C553A7916810AA000C6EB83 /* File.cpp */,
				4C553A7A16810AA000C6EB83 /* File.h */,
				4C553A7B16810AA000C6EB83 /* FntFileParser.cpp */,
				4C553A7C16810AA000C6EB83 /* FntFileParser.h */,
				4C553A7D16810AA000C6EB83 /* ICharFntTokenParser.h */,
				4C553A7E16810AA000C6EB83 /* IFntLineParser.h */,
				4C553A7F16810AA000C6EB83 /* Image.cpp */,
				4C553A8016810AA000C6EB83 /* Image.h */,
				4C553A8116810AA000C6EB83 /* Log.cpp */,
				4C553A8216810AA000C6EB83 /* Log.h */,
				4C553A8416810AA000C6EB83 /* Path.h */,
				4C553A8516810AA000C6EB83 /* Path.mm */,
			);
			path = io;
			sourceTree = "<group>";
		};
		4C74AB47154892F40008271B /* maths */ = {
			isa = PBXGroup;
			children = (
				4C553A8F16810AE700C6EB83 /* Angles.cpp */,
				4C553A9016810AE700C6EB83 /* Angles.h */,
				4C553A9116810AE700C6EB83 /* Frustum.cpp */,
				4C553A9216810AE700C6EB83 /* Frustum.h */,
				4C553A9316810AE700C6EB83 /* Interpolation.cpp */,
				4C553A9416810AE700C6EB83 /* Interpolation.h */,
				4C553A9516810AE700C6EB83 /* Matrix3x3.cpp */,
				4C553A9616810AE700C6EB83 /* Matrix3x3.h */,
				4C553A9716810AE700C6EB83 /* Matrix4x4.cpp */,
				4C553A9816810AE700C6EB83 /* Matrix4x4.cpp.old */,
				4C553A9916810AE700C6EB83 /* Matrix4x4.h */,
				4C553A9A16810AE700C6EB83 /* Plane.cpp */,
				4C553A9B16810AE700C6EB83 /* Plane.h */,
				4C553A9C16810AE700C6EB83 /* Point.h */,
				4C553A9D16810AE700C6EB83 /* Random.cpp */,
				4C553A9E16810AE700C6EB83 /* Random.h */,
				4C553A9F16810AE700C6EB83 /* Trigonometry.h */,
				4C553AA016810AE700C6EB83 /* Vector2.cpp */,
				4C553AA116810AE700C6EB83 /* Vector2.h */,
				4C553AA216810AE700C6EB83 /* Vector3.cpp */,
				4C553AA316810AE700C6EB83 /* Vector3.h */,
				4C553AA416810AE700C6EB83 /* Vector4.cpp */,
				4C553AA516810AE700C6EB83 /* Vector4.h */,
			);
			path = maths;
			sourceTree = "<group>";
		};
		4C74AB57154892F40008271B /* platform */ = {
			isa = PBXGroup;
			children = (
				4CD9C607155E962C003AA28A /* maindef.h */,
				4CD9C608155E962C003AA28A /* PlatformDefs.h */,
			);
			path = platform;
			sourceTree = "<group>";
		};
		4C74AB5C154892F40008271B /* renderer */ = {
			isa = PBXGroup;
			children = (
				4C5539B616810A3D00C6EB83 /* AverageBlur.cpp */,
				4C5539B716810A3D00C6EB83 /* AverageBlur.h */,
				4C5539B816810A3D00C6EB83 /* Blah.h */,
				4C5539B916810A3D00C6EB83 /* Camera.cpp */,
				4C5539BA16810A3D00C6EB83 /* Camera.h */,
				4C5539C016810A3D00C6EB83 /* Color3.cpp */,
				4C5539C116810A3D00C6EB83 /* Color3.h */,
				4C5539C216810A3D00C6EB83 /* Color4.cpp */,
				4C5539C316810A3D00C6EB83 /* Color4.h */,
				4C5539C416810A3D00C6EB83 /* Control.h */,
				4C5539C916810A3D00C6EB83 /* DeferredClearBuffersPass.cpp */,
				4C5539CA16810A3D00C6EB83 /* DeferredClearBuffersPass.h */,
				4C5539CB16810A3D00C6EB83 /* DeferredCompositionPass.cpp */,
				4C5539CC16810A3D00C6EB83 /* DeferredCompositionPass.h */,
				4C5539CD16810A3D00C6EB83 /* DeferredDirectionalLightsPass.cpp */,
				4C5539CE16810A3D00C6EB83 /* DeferredDirectionalLightsPass.h */,
				4C5539CF16810A3D00C6EB83 /* DeferredFullScreenBlurPass.cpp */,
				4C5539D016810A3D00C6EB83 /* DeferredFullScreenBlurPass.h */,
				4C5539D116810A3D00C6EB83 /* DeferredFXAAPass.cpp */,
				4C5539D216810A3D00C6EB83 /* DeferredFXAAPass.h */,
				4C5539D316810A3D00C6EB83 /* DeferredGeometryPass.cpp */,
				4C5539D416810A3D00C6EB83 /* DeferredGeometryPass.h */,
				4C5539D516810A3D00C6EB83 /* DeferredGodRaysPass.cpp */,
				4C5539D616810A3D00C6EB83 /* DeferredGodRaysPass.h */,
				4C5539D716810A3D00C6EB83 /* DeferredInitRenderStage.cpp */,
				4C5539D816810A3D00C6EB83 /* DeferredInitRenderStage.h */,
				4C5539D916810A3D00C6EB83 /* DeferredLightingRenderStage.cpp */,
				4C5539DA16810A3D00C6EB83 /* DeferredLightingRenderStage.h */,
				4C5539DB16810A3D00C6EB83 /* DeferredPointLightsPass.cpp */,
				4C5539DC16810A3D00C6EB83 /* DeferredPointLightsPass.h */,
				4C5539DD16810A3D00C6EB83 /* DeferredPostProcessingStage.cpp */,
				4C5539DE16810A3D00C6EB83 /* DeferredPostProcessingStage.h */,
				4C5539DF16810A3D00C6EB83 /* DeferredPresentStage.cpp */,
				4C5539E016810A3D00C6EB83 /* DeferredPresentStage.h */,
				4C5539E116810A3D00C6EB83 /* DeferredRenderTarget.h */,
				4C5539E216810A3D00C6EB83 /* DeferredShadowPass.cpp */,
				4C5539E316810A3D00C6EB83 /* DeferredShadowPass.h */,
				4C5539E416810A3D00C6EB83 /* DeferredSkyBoxPass.cpp */,
				4C5539E516810A3D00C6EB83 /* DeferredSkyBoxPass.h */,
				4C5539E616810A3D00C6EB83 /* DeferredSkyRenderStage.cpp */,
				4C5539E716810A3D00C6EB83 /* DeferredSkyRenderStage.h */,
				4C5539E816810A3D00C6EB83 /* DeferredSpotLightsPass.cpp */,
				4C5539E916810A3D00C6EB83 /* DeferredSpotLightsPass.h */,
				4C5539EA16810A3D00C6EB83 /* DeferredSSAOPass.cpp */,
				4C5539EB16810A3D00C6EB83 /* DeferredSSAOPass.h */,
				4C5539EE16810A3D00C6EB83 /* DirectionalLight.cpp */,
				4C5539EF16810A3D00C6EB83 /* DirectionalLight.h */,
				4C5539F016810A3D00C6EB83 /* DirectXTexture.h */,
				4C5539F116810A3D00C6EB83 /* DirectXVertexDataFormatter.cpp */,
				4C5539F216810A3D00C6EB83 /* DirectxVertexDataFormatter.h */,
				4C5539F316810A3D00C6EB83 /* EffectCache.cpp */,
				4C5539F416810A3D00C6EB83 /* EffectCache.h */,
				4C5539F516810A3D00C6EB83 /* FloatMaterialParameter.h */,
				4C5539F616810A3D00C6EB83 /* FogTypes.h */,
				4C5539F716810A3D00C6EB83 /* Font.cpp */,
				4C5539F816810A3D00C6EB83 /* Font.h */,
				4C5539F916810A3D00C6EB83 /* FontCharacter.h */,
				4C5539FA16810A3D00C6EB83 /* GaussianBlur.cpp */,
				4C5539FB16810A3D00C6EB83 /* GaussianBlur.h */,
				4C5539FC16810A3D00C6EB83 /* Geometry.cpp */,
				4C5539FD16810A3D00C6EB83 /* Geometry.h */,
				4C5539FE16810A3D00C6EB83 /* GLUtilities.h */,
				4C5539FF16810A3D00C6EB83 /* GraphicsAPIType.h */,
				4C553A0016810A3D00C6EB83 /* GraphicsInterface.cpp */,
				4C553A0116810A3D00C6EB83 /* GraphicsInterface.h */,
				4C553A0316810A3D00C6EB83 /* HeightMap.cpp */,
				4C553A0416810A3D00C6EB83 /* HeightMap.h */,
				4C553A0516810A3D00C6EB83 /* IDeferredLightingPass.h */,
				4C553A0616810A3D00C6EB83 /* IDeferredPass.h */,
				4C553A0716810A3D00C6EB83 /* IDeferredPostProcessingPass.h */,
				4C553A0816810A3D00C6EB83 /* IDeferredRenderStage.h */,
				4C553A0916810A3D00C6EB83 /* IDeferredRenderTargetContainer.h */,
				4C553A0A16810A3D00C6EB83 /* IEffect.cpp */,
				4C553A0B16810A3D00C6EB83 /* IEffect.h */,
				4C553A0C16810A3D00C6EB83 /* IGraphicsInterface.cpp */,
				4C553A0D16810A3D00C6EB83 /* IGraphicsInterface.h */,
				4C553A0E16810A3D00C6EB83 /* IntegerMaterialParameter.h */,
				4C553A0F16810A3D00C6EB83 /* IViewer.h */,
				4C553A1016810A3D00C6EB83 /* Label.cpp */,
				4C553A1116810A3D00C6EB83 /* Label.h */,
				4C553A1216810A3D00C6EB83 /* Light.cpp */,
				4C553A1316810A3D00C6EB83 /* Light.h */,
				4C553A1416810A3D00C6EB83 /* Light.inl */,
				4C553A1516810A3D00C6EB83 /* Material.cpp */,
				4C553A1616810A3D00C6EB83 /* Material.h */,
				4C553A1716810A3D00C6EB83 /* MaterialParameter.h */,
				4C553A1816810A3D00C6EB83 /* MaterialResource.h */,
				4C553A1916810A3D00C6EB83 /* Mesh.cpp */,
				4C553A1A16810A3D00C6EB83 /* Mesh.h */,
				4C553A1B16810A3D00C6EB83 /* MeshResource.h */,
				4C553A1C16810A3D00C6EB83 /* Model.cpp */,
				4C553A1D16810A3D00C6EB83 /* Model.h */,
				4C553A1E16810A3D00C6EB83 /* OpenGL.h */,
				4C553A1F16810A3D00C6EB83 /* OpenGL21GraphicsInterface.cpp */,
				4C553A2016810A3D00C6EB83 /* OpenGL21GraphicsInterface.h */,
				4C553A2116810A3D00C6EB83 /* OpenGLEffect.h */,
				4C553A2216810A3D00C6EB83 /* OpenGLRenderTarget.h */,
				4C553A2316810A3D00C6EB83 /* OpenGLShadowMap.h */,
				4C553A2416810A3D00C6EB83 /* PointLight.cpp */,
				4C553A2516810A3D00C6EB83 /* PointLight.h */,
				4C553A2A16810A3D00C6EB83 /* Renderer3dDeferred.cpp */,
				4C553A2B16810A3D00C6EB83 /* Renderer3dDeferred.h */,
				4C553A2C16810A3D00C6EB83 /* SceneContext.h */,
				4C553A2D16810A3D00C6EB83 /* ShaderSemantics.h */,
				4C553A2E16810A3D00C6EB83 /* SkyDome.cpp */,
				4C553A2F16810A3D00C6EB83 /* SkyDome.h */,
				4C553A3016810A3D00C6EB83 /* SpotLight.cpp */,
				4C553A3116810A3D00C6EB83 /* SpotLight.h */,
				4C553A3216810A3D00C6EB83 /* Texture.cpp */,
				4C553A3316810A3D00C6EB83 /* Texture.h */,
				4C553A3416810A3D00C6EB83 /* UI.cpp */,
				4C553A3516810A3D00C6EB83 /* UI.h */,
				4C553A3616810A3D00C6EB83 /* Vector3MaterialParameter.h */,
				4C553A3716810A3D00C6EB83 /* VertexDefinition.h */,
				4C553A3816810A3D00C6EB83 /* VertexFormat.h */,
				4C553A3916810A3D00C6EB83 /* World.h */,
				4C553A3A16810A3D00C6EB83 /* WorldLoader.cpp */,
				4C553A3B16810A3D00C6EB83 /* WorldLoader.h */,
				4C553AB116810B4000C6EB83 /* OpenGLEffect.cpp */,
			);
			path = renderer;
			sourceTree = "<group>";
		};
		4C74ABB4154892F40008271B /* game */ = {
			isa = PBXGroup;
			children = (
				4C4D2B79155E46E2005EE885 /* App.cpp */,
				4C4D2B7A155E46E2005EE885 /* App.h */,
				4C4D2B7B155E46E2005EE885 /* Game.cpp */,
				4C4D2B7C155E46E2005EE885 /* Game.h */,
				4C4D2B7D155E46E2005EE885 /* main.cpp */,
			);
			path = game;
			sourceTree = "<group>";
		};
		4CB8D3031436F03A0079949A = {
			isa = PBXGroup;
			children = (
				4CC9D0AA154C379100E0EEBB /* libs */,
				4C74AB1D154892F40008271B /* src */,
				4C4D2BFC155E50CB005EE885 /* Supporting Files */,
				4CB8D3111436F03A0079949A /* Frameworks */,
				4CB8D30F1436F03A0079949A /* Products */,
			);
			sourceTree = "<group>";
		};
		4CB8D30F1436F03A0079949A /* Products */ = {
			isa = PBXGroup;
			children = (
				4CB8D30E1436F03A0079949A /* Shadows.app */,
				4CB8D32F1436F03A0079949A /* ShadowsTests.octest */,
			);
			name = Products;
			sourceTree = "<group>";
		};
		4CB8D3111436F03A0079949A /* Frameworks */ = {
			isa = PBXGroup;
			children = (
				4C1A6ABB1612562300E4F6A1 /* Cg.framework */,
				4C8E100614F03D450095F390 /* QuartzCore.framework */,
				4C372FE714E47D8800FBAF6B /* libz.dylib */,
				4CB28510144699D300A26530 /* OpenGL.framework */,
				4C9412991438203800D9357E /* ApplicationServices.framework */,
				4C6783671436F0F500F39B80 /* OpenGL.framework */,
				4CB8D3121436F03A0079949A /* Cocoa.framework */,
				4CB8D3301436F03A0079949A /* SenTestingKit.framework */,
				4CB8D3141436F03A0079949A /* Other Frameworks */,
			);
			name = Frameworks;
			sourceTree = "<group>";
		};
		4CB8D3141436F03A0079949A /* Other Frameworks */ = {
			isa = PBXGroup;
			children = (
				4CB8D3151436F03A0079949A /* AppKit.framework */,
				4CB8D3161436F03A0079949A /* CoreData.framework */,
				4CB8D3171436F03A0079949A /* Foundation.framework */,
			);
			name = "Other Frameworks";
			sourceTree = "<group>";
		};
		4CC9D0AA154C379100E0EEBB /* libs */ = {
			isa = PBXGroup;
			children = (
				4CC9D0AC154C379E00E0EEBB /* json */,
			);
			name = libs;
			sourceTree = "<group>";
		};
		4CC9D0AC154C379E00E0EEBB /* json */ = {
			isa = PBXGroup;
			children = (
				4C96E81316184532000D227F /* elements.inl */,
				4C96E81416184532000D227F /* reader.inl */,
				4C96E81516184532000D227F /* writer.inl */,
				4CC9D0AD154C379E00E0EEBB /* elements.h */,
				4CC9D0AF154C379E00E0EEBB /* reader.h */,
				4CC9D0B1154C379E00E0EEBB /* visitor.h */,
				4CC9D0B2154C379E00E0EEBB /* writer.h */,
			);
			name = json;
			path = ../../libs/json;
			sourceTree = "<group>";
		};
		4CD90F8F1611036200D5F1B3 /* serialization */ = {
			isa = PBXGroup;
			children = (
				4CD90F901611037100D5F1B3 /* BinaryModelDeserializer.cpp */,
				4CD90F911611037100D5F1B3 /* BinaryModelDeserializer.h */,
			);
			name = serialization;
			sourceTree = "<group>";
		};
		4CD90F93161104CD00D5F1B3 /* input */ = {
			isa = PBXGroup;
			children = (
				4C6CBA661611135C00D4A7C7 /* mouse */,
				4C6CBA651611133300D4A7C7 /* keyboard */,
				4C6CBA631611132C00D4A7C7 /* pad */,
			);
			name = input;
			sourceTree = "<group>";
		};
/* End PBXGroup section */

/* Begin PBXNativeTarget section */
		4CB8D30D1436F03A0079949A /* Shadows */ = {
			isa = PBXNativeTarget;
			buildConfigurationList = 4CB8D3411436F03A0079949A /* Build configuration list for PBXNativeTarget "Shadows" */;
			buildPhases = (
				4CB8D30A1436F03A0079949A /* Sources */,
				4CB8D30B1436F03A0079949A /* Frameworks */,
				4CB8D30C1436F03A0079949A /* Resources */,
				4C67836D1437075800F39B80 /* ShellScript */,
			);
			buildRules = (
			);
			dependencies = (
			);
			name = Shadows;
			productName = Shadows;
			productReference = 4CB8D30E1436F03A0079949A /* Shadows.app */;
			productType = "com.apple.product-type.application";
		};
		4CB8D32E1436F03A0079949A /* ShadowsTests */ = {
			isa = PBXNativeTarget;
			buildConfigurationList = 4CB8D3441436F03A0079949A /* Build configuration list for PBXNativeTarget "ShadowsTests" */;
			buildPhases = (
				4CB8D32A1436F03A0079949A /* Sources */,
				4CB8D32B1436F03A0079949A /* Frameworks */,
				4CB8D32C1436F03A0079949A /* Resources */,
				4CB8D32D1436F03A0079949A /* ShellScript */,
			);
			buildRules = (
			);
			dependencies = (
				4CB8D3341436F03A0079949A /* PBXTargetDependency */,
			);
			name = ShadowsTests;
			productName = ShadowsTests;
			productReference = 4CB8D32F1436F03A0079949A /* ShadowsTests.octest */;
			productType = "com.apple.product-type.bundle";
		};
/* End PBXNativeTarget section */

/* Begin PBXProject section */
		4CB8D3051436F03A0079949A /* Project object */ = {
			isa = PBXProject;
			attributes = {
				LastUpgradeCheck = 0450;
			};
			buildConfigurationList = 4CB8D3081436F03A0079949A /* Build configuration list for PBXProject "Shadows" */;
			compatibilityVersion = "Xcode 3.2";
			developmentRegion = English;
			hasScannedForEncodings = 0;
			knownRegions = (
				en,
			);
			mainGroup = 4CB8D3031436F03A0079949A;
			productRefGroup = 4CB8D30F1436F03A0079949A /* Products */;
			projectDirPath = "";
			projectRoot = "";
			targets = (
				4CB8D30D1436F03A0079949A /* Shadows */,
				4CB8D32E1436F03A0079949A /* ShadowsTests */,
			);
		};
/* End PBXProject section */

/* Begin PBXResourcesBuildPhase section */
		4CB8D30C1436F03A0079949A /* Resources */ = {
			isa = PBXResourcesBuildPhase;
			buildActionMask = 2147483647;
			files = (
				4C4D2C03155E50CB005EE885 /* Credits.rtf in Resources */,
				4C4D2C04155E50CB005EE885 /* InfoPlist.strings in Resources */,
				4C4D2C05155E50CB005EE885 /* MainMenu.xib in Resources */,
				4C96E81616184532000D227F /* elements.inl in Resources */,
				4C96E81716184532000D227F /* reader.inl in Resources */,
				4C96E81816184532000D227F /* writer.inl in Resources */,
				4C553A6316810A3D00C6EB83 /* Light.inl in Resources */,
				4C553AAB16810AE700C6EB83 /* Matrix4x4.cpp.old in Resources */,
			);
			runOnlyForDeploymentPostprocessing = 0;
		};
		4CB8D32C1436F03A0079949A /* Resources */ = {
			isa = PBXResourcesBuildPhase;
			buildActionMask = 2147483647;
			files = (
			);
			runOnlyForDeploymentPostprocessing = 0;
		};
/* End PBXResourcesBuildPhase section */

/* Begin PBXShellScriptBuildPhase section */
		4C67836D1437075800F39B80 /* ShellScript */ = {
			isa = PBXShellScriptBuildPhase;
			buildActionMask = 2147483647;
			files = (
			);
			inputPaths = (
			);
			outputPaths = (
			);
			runOnlyForDeploymentPostprocessing = 0;
			shellPath = /bin/sh;
			shellScript = "#cp -rf ${SOURCE_ROOT}/../../assets/* ${CODESIGNING_FOLDER_PATH}/Contents/Resources";
		};
		4CB8D32D1436F03A0079949A /* ShellScript */ = {
			isa = PBXShellScriptBuildPhase;
			buildActionMask = 2147483647;
			files = (
			);
			inputPaths = (
			);
			outputPaths = (
			);
			runOnlyForDeploymentPostprocessing = 0;
			shellPath = /bin/sh;
			shellScript = "# Run the unit tests in this test bundle.\n\"${SYSTEM_DEVELOPER_DIR}/Tools/RunUnitTests\"\n";
		};
/* End PBXShellScriptBuildPhase section */

/* Begin PBXSourcesBuildPhase section */
		4CB8D30A1436F03A0079949A /* Sources */ = {
			isa = PBXSourcesBuildPhase;
			buildActionMask = 2147483647;
			files = (
				4C4D2B7E155E46E2005EE885 /* App.cpp in Sources */,
				4C4D2B7F155E46E2005EE885 /* Game.cpp in Sources */,
				4C4D2B80155E46E2005EE885 /* main.cpp in Sources */,
				4C392004160FD722005F5775 /* Clock.cpp in Sources */,
				4C392005160FD722005F5775 /* String.cpp in Sources */,
				4CD90F921611037100D5F1B3 /* BinaryModelDeserializer.cpp in Sources */,
				4CD90F9E161105BC00D5F1B3 /* Pad.cpp in Sources */,
				4CD90FA516110E7600D5F1B3 /* Keyboard.cpp in Sources */,
				4C6CBA69161113E600D4A7C7 /* Mouse.cpp in Sources */,
				4C5539B116810A0500C6EB83 /* FPSStats.cpp in Sources */,
				4C5539B216810A0500C6EB83 /* RenderChannelInfo.cpp in Sources */,
				4C553A3C16810A3D00C6EB83 /* AverageBlur.cpp in Sources */,
				4C553A3D16810A3D00C6EB83 /* Camera.cpp in Sources */,
				4C553A4016810A3D00C6EB83 /* Color3.cpp in Sources */,
				4C553A4116810A3D00C6EB83 /* Color4.cpp in Sources */,
				4C553A4416810A3D00C6EB83 /* DeferredClearBuffersPass.cpp in Sources */,
				4C553A4516810A3D00C6EB83 /* DeferredCompositionPass.cpp in Sources */,
				4C553A4616810A3D00C6EB83 /* DeferredDirectionalLightsPass.cpp in Sources */,
				4C553A4716810A3D00C6EB83 /* DeferredFullScreenBlurPass.cpp in Sources */,
				4C553A4816810A3D00C6EB83 /* DeferredFXAAPass.cpp in Sources */,
				4C553A4916810A3D00C6EB83 /* DeferredGeometryPass.cpp in Sources */,
				4C553A4A16810A3D00C6EB83 /* DeferredGodRaysPass.cpp in Sources */,
				4C553A4B16810A3D00C6EB83 /* DeferredInitRenderStage.cpp in Sources */,
				4C553A4C16810A3D00C6EB83 /* DeferredLightingRenderStage.cpp in Sources */,
				4C553A4D16810A3D00C6EB83 /* DeferredPointLightsPass.cpp in Sources */,
				4C553A4E16810A3D00C6EB83 /* DeferredPostProcessingStage.cpp in Sources */,
				4C553A4F16810A3D00C6EB83 /* DeferredPresentStage.cpp in Sources */,
				4C553A5016810A3D00C6EB83 /* DeferredShadowPass.cpp in Sources */,
				4C553A5116810A3D00C6EB83 /* DeferredSkyBoxPass.cpp in Sources */,
				4C553A5216810A3D00C6EB83 /* DeferredSkyRenderStage.cpp in Sources */,
				4C553A5316810A3D00C6EB83 /* DeferredSpotLightsPass.cpp in Sources */,
				4C553A5416810A3D00C6EB83 /* DeferredSSAOPass.cpp in Sources */,
				4C553A5616810A3D00C6EB83 /* DirectionalLight.cpp in Sources */,
				4C553A5716810A3D00C6EB83 /* DirectXVertexDataFormatter.cpp in Sources */,
				4C553A5816810A3D00C6EB83 /* EffectCache.cpp in Sources */,
				4C553A5916810A3D00C6EB83 /* Font.cpp in Sources */,
				4C553A5A16810A3D00C6EB83 /* GaussianBlur.cpp in Sources */,
				4C553A5B16810A3D00C6EB83 /* Geometry.cpp in Sources */,
				4C553A5C16810A3D00C6EB83 /* GraphicsInterface.cpp in Sources */,
				4C553A5E16810A3D00C6EB83 /* HeightMap.cpp in Sources */,
				4C553A5F16810A3D00C6EB83 /* IEffect.cpp in Sources */,
				4C553A6016810A3D00C6EB83 /* IGraphicsInterface.cpp in Sources */,
				4C553A6116810A3D00C6EB83 /* Label.cpp in Sources */,
				4C553A6216810A3D00C6EB83 /* Light.cpp in Sources */,
				4C553A6416810A3D00C6EB83 /* Material.cpp in Sources */,
				4C553A6516810A3D00C6EB83 /* Mesh.cpp in Sources */,
				4C553A6616810A3D00C6EB83 /* Model.cpp in Sources */,
				4C553A6716810A3D00C6EB83 /* OpenGL21GraphicsInterface.cpp in Sources */,
				4C553A6816810A3D00C6EB83 /* PointLight.cpp in Sources */,
				4C553A6B16810A3D00C6EB83 /* Renderer3dDeferred.cpp in Sources */,
				4C553A6C16810A3D00C6EB83 /* SkyDome.cpp in Sources */,
				4C553A6D16810A3D00C6EB83 /* SpotLight.cpp in Sources */,
				4C553A6E16810A3D00C6EB83 /* Texture.cpp in Sources */,
				4C553A6F16810A3D00C6EB83 /* UI.cpp in Sources */,
				4C553A7016810A3D00C6EB83 /* WorldLoader.cpp in Sources */,
				4C553A8616810AA000C6EB83 /* CharFntLineParser.cpp in Sources */,
				4C553A8716810AA000C6EB83 /* DDSImage.cpp in Sources */,
				4C553A8816810AA000C6EB83 /* Endian.cpp in Sources */,
				4C553A8916810AA000C6EB83 /* File.cpp in Sources */,
				4C553A8A16810AA000C6EB83 /* FntFileParser.cpp in Sources */,
				4C553A8B16810AA000C6EB83 /* Image.cpp in Sources */,
				4C553A8C16810AA000C6EB83 /* Log.cpp in Sources */,
				4C553A8E16810AA000C6EB83 /* Path.mm in Sources */,
				4C553AA616810AE700C6EB83 /* Angles.cpp in Sources */,
				4C553AA716810AE700C6EB83 /* Frustum.cpp in Sources */,
				4C553AA816810AE700C6EB83 /* Interpolation.cpp in Sources */,
				4C553AA916810AE700C6EB83 /* Matrix3x3.cpp in Sources */,
				4C553AAA16810AE700C6EB83 /* Matrix4x4.cpp in Sources */,
				4C553AAC16810AE700C6EB83 /* Plane.cpp in Sources */,
				4C553AAD16810AE700C6EB83 /* Random.cpp in Sources */,
				4C553AAE16810AE700C6EB83 /* Vector2.cpp in Sources */,
				4C553AAF16810AE700C6EB83 /* Vector3.cpp in Sources */,
				4C553AB016810AE700C6EB83 /* Vector4.cpp in Sources */,
				4C553AB216810B4000C6EB83 /* OpenGLEffect.cpp in Sources */,
			);
			runOnlyForDeploymentPostprocessing = 0;
		};
		4CB8D32A1436F03A0079949A /* Sources */ = {
			isa = PBXSourcesBuildPhase;
			buildActionMask = 2147483647;
			files = (
			);
			runOnlyForDeploymentPostprocessing = 0;
		};
/* End PBXSourcesBuildPhase section */

/* Begin PBXTargetDependency section */
		4CB8D3341436F03A0079949A /* PBXTargetDependency */ = {
			isa = PBXTargetDependency;
			target = 4CB8D30D1436F03A0079949A /* Shadows */;
			targetProxy = 4CB8D3331436F03A0079949A /* PBXContainerItemProxy */;
		};
/* End PBXTargetDependency section */

/* Begin PBXVariantGroup section */
		4C4D2BFD155E50CB005EE885 /* Credits.rtf */ = {
			isa = PBXVariantGroup;
			children = (
				4C4D2BFE155E50CB005EE885 /* en */,
			);
			name = Credits.rtf;
			sourceTree = "<group>";
		};
		4C4D2BFF155E50CB005EE885 /* InfoPlist.strings */ = {
			isa = PBXVariantGroup;
			children = (
				4C4D2C00155E50CB005EE885 /* en */,
			);
			name = InfoPlist.strings;
			sourceTree = "<group>";
		};
		4C4D2C01155E50CB005EE885 /* MainMenu.xib */ = {
			isa = PBXVariantGroup;
			children = (
				4C4D2C02155E50CB005EE885 /* en */,
			);
			name = MainMenu.xib;
			sourceTree = "<group>";
		};
/* End PBXVariantGroup section */

/* Begin XCBuildConfiguration section */
		4CB8D33F1436F03A0079949A /* Debug */ = {
			isa = XCBuildConfiguration;
			buildSettings = {
				ALWAYS_SEARCH_USER_PATHS = NO;
				ARCHS = "$(ARCHS_STANDARD_32_64_BIT)";
				COPY_PHASE_STRIP = NO;
				GCC_C_LANGUAGE_STANDARD = gnu99;
				GCC_DYNAMIC_NO_PIC = NO;
				GCC_ENABLE_OBJC_EXCEPTIONS = YES;
				GCC_OPTIMIZATION_LEVEL = 0;
				GCC_PREPROCESSOR_DEFINITIONS = (
					"DEBUG=1",
					"$(inherited)",
				);
				GCC_SYMBOLS_PRIVATE_EXTERN = NO;
				GCC_VERSION = com.apple.compilers.llvm.clang.1_0;
				GCC_WARN_64_TO_32_BIT_CONVERSION = YES;
				GCC_WARN_ABOUT_MISSING_PROTOTYPES = YES;
				GCC_WARN_ABOUT_RETURN_TYPE = YES;
				GCC_WARN_UNUSED_VARIABLE = YES;
				MACOSX_DEPLOYMENT_TARGET = 10.7;
				ONLY_ACTIVE_ARCH = YES;
				SDKROOT = macosx;
			};
			name = Debug;
		};
		4CB8D3401436F03A0079949A /* Release */ = {
			isa = XCBuildConfiguration;
			buildSettings = {
				ALWAYS_SEARCH_USER_PATHS = NO;
				ARCHS = "$(ARCHS_STANDARD_32_64_BIT)";
				COPY_PHASE_STRIP = YES;
				DEBUG_INFORMATION_FORMAT = "dwarf-with-dsym";
				GCC_C_LANGUAGE_STANDARD = gnu99;
				GCC_ENABLE_OBJC_EXCEPTIONS = YES;
				GCC_VERSION = com.apple.compilers.llvm.clang.1_0;
				GCC_WARN_64_TO_32_BIT_CONVERSION = YES;
				GCC_WARN_ABOUT_MISSING_PROTOTYPES = YES;
				GCC_WARN_ABOUT_RETURN_TYPE = YES;
				GCC_WARN_UNUSED_VARIABLE = YES;
				MACOSX_DEPLOYMENT_TARGET = 10.7;
				SDKROOT = macosx;
			};
			name = Release;
		};
		4CB8D3421436F03A0079949A /* Debug */ = {
			isa = XCBuildConfiguration;
			buildSettings = {
				ARCHS = "$(ARCHS_STANDARD_32_64_BIT)";
				CLANG_CXX_LANGUAGE_STANDARD = "gnu++0x";
				CLANG_CXX_LIBRARY = "libc++";
				COMBINE_HIDPI_IMAGES = YES;
				FRAMEWORK_SEARCH_PATHS = (
					"$(inherited)",
					"\"$(DEVELOPER_FRAMEWORKS_DIR)\"",
					/Library/Frameworks,
				);
				GCC_C_LANGUAGE_STANDARD = "compiler-default";
				GCC_PRECOMPILE_PREFIX_HEADER = YES;
				GCC_PREFIX_HEADER = "Shadows-Prefix.pch";
				GCC_PREPROCESSOR_DEFINITIONS = (
					"DEBUG=1",
					"$(inherited)",
				);
				GCC_TREAT_WARNINGS_AS_ERRORS = YES;
				GCC_WARN_PEDANTIC = YES;
				HEADER_SEARCH_PATHS = (
					../../libs,
					../../src/engine,
					/Library/Frameworks/Cg.framework/Headers,
				);
				INFOPLIST_FILE = "Shadows-Info.plist";
				LIBRARY_SEARCH_PATHS = "$(inherited)";
				PRODUCT_NAME = "$(TARGET_NAME)";
				WRAPPER_EXTENSION = app;
			};
			name = Debug;
		};
		4CB8D3431436F03A0079949A /* Release */ = {
			isa = XCBuildConfiguration;
			buildSettings = {
				ARCHS = "$(ARCHS_STANDARD_32_64_BIT)";
				CLANG_CXX_LANGUAGE_STANDARD = "gnu++0x";
				CLANG_CXX_LIBRARY = "libc++";
				COMBINE_HIDPI_IMAGES = YES;
				FRAMEWORK_SEARCH_PATHS = (
					"$(inherited)",
					"\"$(DEVELOPER_FRAMEWORKS_DIR)\"",
					/Library/Frameworks,
				);
				GCC_C_LANGUAGE_STANDARD = "compiler-default";
				GCC_PRECOMPILE_PREFIX_HEADER = YES;
				GCC_PREFIX_HEADER = "Shadows-Prefix.pch";
				GCC_TREAT_WARNINGS_AS_ERRORS = YES;
				GCC_WARN_PEDANTIC = YES;
				HEADER_SEARCH_PATHS = (
					../../libs,
					../../src/engine,
					/Library/Frameworks/Cg.framework/Headers,
				);
				INFOPLIST_FILE = "Shadows-Info.plist";
				LIBRARY_SEARCH_PATHS = "$(inherited)";
				ONLY_ACTIVE_ARCH = YES;
				PRODUCT_NAME = "$(TARGET_NAME)";
				WRAPPER_EXTENSION = app;
			};
			name = Release;
		};
		4CB8D3451436F03A0079949A /* Debug */ = {
			isa = XCBuildConfiguration;
			buildSettings = {
				BUNDLE_LOADER = "$(BUILT_PRODUCTS_DIR)/Shadows.app/Contents/MacOS/Shadows";
				CLANG_CXX_LANGUAGE_STANDARD = "gnu++0x";
				CLANG_CXX_LIBRARY = "libc++";
				COMBINE_HIDPI_IMAGES = YES;
				FRAMEWORK_SEARCH_PATHS = "$(DEVELOPER_LIBRARY_DIR)/Frameworks";
				GCC_PRECOMPILE_PREFIX_HEADER = YES;
				GCC_PREFIX_HEADER = "Shadows/Shadows-Prefix.pch";
				INFOPLIST_FILE = "ShadowsTests/ShadowsTests-Info.plist";
				PRODUCT_NAME = "$(TARGET_NAME)";
				TEST_HOST = "$(BUNDLE_LOADER)";
				WRAPPER_EXTENSION = octest;
			};
			name = Debug;
		};
		4CB8D3461436F03A0079949A /* Release */ = {
			isa = XCBuildConfiguration;
			buildSettings = {
				BUNDLE_LOADER = "$(BUILT_PRODUCTS_DIR)/Shadows.app/Contents/MacOS/Shadows";
				CLANG_CXX_LANGUAGE_STANDARD = "gnu++0x";
				CLANG_CXX_LIBRARY = "libc++";
				COMBINE_HIDPI_IMAGES = YES;
				FRAMEWORK_SEARCH_PATHS = "$(DEVELOPER_LIBRARY_DIR)/Frameworks";
				GCC_PRECOMPILE_PREFIX_HEADER = YES;
				GCC_PREFIX_HEADER = "Shadows/Shadows-Prefix.pch";
				INFOPLIST_FILE = "ShadowsTests/ShadowsTests-Info.plist";
				PRODUCT_NAME = "$(TARGET_NAME)";
				TEST_HOST = "$(BUNDLE_LOADER)";
				WRAPPER_EXTENSION = octest;
			};
			name = Release;
		};
/* End XCBuildConfiguration section */

/* Begin XCConfigurationList section */
		4CB8D3081436F03A0079949A /* Build configuration list for PBXProject "Shadows" */ = {
			isa = XCConfigurationList;
			buildConfigurations = (
				4CB8D33F1436F03A0079949A /* Debug */,
				4CB8D3401436F03A0079949A /* Release */,
			);
			defaultConfigurationIsVisible = 0;
			defaultConfigurationName = Release;
		};
		4CB8D3411436F03A0079949A /* Build configuration list for PBXNativeTarget "Shadows" */ = {
			isa = XCConfigurationList;
			buildConfigurations = (
				4CB8D3421436F03A0079949A /* Debug */,
				4CB8D3431436F03A0079949A /* Release */,
			);
			defaultConfigurationIsVisible = 0;
			defaultConfigurationName = Release;
		};
		4CB8D3441436F03A0079949A /* Build configuration list for PBXNativeTarget "ShadowsTests" */ = {
			isa = XCConfigurationList;
			buildConfigurations = (
				4CB8D3451436F03A0079949A /* Debug */,
				4CB8D3461436F03A0079949A /* Release */,
			);
			defaultConfigurationIsVisible = 0;
			defaultConfigurationName = Release;
		};
/* End XCConfigurationList section */
	};
	rootObject = 4CB8D3051436F03A0079949A /* Project object */;
}
